// !$*UTF8*$!
{
	archiveVersion = 1;
	classes = {
	};
	objectVersion = 60;
	objects = {

/* Begin PBXBuildFile section */
		332840252D37A959008732E7 /* TPictureAudioObject.m in Sources */ = {isa = PBXBuildFile; fileRef = 332840242D37A959008732E7 /* TPictureAudioObject.m */; };
		332840282D3906F7008732E7 /* TPictureDetailViewController.m in Sources */ = {isa = PBXBuildFile; fileRef = 332840272D3906F7008732E7 /* TPictureDetailViewController.m */; };
		332840392D39FC7A008732E7 /* Localizable.strings in Resources */ = {isa = PBXBuildFile; fileRef = 332840382D39FC7A008732E7 /* Localizable.strings */; };
		338D6B562D35F5B20092589C /* LGPhotoPickerBrowserPhoto.m in Sources */ = {isa = PBXBuildFile; fileRef = 338D6AE42D35F5B20092589C /* LGPhotoPickerBrowserPhoto.m */; };
		338D6B572D35F5B20092589C /* LGPhotoRect.m in Sources */ = {isa = PBXBuildFile; fileRef = 338D6AE62D35F5B20092589C /* LGPhotoRect.m */; };
		338D6B582D35F5B20092589C /* LGPhotoPickerBrowserViewController.m in Sources */ = {isa = PBXBuildFile; fileRef = 338D6AE92D35F5B20092589C /* LGPhotoPickerBrowserViewController.m */; };
		338D6B592D35F5B20092589C /* LGImagePickerSelectView.m in Sources */ = {isa = PBXBuildFile; fileRef = 338D6AEC2D35F5B20092589C /* LGImagePickerSelectView.m */; };
		338D6B5A2D35F5B20092589C /* LGPhotoPickerBrowserPhotoImageView.m in Sources */ = {isa = PBXBuildFile; fileRef = 338D6AEE2D35F5B20092589C /* LGPhotoPickerBrowserPhotoImageView.m */; };
		338D6B5B2D35F5B20092589C /* LGPhotoPickerBrowserPhotoScrollView.m in Sources */ = {isa = PBXBuildFile; fileRef = 338D6AF02D35F5B20092589C /* LGPhotoPickerBrowserPhotoScrollView.m */; };
		338D6B5C2D35F5B20092589C /* LGPhotoPickerBrowserPhotoView.m in Sources */ = {isa = PBXBuildFile; fileRef = 338D6AF22D35F5B20092589C /* LGPhotoPickerBrowserPhotoView.m */; };
		338D6B5D2D35F5B20092589C /* LGPhotoPickerCustomToolBarView.m in Sources */ = {isa = PBXBuildFile; fileRef = 338D6AF42D35F5B20092589C /* LGPhotoPickerCustomToolBarView.m */; };
		338D6B5E2D35F5B20092589C /* LGPhotoAssets.m in Sources */ = {isa = PBXBuildFile; fileRef = 338D6AF82D35F5B20092589C /* LGPhotoAssets.m */; };
		338D6B5F2D35F5B20092589C /* LGPhotoPickerDatas.m in Sources */ = {isa = PBXBuildFile; fileRef = 338D6AFA2D35F5B20092589C /* LGPhotoPickerDatas.m */; };
		338D6B602D35F5B20092589C /* LGPhotoPickerGroup.m in Sources */ = {isa = PBXBuildFile; fileRef = 338D6AFC2D35F5B20092589C /* LGPhotoPickerGroup.m */; };
		338D6B612D35F5B20092589C /* LGPhotoPickerAssetsViewController.m in Sources */ = {isa = PBXBuildFile; fileRef = 338D6AFF2D35F5B20092589C /* LGPhotoPickerAssetsViewController.m */; };
		338D6B622D35F5B20092589C /* LGPhotoPickerGroupViewController.m in Sources */ = {isa = PBXBuildFile; fileRef = 338D6B012D35F5B20092589C /* LGPhotoPickerGroupViewController.m */; };
		338D6B632D35F5B20092589C /* LGPhotoPickerViewController.m in Sources */ = {isa = PBXBuildFile; fileRef = 338D6B032D35F5B20092589C /* LGPhotoPickerViewController.m */; };
		338D6B642D35F5B20092589C /* LGPhotoPickerCollectionView.m in Sources */ = {isa = PBXBuildFile; fileRef = 338D6B062D35F5B20092589C /* LGPhotoPickerCollectionView.m */; };
		338D6B652D35F5B20092589C /* LGPhotoPickerCollectionViewCell.m in Sources */ = {isa = PBXBuildFile; fileRef = 338D6B082D35F5B20092589C /* LGPhotoPickerCollectionViewCell.m */; };
		338D6B662D35F5B20092589C /* LGPhotoPickerFooterCollectionReusableView.m in Sources */ = {isa = PBXBuildFile; fileRef = 338D6B0A2D35F5B20092589C /* LGPhotoPickerFooterCollectionReusableView.m */; };
		338D6B672D35F5B20092589C /* LGPhotoPickerGroupTableViewCell.m in Sources */ = {isa = PBXBuildFile; fileRef = 338D6B0C2D35F5B20092589C /* LGPhotoPickerGroupTableViewCell.m */; };
		338D6B682D35F5B20092589C /* LGPhotoPickerImageView.m in Sources */ = {isa = PBXBuildFile; fileRef = 338D6B0E2D35F5B20092589C /* LGPhotoPickerImageView.m */; };
		338D6B692D35F5B20092589C /* DACircularProgressView.m in Sources */ = {isa = PBXBuildFile; fileRef = 338D6B122D35F5B20092589C /* DACircularProgressView.m */; };
		338D6B6A2D35F5B20092589C /* NSData+ImageContentType.m in Sources */ = {isa = PBXBuildFile; fileRef = 338D6B152D35F5B20092589C /* NSData+ImageContentType.m */; };
		338D6B6B2D35F5B20092589C /* SDImageCache.m in Sources */ = {isa = PBXBuildFile; fileRef = 338D6B172D35F5B20092589C /* SDImageCache.m */; };
		338D6B6C2D35F5B20092589C /* SDWebImageCompat.m in Sources */ = {isa = PBXBuildFile; fileRef = 338D6B192D35F5B20092589C /* SDWebImageCompat.m */; };
		338D6B6D2D35F5B20092589C /* SDWebImageDecoder.m in Sources */ = {isa = PBXBuildFile; fileRef = 338D6B1B2D35F5B20092589C /* SDWebImageDecoder.m */; };
		338D6B6E2D35F5B20092589C /* SDWebImageDownloader.m in Sources */ = {isa = PBXBuildFile; fileRef = 338D6B1D2D35F5B20092589C /* SDWebImageDownloader.m */; };
		338D6B6F2D35F5B20092589C /* SDWebImageDownloaderOperation.m in Sources */ = {isa = PBXBuildFile; fileRef = 338D6B1F2D35F5B20092589C /* SDWebImageDownloaderOperation.m */; };
		338D6B702D35F5B20092589C /* SDWebImageManager.m in Sources */ = {isa = PBXBuildFile; fileRef = 338D6B212D35F5B20092589C /* SDWebImageManager.m */; };
		338D6B712D35F5B20092589C /* SDWebImagePrefetcher.m in Sources */ = {isa = PBXBuildFile; fileRef = 338D6B242D35F5B20092589C /* SDWebImagePrefetcher.m */; };
		338D6B722D35F5B20092589C /* UIButton+WebCache.m in Sources */ = {isa = PBXBuildFile; fileRef = 338D6B262D35F5B20092589C /* UIButton+WebCache.m */; };
		338D6B732D35F5B20092589C /* UIImage+GIF.m in Sources */ = {isa = PBXBuildFile; fileRef = 338D6B282D35F5B20092589C /* UIImage+GIF.m */; };
		338D6B742D35F5B20092589C /* UIImage+MultiFormat.m in Sources */ = {isa = PBXBuildFile; fileRef = 338D6B2A2D35F5B20092589C /* UIImage+MultiFormat.m */; };
		338D6B752D35F5B20092589C /* UIImageView+HighlightedWebCache.m in Sources */ = {isa = PBXBuildFile; fileRef = 338D6B2C2D35F5B20092589C /* UIImageView+HighlightedWebCache.m */; };
		338D6B762D35F5B20092589C /* UIImageView+WebCache.m in Sources */ = {isa = PBXBuildFile; fileRef = 338D6B2E2D35F5B20092589C /* UIImageView+WebCache.m */; };
		338D6B772D35F5B20092589C /* UIView+WebCacheOperation.m in Sources */ = {isa = PBXBuildFile; fileRef = 338D6B302D35F5B20092589C /* UIView+WebCacheOperation.m */; };
		338D6B782D35F5B20092589C /* LGCameraImageView.m in Sources */ = {isa = PBXBuildFile; fileRef = 338D6B342D35F5B20092589C /* LGCameraImageView.m */; };
		338D6B792D35F5B20092589C /* ZLCamera.m in Sources */ = {isa = PBXBuildFile; fileRef = 338D6B362D35F5B20092589C /* ZLCamera.m */; };
		338D6B7A2D35F5B20092589C /* ZLCameraImageView.m in Sources */ = {isa = PBXBuildFile; fileRef = 338D6B382D35F5B20092589C /* ZLCameraImageView.m */; };
		338D6B7B2D35F5B20092589C /* ZLCameraView.m in Sources */ = {isa = PBXBuildFile; fileRef = 338D6B3A2D35F5B20092589C /* ZLCameraView.m */; };
		338D6B7C2D35F5B20092589C /* ZLCameraViewController.m in Sources */ = {isa = PBXBuildFile; fileRef = 338D6B3C2D35F5B20092589C /* ZLCameraViewController.m */; };
		338D6B7D2D35F5B20092589C /* broswerPic0.jpg in Resources */ = {isa = PBXBuildFile; fileRef = 338D6B412D35F5B20092589C /* broswerPic0.jpg */; };
		338D6B7E2D35F5B20092589C /* broswerPic1.jpg in Resources */ = {isa = PBXBuildFile; fileRef = 338D6B422D35F5B20092589C /* broswerPic1.jpg */; };
		338D6B7F2D35F5B20092589C /* broswerPic2.jpg in Resources */ = {isa = PBXBuildFile; fileRef = 338D6B432D35F5B20092589C /* broswerPic2.jpg */; };
		338D6B802D35F5B20092589C /* broswerPic3.jpg in Resources */ = {isa = PBXBuildFile; fileRef = 338D6B442D35F5B20092589C /* broswerPic3.jpg */; };
		338D6B812D35F5B20092589C /* broswerPic4.jpg in Resources */ = {isa = PBXBuildFile; fileRef = 338D6B452D35F5B20092589C /* broswerPic4.jpg */; };
		338D6B822D35F5B20092589C /* btn_back_imagePicker@2x.png in Resources */ = {isa = PBXBuildFile; fileRef = 338D6B462D35F5B20092589C /* btn_back_imagePicker@2x.png */; };
		338D6B832D35F5B20092589C /* checkbox_pic_non@2x.png in Resources */ = {isa = PBXBuildFile; fileRef = 338D6B472D35F5B20092589C /* checkbox_pic_non@2x.png */; };
		338D6B842D35F5B20092589C /* checkbox_pic_non2@2x.png in Resources */ = {isa = PBXBuildFile; fileRef = 338D6B482D35F5B20092589C /* checkbox_pic_non2@2x.png */; };
		338D6B852D35F5B20092589C /* checkbox_pic@2x.png in Resources */ = {isa = PBXBuildFile; fileRef = 338D6B492D35F5B20092589C /* checkbox_pic@2x.png */; };
		338D6B862D35F5B20092589C /* checkbox_pic2@2x.png in Resources */ = {isa = PBXBuildFile; fileRef = 338D6B4A2D35F5B20092589C /* checkbox_pic2@2x.png */; };
		338D6B872D35F5B20092589C /* icon_pic_break@2x.png in Resources */ = {isa = PBXBuildFile; fileRef = 338D6B4B2D35F5B20092589C /* icon_pic_break@2x.png */; };
		338D6B882D35F5B20092589C /* lock@2x.png in Resources */ = {isa = PBXBuildFile; fileRef = 338D6B4C2D35F5B20092589C /* lock@2x.png */; };
		338D6B892D35F5B20092589C /* paizhao.png in Resources */ = {isa = PBXBuildFile; fileRef = 338D6B4D2D35F5B20092589C /* paizhao.png */; };
		338D6B8A2D35F5B20092589C /* paizhao@2x.png in Resources */ = {isa = PBXBuildFile; fileRef = 338D6B4E2D35F5B20092589C /* paizhao@2x.png */; };
		338D6B8B2D35F5B20092589C /* shanguangdeng2.png in Resources */ = {isa = PBXBuildFile; fileRef = 338D6B4F2D35F5B20092589C /* shanguangdeng2.png */; };
		338D6B8C2D35F5B20092589C /* shanguangdeng2@2x.png in Resources */ = {isa = PBXBuildFile; fileRef = 338D6B502D35F5B20092589C /* shanguangdeng2@2x.png */; };
		338D6B8D2D35F5B20092589C /* X.png in Resources */ = {isa = PBXBuildFile; fileRef = 338D6B512D35F5B20092589C /* X.png */; };
		338D6B8E2D35F5B20092589C /* X@2x.png in Resources */ = {isa = PBXBuildFile; fileRef = 338D6B522D35F5B20092589C /* X@2x.png */; };
		338D6B8F2D35F5B20092589C /* xiang.png in Resources */ = {isa = PBXBuildFile; fileRef = 338D6B532D35F5B20092589C /* xiang.png */; };
		338D6B902D35F5B20092589C /* xiang@2x.png in Resources */ = {isa = PBXBuildFile; fileRef = 338D6B542D35F5B20092589C /* xiang@2x.png */; };
		338D6B962D363CA10092589C /* TImageCollectionViewCell.m in Sources */ = {isa = PBXBuildFile; fileRef = 338D6B952D363CA10092589C /* TImageCollectionViewCell.m */; };
		338D6B992D364C4B0092589C /* TDeleteView.m in Sources */ = {isa = PBXBuildFile; fileRef = 338D6B982D364C4B0092589C /* TDeleteView.m */; };
		33F1B2DB2D33902800FFEFDA /* AppDelegate.m in Sources */ = {isa = PBXBuildFile; fileRef = 33F1B2DA2D33902800FFEFDA /* AppDelegate.m */; };
		33F1B2E12D33902800FFEFDA /* ViewController.m in Sources */ = {isa = PBXBuildFile; fileRef = 33F1B2E02D33902800FFEFDA /* ViewController.m */; };
		33F1B2E42D33902800FFEFDA /* Base in Resources */ = {isa = PBXBuildFile; fileRef = 33F1B2E32D33902800FFEFDA /* Base */; };
		33F1B2E72D33902800FFEFDA /* SafetyBoxAlbum.xcdatamodeld in Sources */ = {isa = PBXBuildFile; fileRef = 33F1B2E52D33902800FFEFDA /* SafetyBoxAlbum.xcdatamodeld */; };
		33F1B2E92D33902A00FFEFDA /* Assets.xcassets in Resources */ = {isa = PBXBuildFile; fileRef = 33F1B2E82D33902A00FFEFDA /* Assets.xcassets */; };
		33F1B2EC2D33902A00FFEFDA /* Base in Resources */ = {isa = PBXBuildFile; fileRef = 33F1B2EB2D33902A00FFEFDA /* Base */; };
		33F1B2EF2D33902A00FFEFDA /* main.m in Sources */ = {isa = PBXBuildFile; fileRef = 33F1B2EE2D33902A00FFEFDA /* main.m */; };
		33F1B2F92D33902A00FFEFDA /* SafetyBoxAlbumTests.m in Sources */ = {isa = PBXBuildFile; fileRef = 33F1B2F82D33902A00FFEFDA /* SafetyBoxAlbumTests.m */; };
		33F1B3032D33902A00FFEFDA /* SafetyBoxAlbumUITests.m in Sources */ = {isa = PBXBuildFile; fileRef = 33F1B3022D33902A00FFEFDA /* SafetyBoxAlbumUITests.m */; };
		33F1B3052D33902A00FFEFDA /* SafetyBoxAlbumUITestsLaunchTests.m in Sources */ = {isa = PBXBuildFile; fileRef = 33F1B3042D33902A00FFEFDA /* SafetyBoxAlbumUITestsLaunchTests.m */; };
		33F1B3132D33941000FFEFDA /* FMDatabaseQueue+SaftyBo.m in Sources */ = {isa = PBXBuildFile; fileRef = 33F1B3122D33941000FFEFDA /* FMDatabaseQueue+SaftyBo.m */; };
		33F1B31B2D33993500FFEFDA /* TStorage.m in Sources */ = {isa = PBXBuildFile; fileRef = 33F1B31A2D33993500FFEFDA /* TStorage.m */; };
		33F1B31F2D3399B000FFEFDA /* TAlbumObject.m in Sources */ = {isa = PBXBuildFile; fileRef = 33F1B31E2D3399B000FFEFDA /* TAlbumObject.m */; };
		33F1B3252D339B8C00FFEFDA /* UIToolbar+EEToolbarCenterButton.m in Sources */ = {isa = PBXBuildFile; fileRef = 33F1B3222D339B8C00FFEFDA /* UIToolbar+EEToolbarCenterButton.m */; };
		33F1B3262D339B8C00FFEFDA /* EEToolbarCenterButtonOverlay.m in Sources */ = {isa = PBXBuildFile; fileRef = 33F1B3242D339B8C00FFEFDA /* EEToolbarCenterButtonOverlay.m */; };
		33F1B32A2D339C7C00FFEFDA /* AlbumSettingViewController.m in Sources */ = {isa = PBXBuildFile; fileRef = 33F1B3282D339C7C00FFEFDA /* AlbumSettingViewController.m */; };
		33F1B3342D339CC100FFEFDA /* TAlbumCollectionViewCell.m in Sources */ = {isa = PBXBuildFile; fileRef = 33F1B32C2D339CC100FFEFDA /* TAlbumCollectionViewCell.m */; };
		33F1B3352D339CC100FFEFDA /* TCreatePhotoView.m in Sources */ = {isa = PBXBuildFile; fileRef = 33F1B3312D339CC100FFEFDA /* TCreatePhotoView.m */; };
		33F1B3362D339CC100FFEFDA /* AlbumHeaderView.m in Sources */ = {isa = PBXBuildFile; fileRef = 33F1B3322D339CC100FFEFDA /* AlbumHeaderView.m */; };
		33F1B3372D339CC100FFEFDA /* TCreateAlbumPhotoView.m in Sources */ = {isa = PBXBuildFile; fileRef = 33F1B3332D339CC100FFEFDA /* TCreateAlbumPhotoView.m */; };
		33F1B33A2D339CED00FFEFDA /* SettingViewController.m in Sources */ = {isa = PBXBuildFile; fileRef = 33F1B3382D339CED00FFEFDA /* SettingViewController.m */; };
		33F1B33F2D339D0F00FFEFDA /* TSwitchTableViewCell.m in Sources */ = {isa = PBXBuildFile; fileRef = 33F1B33D2D339D0F00FFEFDA /* TSwitchTableViewCell.m */; };
		33F1B3402D339D0F00FFEFDA /* TSettingTableViewCell.m in Sources */ = {isa = PBXBuildFile; fileRef = 33F1B33E2D339D0F00FFEFDA /* TSettingTableViewCell.m */; };
		74BDB7A90E14987B6C2EF113 /* Pods_SafetyBoxAlbum_SafetyBoxAlbumUITests.framework in Frameworks */ = {isa = PBXBuildFile; fileRef = 9643FF475498D514B94A8517 /* Pods_SafetyBoxAlbum_SafetyBoxAlbumUITests.framework */; };
		D8E445E1834F9975DB109490 /* Pods_SafetyBoxAlbum.framework in Frameworks */ = {isa = PBXBuildFile; fileRef = 87C01A6CAD3BCCB2E864F575 /* Pods_SafetyBoxAlbum.framework */; };
		F0B192A3D194F7BF8ACA08E2 /* Pods_SafetyBoxAlbumTests.framework in Frameworks */ = {isa = PBXBuildFile; fileRef = E36D2F49DB1311378933A56E /* Pods_SafetyBoxAlbumTests.framework */; };
/* End PBXBuildFile section */

/* Begin PBXContainerItemProxy section */
		33F1B2F52D33902A00FFEFDA /* PBXContainerItemProxy */ = {
			isa = PBXContainerItemProxy;
			containerPortal = 33F1B2CE2D33902800FFEFDA /* Project object */;
			proxyType = 1;
			remoteGlobalIDString = 33F1B2D52D33902800FFEFDA;
			remoteInfo = SafetyBoxAlbum;
		};
		33F1B2FF2D33902A00FFEFDA /* PBXContainerItemProxy */ = {
			isa = PBXContainerItemProxy;
			containerPortal = 33F1B2CE2D33902800FFEFDA /* Project object */;
			proxyType = 1;
			remoteGlobalIDString = 33F1B2D52D33902800FFEFDA;
			remoteInfo = SafetyBoxAlbum;
		};
/* End PBXContainerItemProxy section */

/* Begin PBXFileReference section */
		060523A60DA9A246713D9107 /* Pods-SafetyBoxAlbum-SafetyBoxAlbumUITests.debug.xcconfig */ = {isa = PBXFileReference; includeInIndex = 1; lastKnownFileType = text.xcconfig; name = "Pods-SafetyBoxAlbum-SafetyBoxAlbumUITests.debug.xcconfig"; path = "Target Support Files/Pods-SafetyBoxAlbum-SafetyBoxAlbumUITests/Pods-SafetyBoxAlbum-SafetyBoxAlbumUITests.debug.xcconfig"; sourceTree = "<group>"; };
		0F5272A926E7BEAC83666E3C /* Pods-SafetyBoxAlbum-SafetyBoxAlbumUITests.release.xcconfig */ = {isa = PBXFileReference; includeInIndex = 1; lastKnownFileType = text.xcconfig; name = "Pods-SafetyBoxAlbum-SafetyBoxAlbumUITests.release.xcconfig"; path = "Target Support Files/Pods-SafetyBoxAlbum-SafetyBoxAlbumUITests/Pods-SafetyBoxAlbum-SafetyBoxAlbumUITests.release.xcconfig"; sourceTree = "<group>"; };
		2923387963A45C949250FF48 /* Pods-SafetyBoxAlbumTests.debug.xcconfig */ = {isa = PBXFileReference; includeInIndex = 1; lastKnownFileType = text.xcconfig; name = "Pods-SafetyBoxAlbumTests.debug.xcconfig"; path = "Target Support Files/Pods-SafetyBoxAlbumTests/Pods-SafetyBoxAlbumTests.debug.xcconfig"; sourceTree = "<group>"; };
		29619D40BE61B01BB2356623 /* Pods-SafetyBoxAlbum.release.xcconfig */ = {isa = PBXFileReference; includeInIndex = 1; lastKnownFileType = text.xcconfig; name = "Pods-SafetyBoxAlbum.release.xcconfig"; path = "Target Support Files/Pods-SafetyBoxAlbum/Pods-SafetyBoxAlbum.release.xcconfig"; sourceTree = "<group>"; };
		332840232D37A959008732E7 /* TPictureAudioObject.h */ = {isa = PBXFileReference; lastKnownFileType = sourcecode.c.h; path = TPictureAudioObject.h; sourceTree = "<group>"; };
		332840242D37A959008732E7 /* TPictureAudioObject.m */ = {isa = PBXFileReference; lastKnownFileType = sourcecode.c.objc; path = TPictureAudioObject.m; sourceTree = "<group>"; };
		332840262D3906F7008732E7 /* TPictureDetailViewController.h */ = {isa = PBXFileReference; lastKnownFileType = sourcecode.c.h; path = TPictureDetailViewController.h; sourceTree = "<group>"; };
		332840272D3906F7008732E7 /* TPictureDetailViewController.m */ = {isa = PBXFileReference; lastKnownFileType = sourcecode.c.objc; path = TPictureDetailViewController.m; sourceTree = "<group>"; };
		332840372D39FC7A008732E7 /* en */ = {isa = PBXFileReference; lastKnownFileType = text.plist.strings; name = en; path = en.lproj/Localizable.strings; sourceTree = "<group>"; };
		3328403A2D39FCC6008732E7 /* zh-Hans */ = {isa = PBXFileReference; lastKnownFileType = text.plist.strings; name = "zh-Hans"; path = "zh-Hans.lproj/Main.strings"; sourceTree = "<group>"; };
		3328403B2D39FCC7008732E7 /* zh-Hans */ = {isa = PBXFileReference; lastKnownFileType = text.plist.strings; name = "zh-Hans"; path = "zh-Hans.lproj/LaunchScreen.strings"; sourceTree = "<group>"; };
		3328403C2D39FCC7008732E7 /* zh-Hans */ = {isa = PBXFileReference; lastKnownFileType = text.plist.strings; name = "zh-Hans"; path = "zh-Hans.lproj/Localizable.strings"; sourceTree = "<group>"; };
		338D6AE32D35F5B20092589C /* LGPhotoPickerBrowserPhoto.h */ = {isa = PBXFileReference; fileEncoding = 4; lastKnownFileType = sourcecode.c.h; path = LGPhotoPickerBrowserPhoto.h; sourceTree = "<group>"; };
		338D6AE42D35F5B20092589C /* LGPhotoPickerBrowserPhoto.m */ = {isa = PBXFileReference; fileEncoding = 4; lastKnownFileType = sourcecode.c.objc; path = LGPhotoPickerBrowserPhoto.m; sourceTree = "<group>"; };
		338D6AE52D35F5B20092589C /* LGPhotoRect.h */ = {isa = PBXFileReference; fileEncoding = 4; lastKnownFileType = sourcecode.c.h; path = LGPhotoRect.h; sourceTree = "<group>"; };
		338D6AE62D35F5B20092589C /* LGPhotoRect.m */ = {isa = PBXFileReference; fileEncoding = 4; lastKnownFileType = sourcecode.c.objc; path = LGPhotoRect.m; sourceTree = "<group>"; };
		338D6AE82D35F5B20092589C /* LGPhotoPickerBrowserViewController.h */ = {isa = PBXFileReference; fileEncoding = 4; lastKnownFileType = sourcecode.c.h; path = LGPhotoPickerBrowserViewController.h; sourceTree = "<group>"; };
		338D6AE92D35F5B20092589C /* LGPhotoPickerBrowserViewController.m */ = {isa = PBXFileReference; fileEncoding = 4; lastKnownFileType = sourcecode.c.objc; path = LGPhotoPickerBrowserViewController.m; sourceTree = "<group>"; };
		338D6AEB2D35F5B20092589C /* LGImagePickerSelectView.h */ = {isa = PBXFileReference; fileEncoding = 4; lastKnownFileType = sourcecode.c.h; path = LGImagePickerSelectView.h; sourceTree = "<group>"; };
		338D6AEC2D35F5B20092589C /* LGImagePickerSelectView.m */ = {isa = PBXFileReference; fileEncoding = 4; lastKnownFileType = sourcecode.c.objc; path = LGImagePickerSelectView.m; sourceTree = "<group>"; };
		338D6AED2D35F5B20092589C /* LGPhotoPickerBrowserPhotoImageView.h */ = {isa = PBXFileReference; fileEncoding = 4; lastKnownFileType = sourcecode.c.h; path = LGPhotoPickerBrowserPhotoImageView.h; sourceTree = "<group>"; };
		338D6AEE2D35F5B20092589C /* LGPhotoPickerBrowserPhotoImageView.m */ = {isa = PBXFileReference; fileEncoding = 4; lastKnownFileType = sourcecode.c.objc; path = LGPhotoPickerBrowserPhotoImageView.m; sourceTree = "<group>"; };
		338D6AEF2D35F5B20092589C /* LGPhotoPickerBrowserPhotoScrollView.h */ = {isa = PBXFileReference; fileEncoding = 4; lastKnownFileType = sourcecode.c.h; path = LGPhotoPickerBrowserPhotoScrollView.h; sourceTree = "<group>"; };
		338D6AF02D35F5B20092589C /* LGPhotoPickerBrowserPhotoScrollView.m */ = {isa = PBXFileReference; fileEncoding = 4; lastKnownFileType = sourcecode.c.objc; path = LGPhotoPickerBrowserPhotoScrollView.m; sourceTree = "<group>"; };
		338D6AF12D35F5B20092589C /* LGPhotoPickerBrowserPhotoView.h */ = {isa = PBXFileReference; fileEncoding = 4; lastKnownFileType = sourcecode.c.h; path = LGPhotoPickerBrowserPhotoView.h; sourceTree = "<group>"; };
		338D6AF22D35F5B20092589C /* LGPhotoPickerBrowserPhotoView.m */ = {isa = PBXFileReference; fileEncoding = 4; lastKnownFileType = sourcecode.c.objc; path = LGPhotoPickerBrowserPhotoView.m; sourceTree = "<group>"; };
		338D6AF32D35F5B20092589C /* LGPhotoPickerCustomToolBarView.h */ = {isa = PBXFileReference; fileEncoding = 4; lastKnownFileType = sourcecode.c.h; path = LGPhotoPickerCustomToolBarView.h; sourceTree = "<group>"; };
		338D6AF42D35F5B20092589C /* LGPhotoPickerCustomToolBarView.m */ = {isa = PBXFileReference; fileEncoding = 4; lastKnownFileType = sourcecode.c.objc; path = LGPhotoPickerCustomToolBarView.m; sourceTree = "<group>"; };
		338D6AF72D35F5B20092589C /* LGPhotoAssets.h */ = {isa = PBXFileReference; fileEncoding = 4; lastKnownFileType = sourcecode.c.h; path = LGPhotoAssets.h; sourceTree = "<group>"; };
		338D6AF82D35F5B20092589C /* LGPhotoAssets.m */ = {isa = PBXFileReference; fileEncoding = 4; lastKnownFileType = sourcecode.c.objc; path = LGPhotoAssets.m; sourceTree = "<group>"; };
		338D6AF92D35F5B20092589C /* LGPhotoPickerDatas.h */ = {isa = PBXFileReference; fileEncoding = 4; lastKnownFileType = sourcecode.c.h; path = LGPhotoPickerDatas.h; sourceTree = "<group>"; };
		338D6AFA2D35F5B20092589C /* LGPhotoPickerDatas.m */ = {isa = PBXFileReference; fileEncoding = 4; lastKnownFileType = sourcecode.c.objc; path = LGPhotoPickerDatas.m; sourceTree = "<group>"; };
		338D6AFB2D35F5B20092589C /* LGPhotoPickerGroup.h */ = {isa = PBXFileReference; fileEncoding = 4; lastKnownFileType = sourcecode.c.h; path = LGPhotoPickerGroup.h; sourceTree = "<group>"; };
		338D6AFC2D35F5B20092589C /* LGPhotoPickerGroup.m */ = {isa = PBXFileReference; fileEncoding = 4; lastKnownFileType = sourcecode.c.objc; path = LGPhotoPickerGroup.m; sourceTree = "<group>"; };
		338D6AFE2D35F5B20092589C /* LGPhotoPickerAssetsViewController.h */ = {isa = PBXFileReference; fileEncoding = 4; lastKnownFileType = sourcecode.c.h; path = LGPhotoPickerAssetsViewController.h; sourceTree = "<group>"; };
		338D6AFF2D35F5B20092589C /* LGPhotoPickerAssetsViewController.m */ = {isa = PBXFileReference; fileEncoding = 4; lastKnownFileType = sourcecode.c.objc; path = LGPhotoPickerAssetsViewController.m; sourceTree = "<group>"; };
		338D6B002D35F5B20092589C /* LGPhotoPickerGroupViewController.h */ = {isa = PBXFileReference; fileEncoding = 4; lastKnownFileType = sourcecode.c.h; path = LGPhotoPickerGroupViewController.h; sourceTree = "<group>"; };
		338D6B012D35F5B20092589C /* LGPhotoPickerGroupViewController.m */ = {isa = PBXFileReference; fileEncoding = 4; lastKnownFileType = sourcecode.c.objc; path = LGPhotoPickerGroupViewController.m; sourceTree = "<group>"; };
		338D6B022D35F5B20092589C /* LGPhotoPickerViewController.h */ = {isa = PBXFileReference; fileEncoding = 4; lastKnownFileType = sourcecode.c.h; path = LGPhotoPickerViewController.h; sourceTree = "<group>"; };
		338D6B032D35F5B20092589C /* LGPhotoPickerViewController.m */ = {isa = PBXFileReference; fileEncoding = 4; lastKnownFileType = sourcecode.c.objc; path = LGPhotoPickerViewController.m; sourceTree = "<group>"; };
		338D6B052D35F5B20092589C /* LGPhotoPickerCollectionView.h */ = {isa = PBXFileReference; fileEncoding = 4; lastKnownFileType = sourcecode.c.h; path = LGPhotoPickerCollectionView.h; sourceTree = "<group>"; };
		338D6B062D35F5B20092589C /* LGPhotoPickerCollectionView.m */ = {isa = PBXFileReference; fileEncoding = 4; lastKnownFileType = sourcecode.c.objc; path = LGPhotoPickerCollectionView.m; sourceTree = "<group>"; };
		338D6B072D35F5B20092589C /* LGPhotoPickerCollectionViewCell.h */ = {isa = PBXFileReference; fileEncoding = 4; lastKnownFileType = sourcecode.c.h; path = LGPhotoPickerCollectionViewCell.h; sourceTree = "<group>"; };
		338D6B082D35F5B20092589C /* LGPhotoPickerCollectionViewCell.m */ = {isa = PBXFileReference; fileEncoding = 4; lastKnownFileType = sourcecode.c.objc; path = LGPhotoPickerCollectionViewCell.m; sourceTree = "<group>"; };
		338D6B092D35F5B20092589C /* LGPhotoPickerFooterCollectionReusableView.h */ = {isa = PBXFileReference; fileEncoding = 4; lastKnownFileType = sourcecode.c.h; path = LGPhotoPickerFooterCollectionReusableView.h; sourceTree = "<group>"; };
		338D6B0A2D35F5B20092589C /* LGPhotoPickerFooterCollectionReusableView.m */ = {isa = PBXFileReference; fileEncoding = 4; lastKnownFileType = sourcecode.c.objc; path = LGPhotoPickerFooterCollectionReusableView.m; sourceTree = "<group>"; };
		338D6B0B2D35F5B20092589C /* LGPhotoPickerGroupTableViewCell.h */ = {isa = PBXFileReference; fileEncoding = 4; lastKnownFileType = sourcecode.c.h; path = LGPhotoPickerGroupTableViewCell.h; sourceTree = "<group>"; };
		338D6B0C2D35F5B20092589C /* LGPhotoPickerGroupTableViewCell.m */ = {isa = PBXFileReference; fileEncoding = 4; lastKnownFileType = sourcecode.c.objc; path = LGPhotoPickerGroupTableViewCell.m; sourceTree = "<group>"; };
		338D6B0D2D35F5B20092589C /* LGPhotoPickerImageView.h */ = {isa = PBXFileReference; fileEncoding = 4; lastKnownFileType = sourcecode.c.h; path = LGPhotoPickerImageView.h; sourceTree = "<group>"; };
		338D6B0E2D35F5B20092589C /* LGPhotoPickerImageView.m */ = {isa = PBXFileReference; fileEncoding = 4; lastKnownFileType = sourcecode.c.objc; path = LGPhotoPickerImageView.m; sourceTree = "<group>"; };
		338D6B112D35F5B20092589C /* DACircularProgressView.h */ = {isa = PBXFileReference; fileEncoding = 4; lastKnownFileType = sourcecode.c.h; path = DACircularProgressView.h; sourceTree = "<group>"; };
		338D6B122D35F5B20092589C /* DACircularProgressView.m */ = {isa = PBXFileReference; fileEncoding = 4; lastKnownFileType = sourcecode.c.objc; path = DACircularProgressView.m; sourceTree = "<group>"; };
		338D6B142D35F5B20092589C /* NSData+ImageContentType.h */ = {isa = PBXFileReference; fileEncoding = 4; lastKnownFileType = sourcecode.c.h; path = "NSData+ImageContentType.h"; sourceTree = "<group>"; };
		338D6B152D35F5B20092589C /* NSData+ImageContentType.m */ = {isa = PBXFileReference; fileEncoding = 4; lastKnownFileType = sourcecode.c.objc; path = "NSData+ImageContentType.m"; sourceTree = "<group>"; };
		338D6B162D35F5B20092589C /* SDImageCache.h */ = {isa = PBXFileReference; fileEncoding = 4; lastKnownFileType = sourcecode.c.h; path = SDImageCache.h; sourceTree = "<group>"; };
		338D6B172D35F5B20092589C /* SDImageCache.m */ = {isa = PBXFileReference; fileEncoding = 4; lastKnownFileType = sourcecode.c.objc; path = SDImageCache.m; sourceTree = "<group>"; };
		338D6B182D35F5B20092589C /* SDWebImageCompat.h */ = {isa = PBXFileReference; fileEncoding = 4; lastKnownFileType = sourcecode.c.h; path = SDWebImageCompat.h; sourceTree = "<group>"; };
		338D6B192D35F5B20092589C /* SDWebImageCompat.m */ = {isa = PBXFileReference; fileEncoding = 4; lastKnownFileType = sourcecode.c.objc; path = SDWebImageCompat.m; sourceTree = "<group>"; };
		338D6B1A2D35F5B20092589C /* SDWebImageDecoder.h */ = {isa = PBXFileReference; fileEncoding = 4; lastKnownFileType = sourcecode.c.h; path = SDWebImageDecoder.h; sourceTree = "<group>"; };
		338D6B1B2D35F5B20092589C /* SDWebImageDecoder.m */ = {isa = PBXFileReference; fileEncoding = 4; lastKnownFileType = sourcecode.c.objc; path = SDWebImageDecoder.m; sourceTree = "<group>"; };
		338D6B1C2D35F5B20092589C /* SDWebImageDownloader.h */ = {isa = PBXFileReference; fileEncoding = 4; lastKnownFileType = sourcecode.c.h; path = SDWebImageDownloader.h; sourceTree = "<group>"; };
		338D6B1D2D35F5B20092589C /* SDWebImageDownloader.m */ = {isa = PBXFileReference; fileEncoding = 4; lastKnownFileType = sourcecode.c.objc; path = SDWebImageDownloader.m; sourceTree = "<group>"; };
		338D6B1E2D35F5B20092589C /* SDWebImageDownloaderOperation.h */ = {isa = PBXFileReference; fileEncoding = 4; lastKnownFileType = sourcecode.c.h; path = SDWebImageDownloaderOperation.h; sourceTree = "<group>"; };
		338D6B1F2D35F5B20092589C /* SDWebImageDownloaderOperation.m */ = {isa = PBXFileReference; fileEncoding = 4; lastKnownFileType = sourcecode.c.objc; path = SDWebImageDownloaderOperation.m; sourceTree = "<group>"; };
		338D6B202D35F5B20092589C /* SDWebImageManager.h */ = {isa = PBXFileReference; fileEncoding = 4; lastKnownFileType = sourcecode.c.h; path = SDWebImageManager.h; sourceTree = "<group>"; };
		338D6B212D35F5B20092589C /* SDWebImageManager.m */ = {isa = PBXFileReference; fileEncoding = 4; lastKnownFileType = sourcecode.c.objc; path = SDWebImageManager.m; sourceTree = "<group>"; };
		338D6B222D35F5B20092589C /* SDWebImageOperation.h */ = {isa = PBXFileReference; fileEncoding = 4; lastKnownFileType = sourcecode.c.h; path = SDWebImageOperation.h; sourceTree = "<group>"; };
		338D6B232D35F5B20092589C /* SDWebImagePrefetcher.h */ = {isa = PBXFileReference; fileEncoding = 4; lastKnownFileType = sourcecode.c.h; path = SDWebImagePrefetcher.h; sourceTree = "<group>"; };
		338D6B242D35F5B20092589C /* SDWebImagePrefetcher.m */ = {isa = PBXFileReference; fileEncoding = 4; lastKnownFileType = sourcecode.c.objc; path = SDWebImagePrefetcher.m; sourceTree = "<group>"; };
		338D6B252D35F5B20092589C /* UIButton+WebCache.h */ = {isa = PBXFileReference; fileEncoding = 4; lastKnownFileType = sourcecode.c.h; path = "UIButton+WebCache.h"; sourceTree = "<group>"; };
		338D6B262D35F5B20092589C /* UIButton+WebCache.m */ = {isa = PBXFileReference; fileEncoding = 4; lastKnownFileType = sourcecode.c.objc; path = "UIButton+WebCache.m"; sourceTree = "<group>"; };
		338D6B272D35F5B20092589C /* UIImage+GIF.h */ = {isa = PBXFileReference; fileEncoding = 4; lastKnownFileType = sourcecode.c.h; path = "UIImage+GIF.h"; sourceTree = "<group>"; };
		338D6B282D35F5B20092589C /* UIImage+GIF.m */ = {isa = PBXFileReference; fileEncoding = 4; lastKnownFileType = sourcecode.c.objc; path = "UIImage+GIF.m"; sourceTree = "<group>"; };
		338D6B292D35F5B20092589C /* UIImage+MultiFormat.h */ = {isa = PBXFileReference; fileEncoding = 4; lastKnownFileType = sourcecode.c.h; path = "UIImage+MultiFormat.h"; sourceTree = "<group>"; };
		338D6B2A2D35F5B20092589C /* UIImage+MultiFormat.m */ = {isa = PBXFileReference; fileEncoding = 4; lastKnownFileType = sourcecode.c.objc; path = "UIImage+MultiFormat.m"; sourceTree = "<group>"; };
		338D6B2B2D35F5B20092589C /* UIImageView+HighlightedWebCache.h */ = {isa = PBXFileReference; fileEncoding = 4; lastKnownFileType = sourcecode.c.h; path = "UIImageView+HighlightedWebCache.h"; sourceTree = "<group>"; };
		338D6B2C2D35F5B20092589C /* UIImageView+HighlightedWebCache.m */ = {isa = PBXFileReference; fileEncoding = 4; lastKnownFileType = sourcecode.c.objc; path = "UIImageView+HighlightedWebCache.m"; sourceTree = "<group>"; };
		338D6B2D2D35F5B20092589C /* UIImageView+WebCache.h */ = {isa = PBXFileReference; fileEncoding = 4; lastKnownFileType = sourcecode.c.h; path = "UIImageView+WebCache.h"; sourceTree = "<group>"; };
		338D6B2E2D35F5B20092589C /* UIImageView+WebCache.m */ = {isa = PBXFileReference; fileEncoding = 4; lastKnownFileType = sourcecode.c.objc; path = "UIImageView+WebCache.m"; sourceTree = "<group>"; };
		338D6B2F2D35F5B20092589C /* UIView+WebCacheOperation.h */ = {isa = PBXFileReference; fileEncoding = 4; lastKnownFileType = sourcecode.c.h; path = "UIView+WebCacheOperation.h"; sourceTree = "<group>"; };
		338D6B302D35F5B20092589C /* UIView+WebCacheOperation.m */ = {isa = PBXFileReference; fileEncoding = 4; lastKnownFileType = sourcecode.c.objc; path = "UIView+WebCacheOperation.m"; sourceTree = "<group>"; };
		338D6B332D35F5B20092589C /* LGCameraImageView.h */ = {isa = PBXFileReference; fileEncoding = 4; lastKnownFileType = sourcecode.c.h; path = LGCameraImageView.h; sourceTree = "<group>"; };
		338D6B342D35F5B20092589C /* LGCameraImageView.m */ = {isa = PBXFileReference; fileEncoding = 4; lastKnownFileType = sourcecode.c.objc; path = LGCameraImageView.m; sourceTree = "<group>"; };
		338D6B352D35F5B20092589C /* ZLCamera.h */ = {isa = PBXFileReference; fileEncoding = 4; lastKnownFileType = sourcecode.c.h; path = ZLCamera.h; sourceTree = "<group>"; };
		338D6B362D35F5B20092589C /* ZLCamera.m */ = {isa = PBXFileReference; fileEncoding = 4; lastKnownFileType = sourcecode.c.objc; path = ZLCamera.m; sourceTree = "<group>"; };
		338D6B372D35F5B20092589C /* ZLCameraImageView.h */ = {isa = PBXFileReference; fileEncoding = 4; lastKnownFileType = sourcecode.c.h; path = ZLCameraImageView.h; sourceTree = "<group>"; };
		338D6B382D35F5B20092589C /* ZLCameraImageView.m */ = {isa = PBXFileReference; fileEncoding = 4; lastKnownFileType = sourcecode.c.objc; path = ZLCameraImageView.m; sourceTree = "<group>"; };
		338D6B392D35F5B20092589C /* ZLCameraView.h */ = {isa = PBXFileReference; fileEncoding = 4; lastKnownFileType = sourcecode.c.h; path = ZLCameraView.h; sourceTree = "<group>"; };
		338D6B3A2D35F5B20092589C /* ZLCameraView.m */ = {isa = PBXFileReference; fileEncoding = 4; lastKnownFileType = sourcecode.c.objc; path = ZLCameraView.m; sourceTree = "<group>"; };
		338D6B3B2D35F5B20092589C /* ZLCameraViewController.h */ = {isa = PBXFileReference; fileEncoding = 4; lastKnownFileType = sourcecode.c.h; path = ZLCameraViewController.h; sourceTree = "<group>"; };
		338D6B3C2D35F5B20092589C /* ZLCameraViewController.m */ = {isa = PBXFileReference; fileEncoding = 4; lastKnownFileType = sourcecode.c.objc; path = ZLCameraViewController.m; sourceTree = "<group>"; };
		338D6B3E2D35F5B20092589C /* LGPhoto.h */ = {isa = PBXFileReference; fileEncoding = 4; lastKnownFileType = sourcecode.c.h; path = LGPhoto.h; sourceTree = "<group>"; };
		338D6B3F2D35F5B20092589C /* LGPhotoPickerCommon.h */ = {isa = PBXFileReference; fileEncoding = 4; lastKnownFileType = sourcecode.c.h; path = LGPhotoPickerCommon.h; sourceTree = "<group>"; };
		338D6B412D35F5B20092589C /* broswerPic0.jpg */ = {isa = PBXFileReference; lastKnownFileType = image.jpeg; path = broswerPic0.jpg; sourceTree = "<group>"; };
		338D6B422D35F5B20092589C /* broswerPic1.jpg */ = {isa = PBXFileReference; lastKnownFileType = image.jpeg; path = broswerPic1.jpg; sourceTree = "<group>"; };
		338D6B432D35F5B20092589C /* broswerPic2.jpg */ = {isa = PBXFileReference; lastKnownFileType = image.jpeg; path = broswerPic2.jpg; sourceTree = "<group>"; };
		338D6B442D35F5B20092589C /* broswerPic3.jpg */ = {isa = PBXFileReference; lastKnownFileType = image.jpeg; path = broswerPic3.jpg; sourceTree = "<group>"; };
		338D6B452D35F5B20092589C /* broswerPic4.jpg */ = {isa = PBXFileReference; lastKnownFileType = image.jpeg; path = broswerPic4.jpg; sourceTree = "<group>"; };
		338D6B462D35F5B20092589C /* btn_back_imagePicker@2x.png */ = {isa = PBXFileReference; lastKnownFileType = image.png; path = "btn_back_imagePicker@2x.png"; sourceTree = "<group>"; };
		338D6B472D35F5B20092589C /* checkbox_pic_non@2x.png */ = {isa = PBXFileReference; lastKnownFileType = image.png; path = "checkbox_pic_non@2x.png"; sourceTree = "<group>"; };
		338D6B482D35F5B20092589C /* checkbox_pic_non2@2x.png */ = {isa = PBXFileReference; lastKnownFileType = image.png; path = "checkbox_pic_non2@2x.png"; sourceTree = "<group>"; };
		338D6B492D35F5B20092589C /* checkbox_pic@2x.png */ = {isa = PBXFileReference; lastKnownFileType = image.png; path = "checkbox_pic@2x.png"; sourceTree = "<group>"; };
		338D6B4A2D35F5B20092589C /* checkbox_pic2@2x.png */ = {isa = PBXFileReference; lastKnownFileType = image.png; path = "checkbox_pic2@2x.png"; sourceTree = "<group>"; };
		338D6B4B2D35F5B20092589C /* icon_pic_break@2x.png */ = {isa = PBXFileReference; lastKnownFileType = image.png; path = "icon_pic_break@2x.png"; sourceTree = "<group>"; };
		338D6B4C2D35F5B20092589C /* lock@2x.png */ = {isa = PBXFileReference; lastKnownFileType = image.png; path = "lock@2x.png"; sourceTree = "<group>"; };
		338D6B4D2D35F5B20092589C /* paizhao.png */ = {isa = PBXFileReference; lastKnownFileType = image.png; path = paizhao.png; sourceTree = "<group>"; };
		338D6B4E2D35F5B20092589C /* paizhao@2x.png */ = {isa = PBXFileReference; lastKnownFileType = image.png; path = "paizhao@2x.png"; sourceTree = "<group>"; };
		338D6B4F2D35F5B20092589C /* shanguangdeng2.png */ = {isa = PBXFileReference; lastKnownFileType = image.png; path = shanguangdeng2.png; sourceTree = "<group>"; };
		338D6B502D35F5B20092589C /* shanguangdeng2@2x.png */ = {isa = PBXFileReference; lastKnownFileType = image.png; path = "shanguangdeng2@2x.png"; sourceTree = "<group>"; };
		338D6B512D35F5B20092589C /* X.png */ = {isa = PBXFileReference; lastKnownFileType = image.png; path = X.png; sourceTree = "<group>"; };
		338D6B522D35F5B20092589C /* X@2x.png */ = {isa = PBXFileReference; lastKnownFileType = image.png; path = "X@2x.png"; sourceTree = "<group>"; };
		338D6B532D35F5B20092589C /* xiang.png */ = {isa = PBXFileReference; lastKnownFileType = image.png; path = xiang.png; sourceTree = "<group>"; };
		338D6B542D35F5B20092589C /* xiang@2x.png */ = {isa = PBXFileReference; lastKnownFileType = image.png; path = "xiang@2x.png"; sourceTree = "<group>"; };
		338D6B942D363CA10092589C /* TImageCollectionViewCell.h */ = {isa = PBXFileReference; lastKnownFileType = sourcecode.c.h; path = TImageCollectionViewCell.h; sourceTree = "<group>"; };
		338D6B952D363CA10092589C /* TImageCollectionViewCell.m */ = {isa = PBXFileReference; lastKnownFileType = sourcecode.c.objc; path = TImageCollectionViewCell.m; sourceTree = "<group>"; };
		338D6B972D364C4B0092589C /* TDeleteView.h */ = {isa = PBXFileReference; lastKnownFileType = sourcecode.c.h; path = TDeleteView.h; sourceTree = "<group>"; };
		338D6B982D364C4B0092589C /* TDeleteView.m */ = {isa = PBXFileReference; lastKnownFileType = sourcecode.c.objc; path = TDeleteView.m; sourceTree = "<group>"; };
		33F1B2D62D33902800FFEFDA /* SafetyBoxAlbum.app */ = {isa = PBXFileReference; explicitFileType = wrapper.application; includeInIndex = 0; path = SafetyBoxAlbum.app; sourceTree = BUILT_PRODUCTS_DIR; };
		33F1B2D92D33902800FFEFDA /* AppDelegate.h */ = {isa = PBXFileReference; lastKnownFileType = sourcecode.c.h; path = AppDelegate.h; sourceTree = "<group>"; };
		33F1B2DA2D33902800FFEFDA /* AppDelegate.m */ = {isa = PBXFileReference; lastKnownFileType = sourcecode.c.objc; path = AppDelegate.m; sourceTree = "<group>"; };
		33F1B2DF2D33902800FFEFDA /* ViewController.h */ = {isa = PBXFileReference; lastKnownFileType = sourcecode.c.h; path = ViewController.h; sourceTree = "<group>"; };
		33F1B2E02D33902800FFEFDA /* ViewController.m */ = {isa = PBXFileReference; lastKnownFileType = sourcecode.c.objc; path = ViewController.m; sourceTree = "<group>"; };
		33F1B2E32D33902800FFEFDA /* Base */ = {isa = PBXFileReference; lastKnownFileType = file.storyboard; name = Base; path = Base.lproj/Main.storyboard; sourceTree = "<group>"; };
		33F1B2E62D33902800FFEFDA /* SafetyBoxAlbum.xcdatamodel */ = {isa = PBXFileReference; lastKnownFileType = wrapper.xcdatamodel; path = SafetyBoxAlbum.xcdatamodel; sourceTree = "<group>"; };
		33F1B2E82D33902A00FFEFDA /* Assets.xcassets */ = {isa = PBXFileReference; lastKnownFileType = folder.assetcatalog; path = Assets.xcassets; sourceTree = "<group>"; };
		33F1B2EB2D33902A00FFEFDA /* Base */ = {isa = PBXFileReference; lastKnownFileType = file.storyboard; name = Base; path = Base.lproj/LaunchScreen.storyboard; sourceTree = "<group>"; };
		33F1B2ED2D33902A00FFEFDA /* Info.plist */ = {isa = PBXFileReference; lastKnownFileType = text.plist.xml; path = Info.plist; sourceTree = "<group>"; };
		33F1B2EE2D33902A00FFEFDA /* main.m */ = {isa = PBXFileReference; lastKnownFileType = sourcecode.c.objc; path = main.m; sourceTree = "<group>"; };
		33F1B2F42D33902A00FFEFDA /* SafetyBoxAlbumTests.xctest */ = {isa = PBXFileReference; explicitFileType = wrapper.cfbundle; includeInIndex = 0; path = SafetyBoxAlbumTests.xctest; sourceTree = BUILT_PRODUCTS_DIR; };
		33F1B2F82D33902A00FFEFDA /* SafetyBoxAlbumTests.m */ = {isa = PBXFileReference; lastKnownFileType = sourcecode.c.objc; path = SafetyBoxAlbumTests.m; sourceTree = "<group>"; };
		33F1B2FE2D33902A00FFEFDA /* SafetyBoxAlbumUITests.xctest */ = {isa = PBXFileReference; explicitFileType = wrapper.cfbundle; includeInIndex = 0; path = SafetyBoxAlbumUITests.xctest; sourceTree = BUILT_PRODUCTS_DIR; };
		33F1B3022D33902A00FFEFDA /* SafetyBoxAlbumUITests.m */ = {isa = PBXFileReference; lastKnownFileType = sourcecode.c.objc; path = SafetyBoxAlbumUITests.m; sourceTree = "<group>"; };
		33F1B3042D33902A00FFEFDA /* SafetyBoxAlbumUITestsLaunchTests.m */ = {isa = PBXFileReference; lastKnownFileType = sourcecode.c.objc; path = SafetyBoxAlbumUITestsLaunchTests.m; sourceTree = "<group>"; };
		33F1B3112D33941000FFEFDA /* FMDatabaseQueue+SaftyBo.h */ = {isa = PBXFileReference; lastKnownFileType = sourcecode.c.h; path = "FMDatabaseQueue+SaftyBo.h"; sourceTree = "<group>"; };
		33F1B3122D33941000FFEFDA /* FMDatabaseQueue+SaftyBo.m */ = {isa = PBXFileReference; lastKnownFileType = sourcecode.c.objc; path = "FMDatabaseQueue+SaftyBo.m"; sourceTree = "<group>"; };
		33F1B3152D3396CD00FFEFDA /* Sql.h */ = {isa = PBXFileReference; lastKnownFileType = sourcecode.c.h; path = Sql.h; sourceTree = "<group>"; };
		33F1B3182D33973300FFEFDA /* GlobalDefine.h */ = {isa = PBXFileReference; lastKnownFileType = sourcecode.c.h; path = GlobalDefine.h; sourceTree = "<group>"; };
		33F1B3192D33993500FFEFDA /* TStorage.h */ = {isa = PBXFileReference; lastKnownFileType = sourcecode.c.h; path = TStorage.h; sourceTree = "<group>"; };
		33F1B31A2D33993500FFEFDA /* TStorage.m */ = {isa = PBXFileReference; lastKnownFileType = sourcecode.c.objc; path = TStorage.m; sourceTree = "<group>"; };
		33F1B31D2D3399B000FFEFDA /* TAlbumObject.h */ = {isa = PBXFileReference; fileEncoding = 4; lastKnownFileType = sourcecode.c.h; path = TAlbumObject.h; sourceTree = "<group>"; };
		33F1B31E2D3399B000FFEFDA /* TAlbumObject.m */ = {isa = PBXFileReference; fileEncoding = 4; lastKnownFileType = sourcecode.c.objc; path = TAlbumObject.m; sourceTree = "<group>"; };
		33F1B3212D339B8C00FFEFDA /* EEToolbarCenterButtonOverlay.h */ = {isa = PBXFileReference; fileEncoding = 4; lastKnownFileType = sourcecode.c.h; path = EEToolbarCenterButtonOverlay.h; sourceTree = "<group>"; };
		33F1B3222D339B8C00FFEFDA /* UIToolbar+EEToolbarCenterButton.m */ = {isa = PBXFileReference; fileEncoding = 4; lastKnownFileType = sourcecode.c.objc; path = "UIToolbar+EEToolbarCenterButton.m"; sourceTree = "<group>"; };
		33F1B3232D339B8C00FFEFDA /* UIToolbar+EEToolbarCenterButton.h */ = {isa = PBXFileReference; fileEncoding = 4; lastKnownFileType = sourcecode.c.h; path = "UIToolbar+EEToolbarCenterButton.h"; sourceTree = "<group>"; };
		33F1B3242D339B8C00FFEFDA /* EEToolbarCenterButtonOverlay.m */ = {isa = PBXFileReference; fileEncoding = 4; lastKnownFileType = sourcecode.c.objc; path = EEToolbarCenterButtonOverlay.m; sourceTree = "<group>"; };
		33F1B3282D339C7C00FFEFDA /* AlbumSettingViewController.m */ = {isa = PBXFileReference; fileEncoding = 4; lastKnownFileType = sourcecode.c.objc; path = AlbumSettingViewController.m; sourceTree = "<group>"; };
		33F1B3292D339C7C00FFEFDA /* AlbumSettingViewController.h */ = {isa = PBXFileReference; fileEncoding = 4; lastKnownFileType = sourcecode.c.h; path = AlbumSettingViewController.h; sourceTree = "<group>"; };
		33F1B32C2D339CC100FFEFDA /* TAlbumCollectionViewCell.m */ = {isa = PBXFileReference; fileEncoding = 4; lastKnownFileType = sourcecode.c.objc; path = TAlbumCollectionViewCell.m; sourceTree = "<group>"; };
		33F1B32D2D339CC100FFEFDA /* TAlbumCollectionViewCell.h */ = {isa = PBXFileReference; fileEncoding = 4; lastKnownFileType = sourcecode.c.h; path = TAlbumCollectionViewCell.h; sourceTree = "<group>"; };
		33F1B32E2D339CC100FFEFDA /* AlbumHeaderView.h */ = {isa = PBXFileReference; fileEncoding = 4; lastKnownFileType = sourcecode.c.h; path = AlbumHeaderView.h; sourceTree = "<group>"; };
		33F1B32F2D339CC100FFEFDA /* TCreateAlbumPhotoView.h */ = {isa = PBXFileReference; fileEncoding = 4; lastKnownFileType = sourcecode.c.h; path = TCreateAlbumPhotoView.h; sourceTree = "<group>"; };
		33F1B3302D339CC100FFEFDA /* TCreatePhotoView.h */ = {isa = PBXFileReference; fileEncoding = 4; lastKnownFileType = sourcecode.c.h; path = TCreatePhotoView.h; sourceTree = "<group>"; };
		33F1B3312D339CC100FFEFDA /* TCreatePhotoView.m */ = {isa = PBXFileReference; fileEncoding = 4; lastKnownFileType = sourcecode.c.objc; path = TCreatePhotoView.m; sourceTree = "<group>"; };
		33F1B3322D339CC100FFEFDA /* AlbumHeaderView.m */ = {isa = PBXFileReference; fileEncoding = 4; lastKnownFileType = sourcecode.c.objc; path = AlbumHeaderView.m; sourceTree = "<group>"; };
		33F1B3332D339CC100FFEFDA /* TCreateAlbumPhotoView.m */ = {isa = PBXFileReference; fileEncoding = 4; lastKnownFileType = sourcecode.c.objc; path = TCreateAlbumPhotoView.m; sourceTree = "<group>"; };
		33F1B3382D339CED00FFEFDA /* SettingViewController.m */ = {isa = PBXFileReference; fileEncoding = 4; lastKnownFileType = sourcecode.c.objc; path = SettingViewController.m; sourceTree = "<group>"; };
		33F1B3392D339CED00FFEFDA /* SettingViewController.h */ = {isa = PBXFileReference; fileEncoding = 4; lastKnownFileType = sourcecode.c.h; path = SettingViewController.h; sourceTree = "<group>"; };
		33F1B33B2D339D0F00FFEFDA /* TSwitchTableViewCell.h */ = {isa = PBXFileReference; fileEncoding = 4; lastKnownFileType = sourcecode.c.h; path = TSwitchTableViewCell.h; sourceTree = "<group>"; };
		33F1B33C2D339D0F00FFEFDA /* TSettingTableViewCell.h */ = {isa = PBXFileReference; fileEncoding = 4; lastKnownFileType = sourcecode.c.h; path = TSettingTableViewCell.h; sourceTree = "<group>"; };
		33F1B33D2D339D0F00FFEFDA /* TSwitchTableViewCell.m */ = {isa = PBXFileReference; fileEncoding = 4; lastKnownFileType = sourcecode.c.objc; path = TSwitchTableViewCell.m; sourceTree = "<group>"; };
		33F1B33E2D339D0F00FFEFDA /* TSettingTableViewCell.m */ = {isa = PBXFileReference; fileEncoding = 4; lastKnownFileType = sourcecode.c.objc; path = TSettingTableViewCell.m; sourceTree = "<group>"; };
		6CCF54D98905E0C36D1BE930 /* Pods-SafetyBoxAlbum.debug.xcconfig */ = {isa = PBXFileReference; includeInIndex = 1; lastKnownFileType = text.xcconfig; name = "Pods-SafetyBoxAlbum.debug.xcconfig"; path = "Target Support Files/Pods-SafetyBoxAlbum/Pods-SafetyBoxAlbum.debug.xcconfig"; sourceTree = "<group>"; };
		87C01A6CAD3BCCB2E864F575 /* Pods_SafetyBoxAlbum.framework */ = {isa = PBXFileReference; explicitFileType = wrapper.framework; includeInIndex = 0; path = Pods_SafetyBoxAlbum.framework; sourceTree = BUILT_PRODUCTS_DIR; };
		939E44B0199E907EC9AC3705 /* Pods-SafetyBoxAlbumTests.release.xcconfig */ = {isa = PBXFileReference; includeInIndex = 1; lastKnownFileType = text.xcconfig; name = "Pods-SafetyBoxAlbumTests.release.xcconfig"; path = "Target Support Files/Pods-SafetyBoxAlbumTests/Pods-SafetyBoxAlbumTests.release.xcconfig"; sourceTree = "<group>"; };
		9643FF475498D514B94A8517 /* Pods_SafetyBoxAlbum_SafetyBoxAlbumUITests.framework */ = {isa = PBXFileReference; explicitFileType = wrapper.framework; includeInIndex = 0; path = Pods_SafetyBoxAlbum_SafetyBoxAlbumUITests.framework; sourceTree = BUILT_PRODUCTS_DIR; };
		E36D2F49DB1311378933A56E /* Pods_SafetyBoxAlbumTests.framework */ = {isa = PBXFileReference; explicitFileType = wrapper.framework; includeInIndex = 0; path = Pods_SafetyBoxAlbumTests.framework; sourceTree = BUILT_PRODUCTS_DIR; };
/* End PBXFileReference section */

/* Begin PBXFrameworksBuildPhase section */
		33F1B2D32D33902800FFEFDA /* Frameworks */ = {
			isa = PBXFrameworksBuildPhase;
			buildActionMask = 2147483647;
			files = (
				D8E445E1834F9975DB109490 /* Pods_SafetyBoxAlbum.framework in Frameworks */,
			);
			runOnlyForDeploymentPostprocessing = 0;
		};
		33F1B2F12D33902A00FFEFDA /* Frameworks */ = {
			isa = PBXFrameworksBuildPhase;
			buildActionMask = 2147483647;
			files = (
				F0B192A3D194F7BF8ACA08E2 /* Pods_SafetyBoxAlbumTests.framework in Frameworks */,
			);
			runOnlyForDeploymentPostprocessing = 0;
		};
		33F1B2FB2D33902A00FFEFDA /* Frameworks */ = {
			isa = PBXFrameworksBuildPhase;
			buildActionMask = 2147483647;
			files = (
				74BDB7A90E14987B6C2EF113 /* Pods_SafetyBoxAlbum_SafetyBoxAlbumUITests.framework in Frameworks */,
			);
			runOnlyForDeploymentPostprocessing = 0;
		};
/* End PBXFrameworksBuildPhase section */

/* Begin PBXGroup section */
		338D6AE22D35F5520092589C /* LGPhoto */ = {
			isa = PBXGroup;
			children = (
				338D6B402D35F5B20092589C /* Classes */,
				338D6B552D35F5B20092589C /* Images */,
			);
			path = LGPhoto;
			sourceTree = "<group>";
		};
		338D6AE72D35F5B20092589C /* Models */ = {
			isa = PBXGroup;
			children = (
				338D6AE32D35F5B20092589C /* LGPhotoPickerBrowserPhoto.h */,
				338D6AE42D35F5B20092589C /* LGPhotoPickerBrowserPhoto.m */,
				338D6AE52D35F5B20092589C /* LGPhotoRect.h */,
				338D6AE62D35F5B20092589C /* LGPhotoRect.m */,
			);
			path = Models;
			sourceTree = "<group>";
		};
		338D6AEA2D35F5B20092589C /* ViewControllers */ = {
			isa = PBXGroup;
			children = (
				338D6AE82D35F5B20092589C /* LGPhotoPickerBrowserViewController.h */,
				338D6AE92D35F5B20092589C /* LGPhotoPickerBrowserViewController.m */,
			);
			path = ViewControllers;
			sourceTree = "<group>";
		};
		338D6AF52D35F5B20092589C /* Views */ = {
			isa = PBXGroup;
			children = (
				338D6AEB2D35F5B20092589C /* LGImagePickerSelectView.h */,
				338D6AEC2D35F5B20092589C /* LGImagePickerSelectView.m */,
				338D6AED2D35F5B20092589C /* LGPhotoPickerBrowserPhotoImageView.h */,
				338D6AEE2D35F5B20092589C /* LGPhotoPickerBrowserPhotoImageView.m */,
				338D6AEF2D35F5B20092589C /* LGPhotoPickerBrowserPhotoScrollView.h */,
				338D6AF02D35F5B20092589C /* LGPhotoPickerBrowserPhotoScrollView.m */,
				338D6AF12D35F5B20092589C /* LGPhotoPickerBrowserPhotoView.h */,
				338D6AF22D35F5B20092589C /* LGPhotoPickerBrowserPhotoView.m */,
				338D6AF32D35F5B20092589C /* LGPhotoPickerCustomToolBarView.h */,
				338D6AF42D35F5B20092589C /* LGPhotoPickerCustomToolBarView.m */,
			);
			path = Views;
			sourceTree = "<group>";
		};
		338D6AF62D35F5B20092589C /* LGPhotoBrowser */ = {
			isa = PBXGroup;
			children = (
				338D6AE72D35F5B20092589C /* Models */,
				338D6AEA2D35F5B20092589C /* ViewControllers */,
				338D6AF52D35F5B20092589C /* Views */,
			);
			path = LGPhotoBrowser;
			sourceTree = "<group>";
		};
		338D6AFD2D35F5B20092589C /* Models */ = {
			isa = PBXGroup;
			children = (
				338D6AF72D35F5B20092589C /* LGPhotoAssets.h */,
				338D6AF82D35F5B20092589C /* LGPhotoAssets.m */,
				338D6AF92D35F5B20092589C /* LGPhotoPickerDatas.h */,
				338D6AFA2D35F5B20092589C /* LGPhotoPickerDatas.m */,
				338D6AFB2D35F5B20092589C /* LGPhotoPickerGroup.h */,
				338D6AFC2D35F5B20092589C /* LGPhotoPickerGroup.m */,
			);
			path = Models;
			sourceTree = "<group>";
		};
		338D6B042D35F5B20092589C /* ViewControllers */ = {
			isa = PBXGroup;
			children = (
				338D6AFE2D35F5B20092589C /* LGPhotoPickerAssetsViewController.h */,
				338D6AFF2D35F5B20092589C /* LGPhotoPickerAssetsViewController.m */,
				338D6B002D35F5B20092589C /* LGPhotoPickerGroupViewController.h */,
				338D6B012D35F5B20092589C /* LGPhotoPickerGroupViewController.m */,
				338D6B022D35F5B20092589C /* LGPhotoPickerViewController.h */,
				338D6B032D35F5B20092589C /* LGPhotoPickerViewController.m */,
			);
			path = ViewControllers;
			sourceTree = "<group>";
		};
		338D6B0F2D35F5B20092589C /* Views */ = {
			isa = PBXGroup;
			children = (
				338D6B052D35F5B20092589C /* LGPhotoPickerCollectionView.h */,
				338D6B062D35F5B20092589C /* LGPhotoPickerCollectionView.m */,
				338D6B072D35F5B20092589C /* LGPhotoPickerCollectionViewCell.h */,
				338D6B082D35F5B20092589C /* LGPhotoPickerCollectionViewCell.m */,
				338D6B092D35F5B20092589C /* LGPhotoPickerFooterCollectionReusableView.h */,
				338D6B0A2D35F5B20092589C /* LGPhotoPickerFooterCollectionReusableView.m */,
				338D6B0B2D35F5B20092589C /* LGPhotoPickerGroupTableViewCell.h */,
				338D6B0C2D35F5B20092589C /* LGPhotoPickerGroupTableViewCell.m */,
				338D6B0D2D35F5B20092589C /* LGPhotoPickerImageView.h */,
				338D6B0E2D35F5B20092589C /* LGPhotoPickerImageView.m */,
			);
			path = Views;
			sourceTree = "<group>";
		};
		338D6B102D35F5B20092589C /* LGPhotoPicker */ = {
			isa = PBXGroup;
			children = (
				338D6AFD2D35F5B20092589C /* Models */,
				338D6B042D35F5B20092589C /* ViewControllers */,
				338D6B0F2D35F5B20092589C /* Views */,
			);
			path = LGPhotoPicker;
			sourceTree = "<group>";
		};
		338D6B132D35F5B20092589C /* DACircularProgress */ = {
			isa = PBXGroup;
			children = (
				338D6B112D35F5B20092589C /* DACircularProgressView.h */,
				338D6B122D35F5B20092589C /* DACircularProgressView.m */,
			);
			path = DACircularProgress;
			sourceTree = "<group>";
		};
		338D6B312D35F5B20092589C /* SDWebImage */ = {
			isa = PBXGroup;
			children = (
				338D6B142D35F5B20092589C /* NSData+ImageContentType.h */,
				338D6B152D35F5B20092589C /* NSData+ImageContentType.m */,
				338D6B162D35F5B20092589C /* SDImageCache.h */,
				338D6B172D35F5B20092589C /* SDImageCache.m */,
				338D6B182D35F5B20092589C /* SDWebImageCompat.h */,
				338D6B192D35F5B20092589C /* SDWebImageCompat.m */,
				338D6B1A2D35F5B20092589C /* SDWebImageDecoder.h */,
				338D6B1B2D35F5B20092589C /* SDWebImageDecoder.m */,
				338D6B1C2D35F5B20092589C /* SDWebImageDownloader.h */,
				338D6B1D2D35F5B20092589C /* SDWebImageDownloader.m */,
				338D6B1E2D35F5B20092589C /* SDWebImageDownloaderOperation.h */,
				338D6B1F2D35F5B20092589C /* SDWebImageDownloaderOperation.m */,
				338D6B202D35F5B20092589C /* SDWebImageManager.h */,
				338D6B212D35F5B20092589C /* SDWebImageManager.m */,
				338D6B222D35F5B20092589C /* SDWebImageOperation.h */,
				338D6B232D35F5B20092589C /* SDWebImagePrefetcher.h */,
				338D6B242D35F5B20092589C /* SDWebImagePrefetcher.m */,
				338D6B252D35F5B20092589C /* UIButton+WebCache.h */,
				338D6B262D35F5B20092589C /* UIButton+WebCache.m */,
				338D6B272D35F5B20092589C /* UIImage+GIF.h */,
				338D6B282D35F5B20092589C /* UIImage+GIF.m */,
				338D6B292D35F5B20092589C /* UIImage+MultiFormat.h */,
				338D6B2A2D35F5B20092589C /* UIImage+MultiFormat.m */,
				338D6B2B2D35F5B20092589C /* UIImageView+HighlightedWebCache.h */,
				338D6B2C2D35F5B20092589C /* UIImageView+HighlightedWebCache.m */,
				338D6B2D2D35F5B20092589C /* UIImageView+WebCache.h */,
				338D6B2E2D35F5B20092589C /* UIImageView+WebCache.m */,
				338D6B2F2D35F5B20092589C /* UIView+WebCacheOperation.h */,
				338D6B302D35F5B20092589C /* UIView+WebCacheOperation.m */,
			);
			path = SDWebImage;
			sourceTree = "<group>";
		};
		338D6B322D35F5B20092589C /* Third */ = {
			isa = PBXGroup;
			children = (
				338D6B132D35F5B20092589C /* DACircularProgress */,
				338D6B312D35F5B20092589C /* SDWebImage */,
			);
			path = Third;
			sourceTree = "<group>";
		};
		338D6B3D2D35F5B20092589C /* ZLCamera */ = {
			isa = PBXGroup;
			children = (
				338D6B332D35F5B20092589C /* LGCameraImageView.h */,
				338D6B342D35F5B20092589C /* LGCameraImageView.m */,
				338D6B352D35F5B20092589C /* ZLCamera.h */,
				338D6B362D35F5B20092589C /* ZLCamera.m */,
				338D6B372D35F5B20092589C /* ZLCameraImageView.h */,
				338D6B382D35F5B20092589C /* ZLCameraImageView.m */,
				338D6B392D35F5B20092589C /* ZLCameraView.h */,
				338D6B3A2D35F5B20092589C /* ZLCameraView.m */,
				338D6B3B2D35F5B20092589C /* ZLCameraViewController.h */,
				338D6B3C2D35F5B20092589C /* ZLCameraViewController.m */,
			);
			path = ZLCamera;
			sourceTree = "<group>";
		};
		338D6B402D35F5B20092589C /* Classes */ = {
			isa = PBXGroup;
			children = (
				338D6AF62D35F5B20092589C /* LGPhotoBrowser */,
				338D6B102D35F5B20092589C /* LGPhotoPicker */,
				338D6B322D35F5B20092589C /* Third */,
				338D6B3D2D35F5B20092589C /* ZLCamera */,
				338D6B3E2D35F5B20092589C /* LGPhoto.h */,
				338D6B3F2D35F5B20092589C /* LGPhotoPickerCommon.h */,
			);
			path = Classes;
			sourceTree = "<group>";
		};
		338D6B552D35F5B20092589C /* Images */ = {
			isa = PBXGroup;
			children = (
				338D6B412D35F5B20092589C /* broswerPic0.jpg */,
				338D6B422D35F5B20092589C /* broswerPic1.jpg */,
				338D6B432D35F5B20092589C /* broswerPic2.jpg */,
				338D6B442D35F5B20092589C /* broswerPic3.jpg */,
				338D6B452D35F5B20092589C /* broswerPic4.jpg */,
				338D6B462D35F5B20092589C /* btn_back_imagePicker@2x.png */,
				338D6B472D35F5B20092589C /* checkbox_pic_non@2x.png */,
				338D6B482D35F5B20092589C /* checkbox_pic_non2@2x.png */,
				338D6B492D35F5B20092589C /* checkbox_pic@2x.png */,
				338D6B4A2D35F5B20092589C /* checkbox_pic2@2x.png */,
				338D6B4B2D35F5B20092589C /* icon_pic_break@2x.png */,
				338D6B4C2D35F5B20092589C /* lock@2x.png */,
				338D6B4D2D35F5B20092589C /* paizhao.png */,
				338D6B4E2D35F5B20092589C /* paizhao@2x.png */,
				338D6B4F2D35F5B20092589C /* shanguangdeng2.png */,
				338D6B502D35F5B20092589C /* shanguangdeng2@2x.png */,
				338D6B512D35F5B20092589C /* X.png */,
				338D6B522D35F5B20092589C /* X@2x.png */,
				338D6B532D35F5B20092589C /* xiang.png */,
				338D6B542D35F5B20092589C /* xiang@2x.png */,
			);
			path = Images;
			sourceTree = "<group>";
		};
		33F1B2CD2D33902800FFEFDA = {
			isa = PBXGroup;
			children = (
				33F1B2D82D33902800FFEFDA /* SafetyBoxAlbum */,
				33F1B2F72D33902A00FFEFDA /* SafetyBoxAlbumTests */,
				33F1B3012D33902A00FFEFDA /* SafetyBoxAlbumUITests */,
				33F1B2D72D33902800FFEFDA /* Products */,
				DF6845485DAEABA8448B484C /* Pods */,
				621DFB89943BA5199665FE26 /* Frameworks */,
			);
			sourceTree = "<group>";
		};
		33F1B2D72D33902800FFEFDA /* Products */ = {
			isa = PBXGroup;
			children = (
				33F1B2D62D33902800FFEFDA /* SafetyBoxAlbum.app */,
				33F1B2F42D33902A00FFEFDA /* SafetyBoxAlbumTests.xctest */,
				33F1B2FE2D33902A00FFEFDA /* SafetyBoxAlbumUITests.xctest */,
			);
			name = Products;
			sourceTree = "<group>";
		};
		33F1B2D82D33902800FFEFDA /* SafetyBoxAlbum */ = {
			isa = PBXGroup;
			children = (
				338D6AE22D35F5520092589C /* LGPhoto */,
				33F1B32B2D339CA000FFEFDA /* Views */,
				33F1B3272D339C5800FFEFDA /* Controller */,
				33F1B3202D339B7000FFEFDA /* Customer */,
				33F1B31C2D33997900FFEFDA /* Model */,
				33F1B3142D33968C00FFEFDA /* Configuration */,
				33F1B2D92D33902800FFEFDA /* AppDelegate.h */,
				33F1B2DA2D33902800FFEFDA /* AppDelegate.m */,
				33F1B2DF2D33902800FFEFDA /* ViewController.h */,
				33F1B2E02D33902800FFEFDA /* ViewController.m */,
				33F1B2E22D33902800FFEFDA /* Main.storyboard */,
				33F1B2E82D33902A00FFEFDA /* Assets.xcassets */,
				33F1B2EA2D33902A00FFEFDA /* LaunchScreen.storyboard */,
				33F1B2ED2D33902A00FFEFDA /* Info.plist */,
				332840382D39FC7A008732E7 /* Localizable.strings */,
				33F1B2EE2D33902A00FFEFDA /* main.m */,
				33F1B2E52D33902800FFEFDA /* SafetyBoxAlbum.xcdatamodeld */,
			);
			path = SafetyBoxAlbum;
			sourceTree = "<group>";
		};
		33F1B2F72D33902A00FFEFDA /* SafetyBoxAlbumTests */ = {
			isa = PBXGroup;
			children = (
				33F1B2F82D33902A00FFEFDA /* SafetyBoxAlbumTests.m */,
			);
			path = SafetyBoxAlbumTests;
			sourceTree = "<group>";
		};
		33F1B3012D33902A00FFEFDA /* SafetyBoxAlbumUITests */ = {
			isa = PBXGroup;
			children = (
				33F1B3022D33902A00FFEFDA /* SafetyBoxAlbumUITests.m */,
				33F1B3042D33902A00FFEFDA /* SafetyBoxAlbumUITestsLaunchTests.m */,
			);
			path = SafetyBoxAlbumUITests;
			sourceTree = "<group>";
		};
		33F1B3142D33968C00FFEFDA /* Configuration */ = {
			isa = PBXGroup;
			children = (
				33F1B3112D33941000FFEFDA /* FMDatabaseQueue+SaftyBo.h */,
				33F1B3122D33941000FFEFDA /* FMDatabaseQueue+SaftyBo.m */,
				33F1B3152D3396CD00FFEFDA /* Sql.h */,
				33F1B3182D33973300FFEFDA /* GlobalDefine.h */,
				33F1B3192D33993500FFEFDA /* TStorage.h */,
				33F1B31A2D33993500FFEFDA /* TStorage.m */,
			);
			path = Configuration;
			sourceTree = "<group>";
		};
		33F1B31C2D33997900FFEFDA /* Model */ = {
			isa = PBXGroup;
			children = (
				33F1B31D2D3399B000FFEFDA /* TAlbumObject.h */,
				33F1B31E2D3399B000FFEFDA /* TAlbumObject.m */,
				332840232D37A959008732E7 /* TPictureAudioObject.h */,
				332840242D37A959008732E7 /* TPictureAudioObject.m */,
			);
			path = Model;
			sourceTree = "<group>";
		};
		33F1B3202D339B7000FFEFDA /* Customer */ = {
			isa = PBXGroup;
			children = (
				33F1B3212D339B8C00FFEFDA /* EEToolbarCenterButtonOverlay.h */,
				33F1B3242D339B8C00FFEFDA /* EEToolbarCenterButtonOverlay.m */,
				33F1B3232D339B8C00FFEFDA /* UIToolbar+EEToolbarCenterButton.h */,
				33F1B3222D339B8C00FFEFDA /* UIToolbar+EEToolbarCenterButton.m */,
			);
			path = Customer;
			sourceTree = "<group>";
		};
		33F1B3272D339C5800FFEFDA /* Controller */ = {
			isa = PBXGroup;
			children = (
				33F1B3392D339CED00FFEFDA /* SettingViewController.h */,
				33F1B3382D339CED00FFEFDA /* SettingViewController.m */,
				33F1B3292D339C7C00FFEFDA /* AlbumSettingViewController.h */,
				33F1B3282D339C7C00FFEFDA /* AlbumSettingViewController.m */,
				332840262D3906F7008732E7 /* TPictureDetailViewController.h */,
				332840272D3906F7008732E7 /* TPictureDetailViewController.m */,
			);
			path = Controller;
			sourceTree = "<group>";
		};
		33F1B32B2D339CA000FFEFDA /* Views */ = {
			isa = PBXGroup;
			children = (
				33F1B33C2D339D0F00FFEFDA /* TSettingTableViewCell.h */,
				33F1B33E2D339D0F00FFEFDA /* TSettingTableViewCell.m */,
				33F1B33B2D339D0F00FFEFDA /* TSwitchTableViewCell.h */,
				338D6B942D363CA10092589C /* TImageCollectionViewCell.h */,
				338D6B952D363CA10092589C /* TImageCollectionViewCell.m */,
				33F1B33D2D339D0F00FFEFDA /* TSwitchTableViewCell.m */,
				33F1B32E2D339CC100FFEFDA /* AlbumHeaderView.h */,
				33F1B3322D339CC100FFEFDA /* AlbumHeaderView.m */,
				33F1B32D2D339CC100FFEFDA /* TAlbumCollectionViewCell.h */,
				33F1B32C2D339CC100FFEFDA /* TAlbumCollectionViewCell.m */,
				33F1B32F2D339CC100FFEFDA /* TCreateAlbumPhotoView.h */,
				33F1B3332D339CC100FFEFDA /* TCreateAlbumPhotoView.m */,
				33F1B3302D339CC100FFEFDA /* TCreatePhotoView.h */,
				33F1B3312D339CC100FFEFDA /* TCreatePhotoView.m */,
				338D6B972D364C4B0092589C /* TDeleteView.h */,
				338D6B982D364C4B0092589C /* TDeleteView.m */,
			);
			path = Views;
			sourceTree = "<group>";
		};
		621DFB89943BA5199665FE26 /* Frameworks */ = {
			isa = PBXGroup;
			children = (
				87C01A6CAD3BCCB2E864F575 /* Pods_SafetyBoxAlbum.framework */,
				9643FF475498D514B94A8517 /* Pods_SafetyBoxAlbum_SafetyBoxAlbumUITests.framework */,
				E36D2F49DB1311378933A56E /* Pods_SafetyBoxAlbumTests.framework */,
			);
			name = Frameworks;
			sourceTree = "<group>";
		};
		DF6845485DAEABA8448B484C /* Pods */ = {
			isa = PBXGroup;
			children = (
				6CCF54D98905E0C36D1BE930 /* Pods-SafetyBoxAlbum.debug.xcconfig */,
				29619D40BE61B01BB2356623 /* Pods-SafetyBoxAlbum.release.xcconfig */,
				060523A60DA9A246713D9107 /* Pods-SafetyBoxAlbum-SafetyBoxAlbumUITests.debug.xcconfig */,
				0F5272A926E7BEAC83666E3C /* Pods-SafetyBoxAlbum-SafetyBoxAlbumUITests.release.xcconfig */,
				2923387963A45C949250FF48 /* Pods-SafetyBoxAlbumTests.debug.xcconfig */,
				939E44B0199E907EC9AC3705 /* Pods-SafetyBoxAlbumTests.release.xcconfig */,
			);
			path = Pods;
			sourceTree = "<group>";
		};
/* End PBXGroup section */

/* Begin PBXNativeTarget section */
		33F1B2D52D33902800FFEFDA /* SafetyBoxAlbum */ = {
			isa = PBXNativeTarget;
			buildConfigurationList = 33F1B3082D33902A00FFEFDA /* Build configuration list for PBXNativeTarget "SafetyBoxAlbum" */;
			buildPhases = (
				5DF1EDFD85AFC3D4905C8BA7 /* [CP] Check Pods Manifest.lock */,
				33F1B2D22D33902800FFEFDA /* Sources */,
				33F1B2D32D33902800FFEFDA /* Frameworks */,
				33F1B2D42D33902800FFEFDA /* Resources */,
				7812F5A76C44ED09C8B9E9A3 /* [CP] Embed Pods Frameworks */,
			);
			buildRules = (
			);
			dependencies = (
			);
			name = SafetyBoxAlbum;
			productName = SafetyBoxAlbum;
			productReference = 33F1B2D62D33902800FFEFDA /* SafetyBoxAlbum.app */;
			productType = "com.apple.product-type.application";
		};
		33F1B2F32D33902A00FFEFDA /* SafetyBoxAlbumTests */ = {
			isa = PBXNativeTarget;
			buildConfigurationList = 33F1B30B2D33902A00FFEFDA /* Build configuration list for PBXNativeTarget "SafetyBoxAlbumTests" */;
			buildPhases = (
				B68FE857035645F22BDA0F31 /* [CP] Check Pods Manifest.lock */,
				33F1B2F02D33902A00FFEFDA /* Sources */,
				33F1B2F12D33902A00FFEFDA /* Frameworks */,
				33F1B2F22D33902A00FFEFDA /* Resources */,
			);
			buildRules = (
			);
			dependencies = (
				33F1B2F62D33902A00FFEFDA /* PBXTargetDependency */,
			);
			name = SafetyBoxAlbumTests;
			productName = SafetyBoxAlbumTests;
			productReference = 33F1B2F42D33902A00FFEFDA /* SafetyBoxAlbumTests.xctest */;
			productType = "com.apple.product-type.bundle.unit-test";
		};
		33F1B2FD2D33902A00FFEFDA /* SafetyBoxAlbumUITests */ = {
			isa = PBXNativeTarget;
			buildConfigurationList = 33F1B30E2D33902A00FFEFDA /* Build configuration list for PBXNativeTarget "SafetyBoxAlbumUITests" */;
			buildPhases = (
				25F3F61200E997691257A18B /* [CP] Check Pods Manifest.lock */,
				33F1B2FA2D33902A00FFEFDA /* Sources */,
				33F1B2FB2D33902A00FFEFDA /* Frameworks */,
				33F1B2FC2D33902A00FFEFDA /* Resources */,
				A3B7556AFF4D1BE87547E9B4 /* [CP] Embed Pods Frameworks */,
			);
			buildRules = (
			);
			dependencies = (
				33F1B3002D33902A00FFEFDA /* PBXTargetDependency */,
			);
			name = SafetyBoxAlbumUITests;
			productName = SafetyBoxAlbumUITests;
			productReference = 33F1B2FE2D33902A00FFEFDA /* SafetyBoxAlbumUITests.xctest */;
			productType = "com.apple.product-type.bundle.ui-testing";
		};
/* End PBXNativeTarget section */

/* Begin PBXProject section */
		33F1B2CE2D33902800FFEFDA /* Project object */ = {
			isa = PBXProject;
			attributes = {
				BuildIndependentTargetsInParallel = 1;
				LastUpgradeCheck = 1540;
				TargetAttributes = {
					33F1B2D52D33902800FFEFDA = {
						CreatedOnToolsVersion = 15.4;
					};
					33F1B2F32D33902A00FFEFDA = {
						CreatedOnToolsVersion = 15.4;
						TestTargetID = 33F1B2D52D33902800FFEFDA;
					};
					33F1B2FD2D33902A00FFEFDA = {
						CreatedOnToolsVersion = 15.4;
						TestTargetID = 33F1B2D52D33902800FFEFDA;
					};
				};
			};
			buildConfigurationList = 33F1B2D12D33902800FFEFDA /* Build configuration list for PBXProject "SafetyBoxAlbum" */;
			compatibilityVersion = "Xcode 15.0";
			developmentRegion = en;
			hasScannedForEncodings = 0;
			knownRegions = (
				en,
				Base,
				"zh-Hans",
			);
			mainGroup = 33F1B2CD2D33902800FFEFDA;
			productRefGroup = 33F1B2D72D33902800FFEFDA /* Products */;
			projectDirPath = "";
			projectRoot = "";
			targets = (
				33F1B2D52D33902800FFEFDA /* SafetyBoxAlbum */,
				33F1B2F32D33902A00FFEFDA /* SafetyBoxAlbumTests */,
				33F1B2FD2D33902A00FFEFDA /* SafetyBoxAlbumUITests */,
			);
		};
/* End PBXProject section */

/* Begin PBXResourcesBuildPhase section */
		33F1B2D42D33902800FFEFDA /* Resources */ = {
			isa = PBXResourcesBuildPhase;
			buildActionMask = 2147483647;
			files = (
				338D6B8C2D35F5B20092589C /* shanguangdeng2@2x.png in Resources */,
				338D6B822D35F5B20092589C /* btn_back_imagePicker@2x.png in Resources */,
				338D6B7F2D35F5B20092589C /* broswerPic2.jpg in Resources */,
				338D6B802D35F5B20092589C /* broswerPic3.jpg in Resources */,
				338D6B862D35F5B20092589C /* checkbox_pic2@2x.png in Resources */,
				338D6B8F2D35F5B20092589C /* xiang.png in Resources */,
				338D6B812D35F5B20092589C /* broswerPic4.jpg in Resources */,
				338D6B8B2D35F5B20092589C /* shanguangdeng2.png in Resources */,
				338D6B7E2D35F5B20092589C /* broswerPic1.jpg in Resources */,
				33F1B2E92D33902A00FFEFDA /* Assets.xcassets in Resources */,
				338D6B882D35F5B20092589C /* lock@2x.png in Resources */,
				338D6B852D35F5B20092589C /* checkbox_pic@2x.png in Resources */,
				338D6B872D35F5B20092589C /* icon_pic_break@2x.png in Resources */,
				332840392D39FC7A008732E7 /* Localizable.strings in Resources */,
				338D6B902D35F5B20092589C /* xiang@2x.png in Resources */,
				338D6B892D35F5B20092589C /* paizhao.png in Resources */,
				338D6B832D35F5B20092589C /* checkbox_pic_non@2x.png in Resources */,
				338D6B8A2D35F5B20092589C /* paizhao@2x.png in Resources */,
				33F1B2EC2D33902A00FFEFDA /* Base in Resources */,
				338D6B8D2D35F5B20092589C /* X.png in Resources */,
				338D6B7D2D35F5B20092589C /* broswerPic0.jpg in Resources */,
				338D6B8E2D35F5B20092589C /* X@2x.png in Resources */,
				338D6B842D35F5B20092589C /* checkbox_pic_non2@2x.png in Resources */,
				33F1B2E42D33902800FFEFDA /* Base in Resources */,
			);
			runOnlyForDeploymentPostprocessing = 0;
		};
		33F1B2F22D33902A00FFEFDA /* Resources */ = {
			isa = PBXResourcesBuildPhase;
			buildActionMask = 2147483647;
			files = (
			);
			runOnlyForDeploymentPostprocessing = 0;
		};
		33F1B2FC2D33902A00FFEFDA /* Resources */ = {
			isa = PBXResourcesBuildPhase;
			buildActionMask = 2147483647;
			files = (
			);
			runOnlyForDeploymentPostprocessing = 0;
		};
/* End PBXResourcesBuildPhase section */

/* Begin PBXShellScriptBuildPhase section */
		25F3F61200E997691257A18B /* [CP] Check Pods Manifest.lock */ = {
			isa = PBXShellScriptBuildPhase;
			buildActionMask = 2147483647;
			files = (
			);
			inputFileListPaths = (
			);
			inputPaths = (
				"${PODS_PODFILE_DIR_PATH}/Podfile.lock",
				"${PODS_ROOT}/Manifest.lock",
			);
			name = "[CP] Check Pods Manifest.lock";
			outputFileListPaths = (
			);
			outputPaths = (
				"$(DERIVED_FILE_DIR)/Pods-SafetyBoxAlbum-SafetyBoxAlbumUITests-checkManifestLockResult.txt",
			);
			runOnlyForDeploymentPostprocessing = 0;
			shellPath = /bin/sh;
			shellScript = "diff \"${PODS_PODFILE_DIR_PATH}/Podfile.lock\" \"${PODS_ROOT}/Manifest.lock\" > /dev/null\nif [ $? != 0 ] ; then\n    # print error to STDERR\n    echo \"error: The sandbox is not in sync with the Podfile.lock. Run 'pod install' or update your CocoaPods installation.\" >&2\n    exit 1\nfi\n# This output is used by Xcode 'outputs' to avoid re-running this script phase.\necho \"SUCCESS\" > \"${SCRIPT_OUTPUT_FILE_0}\"\n";
			showEnvVarsInLog = 0;
		};
		5DF1EDFD85AFC3D4905C8BA7 /* [CP] Check Pods Manifest.lock */ = {
			isa = PBXShellScriptBuildPhase;
			buildActionMask = 2147483647;
			files = (
			);
			inputFileListPaths = (
			);
			inputPaths = (
				"${PODS_PODFILE_DIR_PATH}/Podfile.lock",
				"${PODS_ROOT}/Manifest.lock",
			);
			name = "[CP] Check Pods Manifest.lock";
			outputFileListPaths = (
			);
			outputPaths = (
				"$(DERIVED_FILE_DIR)/Pods-SafetyBoxAlbum-checkManifestLockResult.txt",
			);
			runOnlyForDeploymentPostprocessing = 0;
			shellPath = /bin/sh;
			shellScript = "diff \"${PODS_PODFILE_DIR_PATH}/Podfile.lock\" \"${PODS_ROOT}/Manifest.lock\" > /dev/null\nif [ $? != 0 ] ; then\n    # print error to STDERR\n    echo \"error: The sandbox is not in sync with the Podfile.lock. Run 'pod install' or update your CocoaPods installation.\" >&2\n    exit 1\nfi\n# This output is used by Xcode 'outputs' to avoid re-running this script phase.\necho \"SUCCESS\" > \"${SCRIPT_OUTPUT_FILE_0}\"\n";
			showEnvVarsInLog = 0;
		};
		7812F5A76C44ED09C8B9E9A3 /* [CP] Embed Pods Frameworks */ = {
			isa = PBXShellScriptBuildPhase;
			buildActionMask = 2147483647;
			files = (
			);
			inputFileListPaths = (
				"${PODS_ROOT}/Target Support Files/Pods-SafetyBoxAlbum/Pods-SafetyBoxAlbum-frameworks-${CONFIGURATION}-input-files.xcfilelist",
			);
			name = "[CP] Embed Pods Frameworks";
			outputFileListPaths = (
				"${PODS_ROOT}/Target Support Files/Pods-SafetyBoxAlbum/Pods-SafetyBoxAlbum-frameworks-${CONFIGURATION}-output-files.xcfilelist",
			);
			runOnlyForDeploymentPostprocessing = 0;
			shellPath = /bin/sh;
			shellScript = "\"${PODS_ROOT}/Target Support Files/Pods-SafetyBoxAlbum/Pods-SafetyBoxAlbum-frameworks.sh\"\n";
			showEnvVarsInLog = 0;
		};
		A3B7556AFF4D1BE87547E9B4 /* [CP] Embed Pods Frameworks */ = {
			isa = PBXShellScriptBuildPhase;
			buildActionMask = 2147483647;
			files = (
			);
			inputFileListPaths = (
				"${PODS_ROOT}/Target Support Files/Pods-SafetyBoxAlbum-SafetyBoxAlbumUITests/Pods-SafetyBoxAlbum-SafetyBoxAlbumUITests-frameworks-${CONFIGURATION}-input-files.xcfilelist",
			);
			name = "[CP] Embed Pods Frameworks";
			outputFileListPaths = (
				"${PODS_ROOT}/Target Support Files/Pods-SafetyBoxAlbum-SafetyBoxAlbumUITests/Pods-SafetyBoxAlbum-SafetyBoxAlbumUITests-frameworks-${CONFIGURATION}-output-files.xcfilelist",
			);
			runOnlyForDeploymentPostprocessing = 0;
			shellPath = /bin/sh;
			shellScript = "\"${PODS_ROOT}/Target Support Files/Pods-SafetyBoxAlbum-SafetyBoxAlbumUITests/Pods-SafetyBoxAlbum-SafetyBoxAlbumUITests-frameworks.sh\"\n";
			showEnvVarsInLog = 0;
		};
		B68FE857035645F22BDA0F31 /* [CP] Check Pods Manifest.lock */ = {
			isa = PBXShellScriptBuildPhase;
			buildActionMask = 2147483647;
			files = (
			);
			inputFileListPaths = (
			);
			inputPaths = (
				"${PODS_PODFILE_DIR_PATH}/Podfile.lock",
				"${PODS_ROOT}/Manifest.lock",
			);
			name = "[CP] Check Pods Manifest.lock";
			outputFileListPaths = (
			);
			outputPaths = (
				"$(DERIVED_FILE_DIR)/Pods-SafetyBoxAlbumTests-checkManifestLockResult.txt",
			);
			runOnlyForDeploymentPostprocessing = 0;
			shellPath = /bin/sh;
			shellScript = "diff \"${PODS_PODFILE_DIR_PATH}/Podfile.lock\" \"${PODS_ROOT}/Manifest.lock\" > /dev/null\nif [ $? != 0 ] ; then\n    # print error to STDERR\n    echo \"error: The sandbox is not in sync with the Podfile.lock. Run 'pod install' or update your CocoaPods installation.\" >&2\n    exit 1\nfi\n# This output is used by Xcode 'outputs' to avoid re-running this script phase.\necho \"SUCCESS\" > \"${SCRIPT_OUTPUT_FILE_0}\"\n";
			showEnvVarsInLog = 0;
		};
/* End PBXShellScriptBuildPhase section */

/* Begin PBXSourcesBuildPhase section */
		33F1B2D22D33902800FFEFDA /* Sources */ = {
			isa = PBXSourcesBuildPhase;
			buildActionMask = 2147483647;
			files = (
				338D6B782D35F5B20092589C /* LGCameraImageView.m in Sources */,
				338D6B6D2D35F5B20092589C /* SDWebImageDecoder.m in Sources */,
				338D6B702D35F5B20092589C /* SDWebImageManager.m in Sources */,
				33F1B31B2D33993500FFEFDA /* TStorage.m in Sources */,
				33F1B2EF2D33902A00FFEFDA /* main.m in Sources */,
				338D6B622D35F5B20092589C /* LGPhotoPickerGroupViewController.m in Sources */,
				33F1B2E12D33902800FFEFDA /* ViewController.m in Sources */,
				332840252D37A959008732E7 /* TPictureAudioObject.m in Sources */,
				33F1B3342D339CC100FFEFDA /* TAlbumCollectionViewCell.m in Sources */,
				33F1B31F2D3399B000FFEFDA /* TAlbumObject.m in Sources */,
				338D6B582D35F5B20092589C /* LGPhotoPickerBrowserViewController.m in Sources */,
				338D6B5C2D35F5B20092589C /* LGPhotoPickerBrowserPhotoView.m in Sources */,
				33F1B3362D339CC100FFEFDA /* AlbumHeaderView.m in Sources */,
				33F1B3262D339B8C00FFEFDA /* EEToolbarCenterButtonOverlay.m in Sources */,
				338D6B6B2D35F5B20092589C /* SDImageCache.m in Sources */,
				33F1B3352D339CC100FFEFDA /* TCreatePhotoView.m in Sources */,
				338D6B5E2D35F5B20092589C /* LGPhotoAssets.m in Sources */,
				338D6B792D35F5B20092589C /* ZLCamera.m in Sources */,
				33F1B3132D33941000FFEFDA /* FMDatabaseQueue+SaftyBo.m in Sources */,
				338D6B742D35F5B20092589C /* UIImage+MultiFormat.m in Sources */,
				338D6B572D35F5B20092589C /* LGPhotoRect.m in Sources */,
				33F1B2E72D33902800FFEFDA /* SafetyBoxAlbum.xcdatamodeld in Sources */,
				338D6B7B2D35F5B20092589C /* ZLCameraView.m in Sources */,
				338D6B5A2D35F5B20092589C /* LGPhotoPickerBrowserPhotoImageView.m in Sources */,
				338D6B732D35F5B20092589C /* UIImage+GIF.m in Sources */,
				338D6B6C2D35F5B20092589C /* SDWebImageCompat.m in Sources */,
				338D6B5B2D35F5B20092589C /* LGPhotoPickerBrowserPhotoScrollView.m in Sources */,
				338D6B5D2D35F5B20092589C /* LGPhotoPickerCustomToolBarView.m in Sources */,
				33F1B33F2D339D0F00FFEFDA /* TSwitchTableViewCell.m in Sources */,
				33F1B3372D339CC100FFEFDA /* TCreateAlbumPhotoView.m in Sources */,
				338D6B752D35F5B20092589C /* UIImageView+HighlightedWebCache.m in Sources */,
				338D6B6F2D35F5B20092589C /* SDWebImageDownloaderOperation.m in Sources */,
				33F1B32A2D339C7C00FFEFDA /* AlbumSettingViewController.m in Sources */,
				338D6B612D35F5B20092589C /* LGPhotoPickerAssetsViewController.m in Sources */,
				33F1B3402D339D0F00FFEFDA /* TSettingTableViewCell.m in Sources */,
				33F1B3252D339B8C00FFEFDA /* UIToolbar+EEToolbarCenterButton.m in Sources */,
				338D6B762D35F5B20092589C /* UIImageView+WebCache.m in Sources */,
				33F1B2DB2D33902800FFEFDA /* AppDelegate.m in Sources */,
				338D6B772D35F5B20092589C /* UIView+WebCacheOperation.m in Sources */,
				338D6B992D364C4B0092589C /* TDeleteView.m in Sources */,
				338D6B7A2D35F5B20092589C /* ZLCameraImageView.m in Sources */,
				338D6B5F2D35F5B20092589C /* LGPhotoPickerDatas.m in Sources */,
				338D6B652D35F5B20092589C /* LGPhotoPickerCollectionViewCell.m in Sources */,
				338D6B672D35F5B20092589C /* LGPhotoPickerGroupTableViewCell.m in Sources */,
				338D6B642D35F5B20092589C /* LGPhotoPickerCollectionView.m in Sources */,
				338D6B692D35F5B20092589C /* DACircularProgressView.m in Sources */,
				33F1B33A2D339CED00FFEFDA /* SettingViewController.m in Sources */,
				332840282D3906F7008732E7 /* TPictureDetailViewController.m in Sources */,
				338D6B712D35F5B20092589C /* SDWebImagePrefetcher.m in Sources */,
				338D6B962D363CA10092589C /* TImageCollectionViewCell.m in Sources */,
				338D6B592D35F5B20092589C /* LGImagePickerSelectView.m in Sources */,
				338D6B6A2D35F5B20092589C /* NSData+ImageContentType.m in Sources */,
				338D6B562D35F5B20092589C /* LGPhotoPickerBrowserPhoto.m in Sources */,
				338D6B7C2D35F5B20092589C /* ZLCameraViewController.m in Sources */,
				338D6B682D35F5B20092589C /* LGPhotoPickerImageView.m in Sources */,
				338D6B602D35F5B20092589C /* LGPhotoPickerGroup.m in Sources */,
				338D6B662D35F5B20092589C /* LGPhotoPickerFooterCollectionReusableView.m in Sources */,
				338D6B722D35F5B20092589C /* UIButton+WebCache.m in Sources */,
				338D6B6E2D35F5B20092589C /* SDWebImageDownloader.m in Sources */,
				338D6B632D35F5B20092589C /* LGPhotoPickerViewController.m in Sources */,
			);
			runOnlyForDeploymentPostprocessing = 0;
		};
		33F1B2F02D33902A00FFEFDA /* Sources */ = {
			isa = PBXSourcesBuildPhase;
			buildActionMask = 2147483647;
			files = (
				33F1B2F92D33902A00FFEFDA /* SafetyBoxAlbumTests.m in Sources */,
			);
			runOnlyForDeploymentPostprocessing = 0;
		};
		33F1B2FA2D33902A00FFEFDA /* Sources */ = {
			isa = PBXSourcesBuildPhase;
			buildActionMask = 2147483647;
			files = (
				33F1B3052D33902A00FFEFDA /* SafetyBoxAlbumUITestsLaunchTests.m in Sources */,
				33F1B3032D33902A00FFEFDA /* SafetyBoxAlbumUITests.m in Sources */,
			);
			runOnlyForDeploymentPostprocessing = 0;
		};
/* End PBXSourcesBuildPhase section */

/* Begin PBXTargetDependency section */
		33F1B2F62D33902A00FFEFDA /* PBXTargetDependency */ = {
			isa = PBXTargetDependency;
			target = 33F1B2D52D33902800FFEFDA /* SafetyBoxAlbum */;
			targetProxy = 33F1B2F52D33902A00FFEFDA /* PBXContainerItemProxy */;
		};
		33F1B3002D33902A00FFEFDA /* PBXTargetDependency */ = {
			isa = PBXTargetDependency;
			target = 33F1B2D52D33902800FFEFDA /* SafetyBoxAlbum */;
			targetProxy = 33F1B2FF2D33902A00FFEFDA /* PBXContainerItemProxy */;
		};
/* End PBXTargetDependency section */

/* Begin PBXVariantGroup section */
		332840382D39FC7A008732E7 /* Localizable.strings */ = {
			isa = PBXVariantGroup;
			children = (
				332840372D39FC7A008732E7 /* en */,
				3328403C2D39FCC7008732E7 /* zh-Hans */,
			);
			name = Localizable.strings;
			sourceTree = "<group>";
		};
		33F1B2E22D33902800FFEFDA /* Main.storyboard */ = {
			isa = PBXVariantGroup;
			children = (
				33F1B2E32D33902800FFEFDA /* Base */,
				3328403A2D39FCC6008732E7 /* zh-Hans */,
			);
			name = Main.storyboard;
			sourceTree = "<group>";
		};
		33F1B2EA2D33902A00FFEFDA /* LaunchScreen.storyboard */ = {
			isa = PBXVariantGroup;
			children = (
				33F1B2EB2D33902A00FFEFDA /* Base */,
				3328403B2D39FCC7008732E7 /* zh-Hans */,
			);
			name = LaunchScreen.storyboard;
			sourceTree = "<group>";
		};
/* End PBXVariantGroup section */

/* Begin XCBuildConfiguration section */
		33F1B3062D33902A00FFEFDA /* Debug */ = {
			isa = XCBuildConfiguration;
			buildSettings = {
				ALWAYS_SEARCH_USER_PATHS = NO;
				ASSETCATALOG_COMPILER_GENERATE_SWIFT_ASSET_SYMBOL_EXTENSIONS = YES;
				CLANG_ANALYZER_LOCALIZABILITY_NONLOCALIZED = YES;
				CLANG_ANALYZER_NONNULL = YES;
				CLANG_ANALYZER_NUMBER_OBJECT_CONVERSION = YES_AGGRESSIVE;
				CLANG_CXX_LANGUAGE_STANDARD = "gnu++20";
				CLANG_ENABLE_MODULES = YES;
				CLANG_ENABLE_OBJC_ARC = YES;
				CLANG_ENABLE_OBJC_WEAK = YES;
				CLANG_WARN_BLOCK_CAPTURE_AUTORELEASING = YES;
				CLANG_WARN_BOOL_CONVERSION = YES;
				CLANG_WARN_COMMA = YES;
				CLANG_WARN_CONSTANT_CONVERSION = YES;
				CLANG_WARN_DEPRECATED_OBJC_IMPLEMENTATIONS = YES;
				CLANG_WARN_DIRECT_OBJC_ISA_USAGE = YES_ERROR;
				CLANG_WARN_DOCUMENTATION_COMMENTS = YES;
				CLANG_WARN_EMPTY_BODY = YES;
				CLANG_WARN_ENUM_CONVERSION = YES;
				CLANG_WARN_INFINITE_RECURSION = YES;
				CLANG_WARN_INT_CONVERSION = YES;
				CLANG_WARN_NON_LITERAL_NULL_CONVERSION = YES;
				CLANG_WARN_OBJC_IMPLICIT_RETAIN_SELF = YES;
				CLANG_WARN_OBJC_LITERAL_CONVERSION = YES;
				CLANG_WARN_OBJC_ROOT_CLASS = YES_ERROR;
				CLANG_WARN_QUOTED_INCLUDE_IN_FRAMEWORK_HEADER = YES;
				CLANG_WARN_RANGE_LOOP_ANALYSIS = YES;
				CLANG_WARN_STRICT_PROTOTYPES = YES;
				CLANG_WARN_SUSPICIOUS_MOVE = YES;
				CLANG_WARN_UNGUARDED_AVAILABILITY = YES_AGGRESSIVE;
				CLANG_WARN_UNREACHABLE_CODE = YES;
				CLANG_WARN__DUPLICATE_METHOD_MATCH = YES;
				COPY_PHASE_STRIP = NO;
				DEBUG_INFORMATION_FORMAT = dwarf;
				ENABLE_STRICT_OBJC_MSGSEND = YES;
				ENABLE_TESTABILITY = YES;
				ENABLE_USER_SCRIPT_SANDBOXING = NO;
				GCC_C_LANGUAGE_STANDARD = gnu17;
				GCC_DYNAMIC_NO_PIC = NO;
				GCC_NO_COMMON_BLOCKS = YES;
				GCC_OPTIMIZATION_LEVEL = 0;
				GCC_PREPROCESSOR_DEFINITIONS = (
					"DEBUG=1",
					"$(inherited)",
				);
				GCC_WARN_64_TO_32_BIT_CONVERSION = YES;
				GCC_WARN_ABOUT_RETURN_TYPE = YES_ERROR;
				GCC_WARN_UNDECLARED_SELECTOR = YES;
				GCC_WARN_UNINITIALIZED_AUTOS = YES_AGGRESSIVE;
				GCC_WARN_UNUSED_FUNCTION = YES;
				GCC_WARN_UNUSED_VARIABLE = YES;
				IPHONEOS_DEPLOYMENT_TARGET = 17.5;
				LOCALIZATION_PREFERS_STRING_CATALOGS = YES;
				MTL_ENABLE_DEBUG_INFO = INCLUDE_SOURCE;
				MTL_FAST_MATH = YES;
				ONLY_ACTIVE_ARCH = YES;
				SDKROOT = iphoneos;
			};
			name = Debug;
		};
		33F1B3072D33902A00FFEFDA /* Release */ = {
			isa = XCBuildConfiguration;
			buildSettings = {
				ALWAYS_SEARCH_USER_PATHS = NO;
				ASSETCATALOG_COMPILER_GENERATE_SWIFT_ASSET_SYMBOL_EXTENSIONS = YES;
				CLANG_ANALYZER_LOCALIZABILITY_NONLOCALIZED = YES;
				CLANG_ANALYZER_NONNULL = YES;
				CLANG_ANALYZER_NUMBER_OBJECT_CONVERSION = YES_AGGRESSIVE;
				CLANG_CXX_LANGUAGE_STANDARD = "gnu++20";
				CLANG_ENABLE_MODULES = YES;
				CLANG_ENABLE_OBJC_ARC = YES;
				CLANG_ENABLE_OBJC_WEAK = YES;
				CLANG_WARN_BLOCK_CAPTURE_AUTORELEASING = YES;
				CLANG_WARN_BOOL_CONVERSION = YES;
				CLANG_WARN_COMMA = YES;
				CLANG_WARN_CONSTANT_CONVERSION = YES;
				CLANG_WARN_DEPRECATED_OBJC_IMPLEMENTATIONS = YES;
				CLANG_WARN_DIRECT_OBJC_ISA_USAGE = YES_ERROR;
				CLANG_WARN_DOCUMENTATION_COMMENTS = YES;
				CLANG_WARN_EMPTY_BODY = YES;
				CLANG_WARN_ENUM_CONVERSION = YES;
				CLANG_WARN_INFINITE_RECURSION = YES;
				CLANG_WARN_INT_CONVERSION = YES;
				CLANG_WARN_NON_LITERAL_NULL_CONVERSION = YES;
				CLANG_WARN_OBJC_IMPLICIT_RETAIN_SELF = YES;
				CLANG_WARN_OBJC_LITERAL_CONVERSION = YES;
				CLANG_WARN_OBJC_ROOT_CLASS = YES_ERROR;
				CLANG_WARN_QUOTED_INCLUDE_IN_FRAMEWORK_HEADER = YES;
				CLANG_WARN_RANGE_LOOP_ANALYSIS = YES;
				CLANG_WARN_STRICT_PROTOTYPES = YES;
				CLANG_WARN_SUSPICIOUS_MOVE = YES;
				CLANG_WARN_UNGUARDED_AVAILABILITY = YES_AGGRESSIVE;
				CLANG_WARN_UNREACHABLE_CODE = YES;
				CLANG_WARN__DUPLICATE_METHOD_MATCH = YES;
				COPY_PHASE_STRIP = NO;
				DEBUG_INFORMATION_FORMAT = "dwarf-with-dsym";
				ENABLE_NS_ASSERTIONS = NO;
				ENABLE_STRICT_OBJC_MSGSEND = YES;
				ENABLE_USER_SCRIPT_SANDBOXING = NO;
				GCC_C_LANGUAGE_STANDARD = gnu17;
				GCC_NO_COMMON_BLOCKS = YES;
				GCC_WARN_64_TO_32_BIT_CONVERSION = YES;
				GCC_WARN_ABOUT_RETURN_TYPE = YES_ERROR;
				GCC_WARN_UNDECLARED_SELECTOR = YES;
				GCC_WARN_UNINITIALIZED_AUTOS = YES_AGGRESSIVE;
				GCC_WARN_UNUSED_FUNCTION = YES;
				GCC_WARN_UNUSED_VARIABLE = YES;
				IPHONEOS_DEPLOYMENT_TARGET = 17.5;
				LOCALIZATION_PREFERS_STRING_CATALOGS = YES;
				MTL_ENABLE_DEBUG_INFO = NO;
				MTL_FAST_MATH = YES;
				SDKROOT = iphoneos;
				VALIDATE_PRODUCT = YES;
			};
			name = Release;
		};
		33F1B3092D33902A00FFEFDA /* Debug */ = {
			isa = XCBuildConfiguration;
			baseConfigurationReference = 6CCF54D98905E0C36D1BE930 /* Pods-SafetyBoxAlbum.debug.xcconfig */;
			buildSettings = {
				ASSETCATALOG_COMPILER_APPICON_NAME = AppIcon;
				ASSETCATALOG_COMPILER_GLOBAL_ACCENT_COLOR_NAME = AccentColor;
				CODE_SIGN_STYLE = Automatic;
				CURRENT_PROJECT_VERSION = 1;
				DEVELOPMENT_TEAM = 99KXN3T389;
				GENERATE_INFOPLIST_FILE = YES;
				INFOPLIST_FILE = SafetyBoxAlbum/Info.plist;
				INFOPLIST_KEY_UIApplicationSupportsIndirectInputEvents = YES;
				INFOPLIST_KEY_UILaunchStoryboardName = LaunchScreen;
				INFOPLIST_KEY_UIMainStoryboardFile = Main;
				INFOPLIST_KEY_UISupportedInterfaceOrientations_iPad = "UIInterfaceOrientationPortrait UIInterfaceOrientationPortraitUpsideDown UIInterfaceOrientationLandscapeLeft UIInterfaceOrientationLandscapeRight";
				INFOPLIST_KEY_UISupportedInterfaceOrientations_iPhone = "UIInterfaceOrientationPortrait UIInterfaceOrientationLandscapeLeft UIInterfaceOrientationLandscapeRight";
				IPHONEOS_DEPLOYMENT_TARGET = 13.0;
				LD_RUNPATH_SEARCH_PATHS = (
					"$(inherited)",
					"@executable_path/Frameworks",
				);
				MARKETING_VERSION = 1.0;
				PRODUCT_BUNDLE_IDENTIFIER = com.bvt.SafetyBoxAlbum;
				PRODUCT_NAME = "$(TARGET_NAME)";
				SWIFT_EMIT_LOC_STRINGS = YES;
				TARGETED_DEVICE_FAMILY = "1,2";
				USER_HEADER_SEARCH_PATHS = "$(SRCROOT)/SafetyBoxAlbum";
			};
			name = Debug;
		};
		33F1B30A2D33902A00FFEFDA /* Release */ = {
			isa = XCBuildConfiguration;
			baseConfigurationReference = 29619D40BE61B01BB2356623 /* Pods-SafetyBoxAlbum.release.xcconfig */;
			buildSettings = {
				ASSETCATALOG_COMPILER_APPICON_NAME = AppIcon;
				ASSETCATALOG_COMPILER_GLOBAL_ACCENT_COLOR_NAME = AccentColor;
				CODE_SIGN_STYLE = Automatic;
				CURRENT_PROJECT_VERSION = 1;
				DEVELOPMENT_TEAM = 99KXN3T389;
				GENERATE_INFOPLIST_FILE = YES;
				INFOPLIST_FILE = SafetyBoxAlbum/Info.plist;
				INFOPLIST_KEY_UIApplicationSupportsIndirectInputEvents = YES;
				INFOPLIST_KEY_UILaunchStoryboardName = LaunchScreen;
				INFOPLIST_KEY_UIMainStoryboardFile = Main;
				INFOPLIST_KEY_UISupportedInterfaceOrientations_iPad = "UIInterfaceOrientationPortrait UIInterfaceOrientationPortraitUpsideDown UIInterfaceOrientationLandscapeLeft UIInterfaceOrientationLandscapeRight";
				INFOPLIST_KEY_UISupportedInterfaceOrientations_iPhone = "UIInterfaceOrientationPortrait UIInterfaceOrientationLandscapeLeft UIInterfaceOrientationLandscapeRight";
				IPHONEOS_DEPLOYMENT_TARGET = 13.0;
				LD_RUNPATH_SEARCH_PATHS = (
					"$(inherited)",
					"@executable_path/Frameworks",
				);
				MARKETING_VERSION = 1.0;
				PRODUCT_BUNDLE_IDENTIFIER = com.bvt.SafetyBoxAlbum;
				PRODUCT_NAME = "$(TARGET_NAME)";
				SWIFT_EMIT_LOC_STRINGS = YES;
				TARGETED_DEVICE_FAMILY = "1,2";
				USER_HEADER_SEARCH_PATHS = "$(SRCROOT)/SafetyBoxAlbum";
			};
			name = Release;
		};
		33F1B30C2D33902A00FFEFDA /* Debug */ = {
			isa = XCBuildConfiguration;
			baseConfigurationReference = 2923387963A45C949250FF48 /* Pods-SafetyBoxAlbumTests.debug.xcconfig */;
			buildSettings = {
				BUNDLE_LOADER = "$(TEST_HOST)";
				CODE_SIGN_STYLE = Automatic;
				CURRENT_PROJECT_VERSION = 1;
				DEVELOPMENT_TEAM = WLHL7QP9YU;
				GENERATE_INFOPLIST_FILE = YES;
				IPHONEOS_DEPLOYMENT_TARGET = 17.5;
				MARKETING_VERSION = 1.0;
				PRODUCT_BUNDLE_IDENTIFIER = com.bvt.tom.SafetyBoxAlbumTests;
				PRODUCT_NAME = "$(TARGET_NAME)";
				SWIFT_EMIT_LOC_STRINGS = NO;
				TARGETED_DEVICE_FAMILY = "1,2";
				TEST_HOST = "$(BUILT_PRODUCTS_DIR)/SafetyBoxAlbum.app/$(BUNDLE_EXECUTABLE_FOLDER_PATH)/SafetyBoxAlbum";
			};
			name = Debug;
		};
		33F1B30D2D33902A00FFEFDA /* Release */ = {
			isa = XCBuildConfiguration;
			baseConfigurationReference = 939E44B0199E907EC9AC3705 /* Pods-SafetyBoxAlbumTests.release.xcconfig */;
			buildSettings = {
				BUNDLE_LOADER = "$(TEST_HOST)";
				CODE_SIGN_STYLE = Automatic;
				CURRENT_PROJECT_VERSION = 1;
				DEVELOPMENT_TEAM = WLHL7QP9YU;
				GENERATE_INFOPLIST_FILE = YES;
				IPHONEOS_DEPLOYMENT_TARGET = 17.5;
				MARKETING_VERSION = 1.0;
				PRODUCT_BUNDLE_IDENTIFIER = com.bvt.tom.SafetyBoxAlbumTests;
				PRODUCT_NAME = "$(TARGET_NAME)";
				SWIFT_EMIT_LOC_STRINGS = NO;
				TARGETED_DEVICE_FAMILY = "1,2";
				TEST_HOST = "$(BUILT_PRODUCTS_DIR)/SafetyBoxAlbum.app/$(BUNDLE_EXECUTABLE_FOLDER_PATH)/SafetyBoxAlbum";
			};
			name = Release;
		};
		33F1B30F2D33902A00FFEFDA /* Debug */ = {
			isa = XCBuildConfiguration;
			baseConfigurationReference = 060523A60DA9A246713D9107 /* Pods-SafetyBoxAlbum-SafetyBoxAlbumUITests.debug.xcconfig */;
			buildSettings = {
				CODE_SIGN_STYLE = Automatic;
				CURRENT_PROJECT_VERSION = 1;
				DEVELOPMENT_TEAM = WLHL7QP9YU;
				GENERATE_INFOPLIST_FILE = YES;
				MARKETING_VERSION = 1.0;
				PRODUCT_BUNDLE_IDENTIFIER = com.bvt.tom.SafetyBoxAlbumUITests;
				PRODUCT_NAME = "$(TARGET_NAME)";
				SWIFT_EMIT_LOC_STRINGS = NO;
				TARGETED_DEVICE_FAMILY = "1,2";
				TEST_TARGET_NAME = SafetyBoxAlbum;
			};
			name = Debug;
		};
		33F1B3102D33902A00FFEFDA /* Release */ = {
			isa = XCBuildConfiguration;
			baseConfigurationReference = 0F5272A926E7BEAC83666E3C /* Pods-SafetyBoxAlbum-SafetyBoxAlbumUITests.release.xcconfig */;
			buildSettings = {
				CODE_SIGN_STYLE = Automatic;
				CURRENT_PROJECT_VERSION = 1;
				DEVELOPMENT_TEAM = WLHL7QP9YU;
				GENERATE_INFOPLIST_FILE = YES;
				MARKETING_VERSION = 1.0;
				PRODUCT_BUNDLE_IDENTIFIER = com.bvt.tom.SafetyBoxAlbumUITests;
				PRODUCT_NAME = "$(TARGET_NAME)";
				SWIFT_EMIT_LOC_STRINGS = NO;
				TARGETED_DEVICE_FAMILY = "1,2";
				TEST_TARGET_NAME = SafetyBoxAlbum;
			};
			name = Release;
		};
/* End XCBuildConfiguration section */

/* Begin XCConfigurationList section */
		33F1B2D12D33902800FFEFDA /* Build configuration list for PBXProject "SafetyBoxAlbum" */ = {
			isa = XCConfigurationList;
			buildConfigurations = (
				33F1B3062D33902A00FFEFDA /* Debug */,
				33F1B3072D33902A00FFEFDA /* Release */,
			);
			defaultConfigurationIsVisible = 0;
			defaultConfigurationName = Release;
		};
		33F1B3082D33902A00FFEFDA /* Build configuration list for PBXNativeTarget "SafetyBoxAlbum" */ = {
			isa = XCConfigurationList;
			buildConfigurations = (
				33F1B3092D33902A00FFEFDA /* Debug */,
				33F1B30A2D33902A00FFEFDA /* Release */,
			);
			defaultConfigurationIsVisible = 0;
			defaultConfigurationName = Release;
		};
		33F1B30B2D33902A00FFEFDA /* Build configuration list for PBXNativeTarget "SafetyBoxAlbumTests" */ = {
			isa = XCConfigurationList;
			buildConfigurations = (
				33F1B30C2D33902A00FFEFDA /* Debug */,
				33F1B30D2D33902A00FFEFDA /* Release */,
			);
			defaultConfigurationIsVisible = 0;
			defaultConfigurationName = Release;
		};
		33F1B30E2D33902A00FFEFDA /* Build configuration list for PBXNativeTarget "SafetyBoxAlbumUITests" */ = {
			isa = XCConfigurationList;
			buildConfigurations = (
				33F1B30F2D33902A00FFEFDA /* Debug */,
				33F1B3102D33902A00FFEFDA /* Release */,
			);
			defaultConfigurationIsVisible = 0;
			defaultConfigurationName = Release;
		};
/* End XCConfigurationList section */

/* Begin XCVersionGroup section */
		33F1B2E52D33902800FFEFDA /* SafetyBoxAlbum.xcdatamodeld */ = {
			isa = XCVersionGroup;
			children = (
				33F1B2E62D33902800FFEFDA /* SafetyBoxAlbum.xcdatamodel */,
			);
			currentVersion = 33F1B2E62D33902800FFEFDA /* SafetyBoxAlbum.xcdatamodel */;
			path = SafetyBoxAlbum.xcdatamodeld;
			sourceTree = "<group>";
			versionGroupType = wrapper.xcdatamodel;
		};
/* End XCVersionGroup section */
	};
	rootObject = 33F1B2CE2D33902800FFEFDA /* Project object */;
}
