// !$*UTF8*$!
{
	archiveVersion = 1;
	classes = {
	};
	objectVersion = 60;
	objects = {

/* Begin PBXBuildFile section */
		0066F041E53C642A714B81EE /* Pods_SafetyBoxAlbumTests.framework in Frameworks */ = {isa = PBXBuildFile; fileRef = 11A99B7BDA417B36DB545E97 /* Pods_SafetyBoxAlbumTests.framework */; };
		332840252D37A959008732E7 /* TPictureAudioObject.m in Sources */ = {isa = PBXBuildFile; fileRef = 332840242D37A959008732E7 /* TPictureAudioObject.m */; };
		332840282D3906F7008732E7 /* TPictureDetailViewController.m in Sources */ = {isa = PBXBuildFile; fileRef = 332840272D3906F7008732E7 /* TPictureDetailViewController.m */; };
		332840392D39FC7A008732E7 /* Localizable.strings in Resources */ = {isa = PBXBuildFile; fileRef = 332840382D39FC7A008732E7 /* Localizable.strings */; };
		337C08342D57078A0036F5F6 /* TZImageUploadOperation.m in Sources */ = {isa = PBXBuildFile; fileRef = 337C08322D57078A0036F5F6 /* TZImageUploadOperation.m */; };
		337C083B2D58D47D0036F5F6 /* Utils.m in Sources */ = {isa = PBXBuildFile; fileRef = 337C083A2D58D47D0036F5F6 /* Utils.m */; };
		337C083E2D5C8E810036F5F6 /* TEmailSettingViewController.m in Sources */ = {isa = PBXBuildFile; fileRef = 337C083D2D5C8E810036F5F6 /* TEmailSettingViewController.m */; };
		337C08882D62D2820036F5F6 /* TMultiView.m in Sources */ = {isa = PBXBuildFile; fileRef = 337C08872D62D2820036F5F6 /* TMultiView.m */; };
		337C088B2D6439230036F5F6 /* TSelectAlbumViewController.m in Sources */ = {isa = PBXBuildFile; fileRef = 337C088A2D6439230036F5F6 /* TSelectAlbumViewController.m */; };
		338D6B962D363CA10092589C /* TImageCollectionViewCell.m in Sources */ = {isa = PBXBuildFile; fileRef = 338D6B952D363CA10092589C /* TImageCollectionViewCell.m */; };
		338D6B992D364C4B0092589C /* TDeleteView.m in Sources */ = {isa = PBXBuildFile; fileRef = 338D6B982D364C4B0092589C /* TDeleteView.m */; };
		33F1B2DB2D33902800FFEFDA /* AppDelegate.m in Sources */ = {isa = PBXBuildFile; fileRef = 33F1B2DA2D33902800FFEFDA /* AppDelegate.m */; };
		33F1B2E12D33902800FFEFDA /* ViewController.m in Sources */ = {isa = PBXBuildFile; fileRef = 33F1B2E02D33902800FFEFDA /* ViewController.m */; };
		33F1B2E42D33902800FFEFDA /* Base in Resources */ = {isa = PBXBuildFile; fileRef = 33F1B2E32D33902800FFEFDA /* Base */; };
		33F1B2E72D33902800FFEFDA /* SafetyBoxAlbum.xcdatamodeld in Sources */ = {isa = PBXBuildFile; fileRef = 33F1B2E52D33902800FFEFDA /* SafetyBoxAlbum.xcdatamodeld */; };
		33F1B2E92D33902A00FFEFDA /* Assets.xcassets in Resources */ = {isa = PBXBuildFile; fileRef = 33F1B2E82D33902A00FFEFDA /* Assets.xcassets */; };
		33F1B2EC2D33902A00FFEFDA /* Base in Resources */ = {isa = PBXBuildFile; fileRef = 33F1B2EB2D33902A00FFEFDA /* Base */; };
		33F1B2EF2D33902A00FFEFDA /* main.m in Sources */ = {isa = PBXBuildFile; fileRef = 33F1B2EE2D33902A00FFEFDA /* main.m */; };
		33F1B2F92D33902A00FFEFDA /* SafetyBoxAlbumTests.m in Sources */ = {isa = PBXBuildFile; fileRef = 33F1B2F82D33902A00FFEFDA /* SafetyBoxAlbumTests.m */; };
		33F1B3032D33902A00FFEFDA /* SafetyBoxAlbumUITests.m in Sources */ = {isa = PBXBuildFile; fileRef = 33F1B3022D33902A00FFEFDA /* SafetyBoxAlbumUITests.m */; };
		33F1B3052D33902A00FFEFDA /* SafetyBoxAlbumUITestsLaunchTests.m in Sources */ = {isa = PBXBuildFile; fileRef = 33F1B3042D33902A00FFEFDA /* SafetyBoxAlbumUITestsLaunchTests.m */; };
		33F1B3132D33941000FFEFDA /* FMDatabaseQueue+SaftyBo.m in Sources */ = {isa = PBXBuildFile; fileRef = 33F1B3122D33941000FFEFDA /* FMDatabaseQueue+SaftyBo.m */; };
		33F1B31B2D33993500FFEFDA /* TStorage.m in Sources */ = {isa = PBXBuildFile; fileRef = 33F1B31A2D33993500FFEFDA /* TStorage.m */; };
		33F1B31F2D3399B000FFEFDA /* TAlbumObject.m in Sources */ = {isa = PBXBuildFile; fileRef = 33F1B31E2D3399B000FFEFDA /* TAlbumObject.m */; };
		33F1B3252D339B8C00FFEFDA /* UIToolbar+EEToolbarCenterButton.m in Sources */ = {isa = PBXBuildFile; fileRef = 33F1B3222D339B8C00FFEFDA /* UIToolbar+EEToolbarCenterButton.m */; };
		33F1B3262D339B8C00FFEFDA /* EEToolbarCenterButtonOverlay.m in Sources */ = {isa = PBXBuildFile; fileRef = 33F1B3242D339B8C00FFEFDA /* EEToolbarCenterButtonOverlay.m */; };
		33F1B32A2D339C7C00FFEFDA /* AlbumSettingViewController.m in Sources */ = {isa = PBXBuildFile; fileRef = 33F1B3282D339C7C00FFEFDA /* AlbumSettingViewController.m */; };
		33F1B3342D339CC100FFEFDA /* TAlbumCollectionViewCell.m in Sources */ = {isa = PBXBuildFile; fileRef = 33F1B32C2D339CC100FFEFDA /* TAlbumCollectionViewCell.m */; };
		33F1B3352D339CC100FFEFDA /* TCreatePhotoView.m in Sources */ = {isa = PBXBuildFile; fileRef = 33F1B3312D339CC100FFEFDA /* TCreatePhotoView.m */; };
		33F1B3362D339CC100FFEFDA /* AlbumHeaderView.m in Sources */ = {isa = PBXBuildFile; fileRef = 33F1B3322D339CC100FFEFDA /* AlbumHeaderView.m */; };
		33F1B3372D339CC100FFEFDA /* TCreateAlbumPhotoView.m in Sources */ = {isa = PBXBuildFile; fileRef = 33F1B3332D339CC100FFEFDA /* TCreateAlbumPhotoView.m */; };
		33F1B33A2D339CED00FFEFDA /* SettingViewController.m in Sources */ = {isa = PBXBuildFile; fileRef = 33F1B3382D339CED00FFEFDA /* SettingViewController.m */; };
		33F1B33F2D339D0F00FFEFDA /* TSwitchTableViewCell.m in Sources */ = {isa = PBXBuildFile; fileRef = 33F1B33D2D339D0F00FFEFDA /* TSwitchTableViewCell.m */; };
		33F1B3402D339D0F00FFEFDA /* TSettingTableViewCell.m in Sources */ = {isa = PBXBuildFile; fileRef = 33F1B33E2D339D0F00FFEFDA /* TSettingTableViewCell.m */; };
		760EE5ABD385D5C43178C10E /* Pods_SafetyBoxAlbum_SafetyBoxAlbumUITests.framework in Frameworks */ = {isa = PBXBuildFile; fileRef = 6468FAB51D2D5623BDAD58A6 /* Pods_SafetyBoxAlbum_SafetyBoxAlbumUITests.framework */; };
		DFA85D748B475CC25ABD60F5 /* Pods_SafetyBoxAlbum.framework in Frameworks */ = {isa = PBXBuildFile; fileRef = 6D3B433C4DFAE6EE2EC80997 /* Pods_SafetyBoxAlbum.framework */; };
/* End PBXBuildFile section */

/* Begin PBXContainerItemProxy section */
		33F1B2F52D33902A00FFEFDA /* PBXContainerItemProxy */ = {
			isa = PBXContainerItemProxy;
			containerPortal = 33F1B2CE2D33902800FFEFDA /* Project object */;
			proxyType = 1;
			remoteGlobalIDString = 33F1B2D52D33902800FFEFDA;
			remoteInfo = SafetyBoxAlbum;
		};
		33F1B2FF2D33902A00FFEFDA /* PBXContainerItemProxy */ = {
			isa = PBXContainerItemProxy;
			containerPortal = 33F1B2CE2D33902800FFEFDA /* Project object */;
			proxyType = 1;
			remoteGlobalIDString = 33F1B2D52D33902800FFEFDA;
			remoteInfo = SafetyBoxAlbum;
		};
/* End PBXContainerItemProxy section */

/* Begin PBXFileReference section */
		11A99B7BDA417B36DB545E97 /* Pods_SafetyBoxAlbumTests.framework */ = {isa = PBXFileReference; explicitFileType = wrapper.framework; includeInIndex = 0; path = Pods_SafetyBoxAlbumTests.framework; sourceTree = BUILT_PRODUCTS_DIR; };
		332840232D37A959008732E7 /* TPictureAudioObject.h */ = {isa = PBXFileReference; lastKnownFileType = sourcecode.c.h; path = TPictureAudioObject.h; sourceTree = "<group>"; };
		332840242D37A959008732E7 /* TPictureAudioObject.m */ = {isa = PBXFileReference; lastKnownFileType = sourcecode.c.objc; path = TPictureAudioObject.m; sourceTree = "<group>"; };
		332840262D3906F7008732E7 /* TPictureDetailViewController.h */ = {isa = PBXFileReference; lastKnownFileType = sourcecode.c.h; path = TPictureDetailViewController.h; sourceTree = "<group>"; };
		332840272D3906F7008732E7 /* TPictureDetailViewController.m */ = {isa = PBXFileReference; lastKnownFileType = sourcecode.c.objc; path = TPictureDetailViewController.m; sourceTree = "<group>"; };
		332840372D39FC7A008732E7 /* en */ = {isa = PBXFileReference; lastKnownFileType = text.plist.strings; name = en; path = en.lproj/Localizable.strings; sourceTree = "<group>"; };
		3328403A2D39FCC6008732E7 /* zh-Hans */ = {isa = PBXFileReference; lastKnownFileType = text.plist.strings; name = "zh-Hans"; path = "zh-Hans.lproj/Main.strings"; sourceTree = "<group>"; };
		3328403B2D39FCC7008732E7 /* zh-Hans */ = {isa = PBXFileReference; lastKnownFileType = text.plist.strings; name = "zh-Hans"; path = "zh-Hans.lproj/LaunchScreen.strings"; sourceTree = "<group>"; };
		3328403C2D39FCC7008732E7 /* zh-Hans */ = {isa = PBXFileReference; lastKnownFileType = text.plist.strings; name = "zh-Hans"; path = "zh-Hans.lproj/Localizable.strings"; sourceTree = "<group>"; };
		337C08312D57078A0036F5F6 /* TZImageUploadOperation.h */ = {isa = PBXFileReference; fileEncoding = 4; lastKnownFileType = sourcecode.c.h; path = TZImageUploadOperation.h; sourceTree = "<group>"; };
		337C08322D57078A0036F5F6 /* TZImageUploadOperation.m */ = {isa = PBXFileReference; fileEncoding = 4; lastKnownFileType = sourcecode.c.objc; path = TZImageUploadOperation.m; sourceTree = "<group>"; };
		337C08392D58D47D0036F5F6 /* Utils.h */ = {isa = PBXFileReference; lastKnownFileType = sourcecode.c.h; path = Utils.h; sourceTree = "<group>"; };
		337C083A2D58D47D0036F5F6 /* Utils.m */ = {isa = PBXFileReference; lastKnownFileType = sourcecode.c.objc; path = Utils.m; sourceTree = "<group>"; };
		337C083C2D5C8E810036F5F6 /* TEmailSettingViewController.h */ = {isa = PBXFileReference; lastKnownFileType = sourcecode.c.h; path = TEmailSettingViewController.h; sourceTree = "<group>"; };
		337C083D2D5C8E810036F5F6 /* TEmailSettingViewController.m */ = {isa = PBXFileReference; lastKnownFileType = sourcecode.c.objc; path = TEmailSettingViewController.m; sourceTree = "<group>"; };
		337C08862D62D2820036F5F6 /* TMultiView.h */ = {isa = PBXFileReference; lastKnownFileType = sourcecode.c.h; path = TMultiView.h; sourceTree = "<group>"; };
		337C08872D62D2820036F5F6 /* TMultiView.m */ = {isa = PBXFileReference; lastKnownFileType = sourcecode.c.objc; path = TMultiView.m; sourceTree = "<group>"; };
		337C08892D6439230036F5F6 /* TSelectAlbumViewController.h */ = {isa = PBXFileReference; lastKnownFileType = sourcecode.c.h; path = TSelectAlbumViewController.h; sourceTree = "<group>"; };
		337C088A2D6439230036F5F6 /* TSelectAlbumViewController.m */ = {isa = PBXFileReference; lastKnownFileType = sourcecode.c.objc; path = TSelectAlbumViewController.m; sourceTree = "<group>"; };
		338D6B942D363CA10092589C /* TImageCollectionViewCell.h */ = {isa = PBXFileReference; lastKnownFileType = sourcecode.c.h; path = TImageCollectionViewCell.h; sourceTree = "<group>"; };
		338D6B952D363CA10092589C /* TImageCollectionViewCell.m */ = {isa = PBXFileReference; lastKnownFileType = sourcecode.c.objc; path = TImageCollectionViewCell.m; sourceTree = "<group>"; };
		338D6B972D364C4B0092589C /* TDeleteView.h */ = {isa = PBXFileReference; lastKnownFileType = sourcecode.c.h; path = TDeleteView.h; sourceTree = "<group>"; };
		338D6B982D364C4B0092589C /* TDeleteView.m */ = {isa = PBXFileReference; lastKnownFileType = sourcecode.c.objc; path = TDeleteView.m; sourceTree = "<group>"; };
		33F1B2D62D33902800FFEFDA /* SafetyBoxAlbum.app */ = {isa = PBXFileReference; explicitFileType = wrapper.application; includeInIndex = 0; path = SafetyBoxAlbum.app; sourceTree = BUILT_PRODUCTS_DIR; };
		33F1B2D92D33902800FFEFDA /* AppDelegate.h */ = {isa = PBXFileReference; lastKnownFileType = sourcecode.c.h; path = AppDelegate.h; sourceTree = "<group>"; };
		33F1B2DA2D33902800FFEFDA /* AppDelegate.m */ = {isa = PBXFileReference; lastKnownFileType = sourcecode.c.objc; path = AppDelegate.m; sourceTree = "<group>"; };
		33F1B2DF2D33902800FFEFDA /* ViewController.h */ = {isa = PBXFileReference; lastKnownFileType = sourcecode.c.h; path = ViewController.h; sourceTree = "<group>"; };
		33F1B2E02D33902800FFEFDA /* ViewController.m */ = {isa = PBXFileReference; lastKnownFileType = sourcecode.c.objc; path = ViewController.m; sourceTree = "<group>"; };
		33F1B2E32D33902800FFEFDA /* Base */ = {isa = PBXFileReference; lastKnownFileType = file.storyboard; name = Base; path = Base.lproj/Main.storyboard; sourceTree = "<group>"; };
		33F1B2E62D33902800FFEFDA /* SafetyBoxAlbum.xcdatamodel */ = {isa = PBXFileReference; lastKnownFileType = wrapper.xcdatamodel; path = SafetyBoxAlbum.xcdatamodel; sourceTree = "<group>"; };
		33F1B2E82D33902A00FFEFDA /* Assets.xcassets */ = {isa = PBXFileReference; lastKnownFileType = folder.assetcatalog; path = Assets.xcassets; sourceTree = "<group>"; };
		33F1B2EB2D33902A00FFEFDA /* Base */ = {isa = PBXFileReference; lastKnownFileType = file.storyboard; name = Base; path = Base.lproj/LaunchScreen.storyboard; sourceTree = "<group>"; };
		33F1B2ED2D33902A00FFEFDA /* Info.plist */ = {isa = PBXFileReference; lastKnownFileType = text.plist.xml; path = Info.plist; sourceTree = "<group>"; };
		33F1B2EE2D33902A00FFEFDA /* main.m */ = {isa = PBXFileReference; lastKnownFileType = sourcecode.c.objc; path = main.m; sourceTree = "<group>"; };
		33F1B2F42D33902A00FFEFDA /* SafetyBoxAlbumTests.xctest */ = {isa = PBXFileReference; explicitFileType = wrapper.cfbundle; includeInIndex = 0; path = SafetyBoxAlbumTests.xctest; sourceTree = BUILT_PRODUCTS_DIR; };
		33F1B2F82D33902A00FFEFDA /* SafetyBoxAlbumTests.m */ = {isa = PBXFileReference; lastKnownFileType = sourcecode.c.objc; path = SafetyBoxAlbumTests.m; sourceTree = "<group>"; };
		33F1B2FE2D33902A00FFEFDA /* SafetyBoxAlbumUITests.xctest */ = {isa = PBXFileReference; explicitFileType = wrapper.cfbundle; includeInIndex = 0; path = SafetyBoxAlbumUITests.xctest; sourceTree = BUILT_PRODUCTS_DIR; };
		33F1B3022D33902A00FFEFDA /* SafetyBoxAlbumUITests.m */ = {isa = PBXFileReference; lastKnownFileType = sourcecode.c.objc; path = SafetyBoxAlbumUITests.m; sourceTree = "<group>"; };
		33F1B3042D33902A00FFEFDA /* SafetyBoxAlbumUITestsLaunchTests.m */ = {isa = PBXFileReference; lastKnownFileType = sourcecode.c.objc; path = SafetyBoxAlbumUITestsLaunchTests.m; sourceTree = "<group>"; };
		33F1B3112D33941000FFEFDA /* FMDatabaseQueue+SaftyBo.h */ = {isa = PBXFileReference; lastKnownFileType = sourcecode.c.h; path = "FMDatabaseQueue+SaftyBo.h"; sourceTree = "<group>"; };
		33F1B3122D33941000FFEFDA /* FMDatabaseQueue+SaftyBo.m */ = {isa = PBXFileReference; lastKnownFileType = sourcecode.c.objc; path = "FMDatabaseQueue+SaftyBo.m"; sourceTree = "<group>"; };
		33F1B3152D3396CD00FFEFDA /* Sql.h */ = {isa = PBXFileReference; lastKnownFileType = sourcecode.c.h; path = Sql.h; sourceTree = "<group>"; };
		33F1B3182D33973300FFEFDA /* GlobalDefine.h */ = {isa = PBXFileReference; lastKnownFileType = sourcecode.c.h; path = GlobalDefine.h; sourceTree = "<group>"; };
		33F1B3192D33993500FFEFDA /* TStorage.h */ = {isa = PBXFileReference; lastKnownFileType = sourcecode.c.h; path = TStorage.h; sourceTree = "<group>"; };
		33F1B31A2D33993500FFEFDA /* TStorage.m */ = {isa = PBXFileReference; lastKnownFileType = sourcecode.c.objc; path = TStorage.m; sourceTree = "<group>"; };
		33F1B31D2D3399B000FFEFDA /* TAlbumObject.h */ = {isa = PBXFileReference; fileEncoding = 4; lastKnownFileType = sourcecode.c.h; path = TAlbumObject.h; sourceTree = "<group>"; };
		33F1B31E2D3399B000FFEFDA /* TAlbumObject.m */ = {isa = PBXFileReference; fileEncoding = 4; lastKnownFileType = sourcecode.c.objc; path = TAlbumObject.m; sourceTree = "<group>"; };
		33F1B3212D339B8C00FFEFDA /* EEToolbarCenterButtonOverlay.h */ = {isa = PBXFileReference; fileEncoding = 4; lastKnownFileType = sourcecode.c.h; path = EEToolbarCenterButtonOverlay.h; sourceTree = "<group>"; };
		33F1B3222D339B8C00FFEFDA /* UIToolbar+EEToolbarCenterButton.m */ = {isa = PBXFileReference; fileEncoding = 4; lastKnownFileType = sourcecode.c.objc; path = "UIToolbar+EEToolbarCenterButton.m"; sourceTree = "<group>"; };
		33F1B3232D339B8C00FFEFDA /* UIToolbar+EEToolbarCenterButton.h */ = {isa = PBXFileReference; fileEncoding = 4; lastKnownFileType = sourcecode.c.h; path = "UIToolbar+EEToolbarCenterButton.h"; sourceTree = "<group>"; };
		33F1B3242D339B8C00FFEFDA /* EEToolbarCenterButtonOverlay.m */ = {isa = PBXFileReference; fileEncoding = 4; lastKnownFileType = sourcecode.c.objc; path = EEToolbarCenterButtonOverlay.m; sourceTree = "<group>"; };
		33F1B3282D339C7C00FFEFDA /* AlbumSettingViewController.m */ = {isa = PBXFileReference; fileEncoding = 4; lastKnownFileType = sourcecode.c.objc; path = AlbumSettingViewController.m; sourceTree = "<group>"; };
		33F1B3292D339C7C00FFEFDA /* AlbumSettingViewController.h */ = {isa = PBXFileReference; fileEncoding = 4; lastKnownFileType = sourcecode.c.h; path = AlbumSettingViewController.h; sourceTree = "<group>"; };
		33F1B32C2D339CC100FFEFDA /* TAlbumCollectionViewCell.m */ = {isa = PBXFileReference; fileEncoding = 4; lastKnownFileType = sourcecode.c.objc; path = TAlbumCollectionViewCell.m; sourceTree = "<group>"; };
		33F1B32D2D339CC100FFEFDA /* TAlbumCollectionViewCell.h */ = {isa = PBXFileReference; fileEncoding = 4; lastKnownFileType = sourcecode.c.h; path = TAlbumCollectionViewCell.h; sourceTree = "<group>"; };
		33F1B32E2D339CC100FFEFDA /* AlbumHeaderView.h */ = {isa = PBXFileReference; fileEncoding = 4; lastKnownFileType = sourcecode.c.h; path = AlbumHeaderView.h; sourceTree = "<group>"; };
		33F1B32F2D339CC100FFEFDA /* TCreateAlbumPhotoView.h */ = {isa = PBXFileReference; fileEncoding = 4; lastKnownFileType = sourcecode.c.h; path = TCreateAlbumPhotoView.h; sourceTree = "<group>"; };
		33F1B3302D339CC100FFEFDA /* TCreatePhotoView.h */ = {isa = PBXFileReference; fileEncoding = 4; lastKnownFileType = sourcecode.c.h; path = TCreatePhotoView.h; sourceTree = "<group>"; };
		33F1B3312D339CC100FFEFDA /* TCreatePhotoView.m */ = {isa = PBXFileReference; fileEncoding = 4; lastKnownFileType = sourcecode.c.objc; path = TCreatePhotoView.m; sourceTree = "<group>"; };
		33F1B3322D339CC100FFEFDA /* AlbumHeaderView.m */ = {isa = PBXFileReference; fileEncoding = 4; lastKnownFileType = sourcecode.c.objc; path = AlbumHeaderView.m; sourceTree = "<group>"; };
		33F1B3332D339CC100FFEFDA /* TCreateAlbumPhotoView.m */ = {isa = PBXFileReference; fileEncoding = 4; lastKnownFileType = sourcecode.c.objc; path = TCreateAlbumPhotoView.m; sourceTree = "<group>"; };
		33F1B3382D339CED00FFEFDA /* SettingViewController.m */ = {isa = PBXFileReference; fileEncoding = 4; lastKnownFileType = sourcecode.c.objc; path = SettingViewController.m; sourceTree = "<group>"; };
		33F1B3392D339CED00FFEFDA /* SettingViewController.h */ = {isa = PBXFileReference; fileEncoding = 4; lastKnownFileType = sourcecode.c.h; path = SettingViewController.h; sourceTree = "<group>"; };
		33F1B33B2D339D0F00FFEFDA /* TSwitchTableViewCell.h */ = {isa = PBXFileReference; fileEncoding = 4; lastKnownFileType = sourcecode.c.h; path = TSwitchTableViewCell.h; sourceTree = "<group>"; };
		33F1B33C2D339D0F00FFEFDA /* TSettingTableViewCell.h */ = {isa = PBXFileReference; fileEncoding = 4; lastKnownFileType = sourcecode.c.h; path = TSettingTableViewCell.h; sourceTree = "<group>"; };
		33F1B33D2D339D0F00FFEFDA /* TSwitchTableViewCell.m */ = {isa = PBXFileReference; fileEncoding = 4; lastKnownFileType = sourcecode.c.objc; path = TSwitchTableViewCell.m; sourceTree = "<group>"; };
		33F1B33E2D339D0F00FFEFDA /* TSettingTableViewCell.m */ = {isa = PBXFileReference; fileEncoding = 4; lastKnownFileType = sourcecode.c.objc; path = TSettingTableViewCell.m; sourceTree = "<group>"; };
		3A59CF515029715738909C63 /* Pods-SafetyBoxAlbum-SafetyBoxAlbumUITests.debug.xcconfig */ = {isa = PBXFileReference; includeInIndex = 1; lastKnownFileType = text.xcconfig; name = "Pods-SafetyBoxAlbum-SafetyBoxAlbumUITests.debug.xcconfig"; path = "Target Support Files/Pods-SafetyBoxAlbum-SafetyBoxAlbumUITests/Pods-SafetyBoxAlbum-SafetyBoxAlbumUITests.debug.xcconfig"; sourceTree = "<group>"; };
		503E5D4DD9327D5DB4877B86 /* Pods-SafetyBoxAlbumTests.debug.xcconfig */ = {isa = PBXFileReference; includeInIndex = 1; lastKnownFileType = text.xcconfig; name = "Pods-SafetyBoxAlbumTests.debug.xcconfig"; path = "Target Support Files/Pods-SafetyBoxAlbumTests/Pods-SafetyBoxAlbumTests.debug.xcconfig"; sourceTree = "<group>"; };
		6468FAB51D2D5623BDAD58A6 /* Pods_SafetyBoxAlbum_SafetyBoxAlbumUITests.framework */ = {isa = PBXFileReference; explicitFileType = wrapper.framework; includeInIndex = 0; path = Pods_SafetyBoxAlbum_SafetyBoxAlbumUITests.framework; sourceTree = BUILT_PRODUCTS_DIR; };
		68133A67C9F20F42A8B062D0 /* Pods-SafetyBoxAlbum.debug.xcconfig */ = {isa = PBXFileReference; includeInIndex = 1; lastKnownFileType = text.xcconfig; name = "Pods-SafetyBoxAlbum.debug.xcconfig"; path = "Target Support Files/Pods-SafetyBoxAlbum/Pods-SafetyBoxAlbum.debug.xcconfig"; sourceTree = "<group>"; };
		6D3B433C4DFAE6EE2EC80997 /* Pods_SafetyBoxAlbum.framework */ = {isa = PBXFileReference; explicitFileType = wrapper.framework; includeInIndex = 0; path = Pods_SafetyBoxAlbum.framework; sourceTree = BUILT_PRODUCTS_DIR; };
		851D5C219A3B46DBDC40ADB4 /* Pods-SafetyBoxAlbum.release.xcconfig */ = {isa = PBXFileReference; includeInIndex = 1; lastKnownFileType = text.xcconfig; name = "Pods-SafetyBoxAlbum.release.xcconfig"; path = "Target Support Files/Pods-SafetyBoxAlbum/Pods-SafetyBoxAlbum.release.xcconfig"; sourceTree = "<group>"; };
		BA83A953CFA5C187A9C2E3C9 /* Pods-SafetyBoxAlbum-SafetyBoxAlbumUITests.release.xcconfig */ = {isa = PBXFileReference; includeInIndex = 1; lastKnownFileType = text.xcconfig; name = "Pods-SafetyBoxAlbum-SafetyBoxAlbumUITests.release.xcconfig"; path = "Target Support Files/Pods-SafetyBoxAlbum-SafetyBoxAlbumUITests/Pods-SafetyBoxAlbum-SafetyBoxAlbumUITests.release.xcconfig"; sourceTree = "<group>"; };
		F72EFB94E15959890585C4E3 /* Pods-SafetyBoxAlbumTests.release.xcconfig */ = {isa = PBXFileReference; includeInIndex = 1; lastKnownFileType = text.xcconfig; name = "Pods-SafetyBoxAlbumTests.release.xcconfig"; path = "Target Support Files/Pods-SafetyBoxAlbumTests/Pods-SafetyBoxAlbumTests.release.xcconfig"; sourceTree = "<group>"; };
/* End PBXFileReference section */

/* Begin PBXFrameworksBuildPhase section */
		33F1B2D32D33902800FFEFDA /* Frameworks */ = {
			isa = PBXFrameworksBuildPhase;
			buildActionMask = 2147483647;
			files = (
				DFA85D748B475CC25ABD60F5 /* Pods_SafetyBoxAlbum.framework in Frameworks */,
			);
			runOnlyForDeploymentPostprocessing = 0;
		};
		33F1B2F12D33902A00FFEFDA /* Frameworks */ = {
			isa = PBXFrameworksBuildPhase;
			buildActionMask = 2147483647;
			files = (
				0066F041E53C642A714B81EE /* Pods_SafetyBoxAlbumTests.framework in Frameworks */,
			);
			runOnlyForDeploymentPostprocessing = 0;
		};
		33F1B2FB2D33902A00FFEFDA /* Frameworks */ = {
			isa = PBXFrameworksBuildPhase;
			buildActionMask = 2147483647;
			files = (
				760EE5ABD385D5C43178C10E /* Pods_SafetyBoxAlbum_SafetyBoxAlbumUITests.framework in Frameworks */,
			);
			runOnlyForDeploymentPostprocessing = 0;
		};
/* End PBXFrameworksBuildPhase section */

/* Begin PBXGroup section */
		337C08332D57078A0036F5F6 /* TZImagePicker */ = {
			isa = PBXGroup;
			children = (
				337C08312D57078A0036F5F6 /* TZImageUploadOperation.h */,
				337C08322D57078A0036F5F6 /* TZImageUploadOperation.m */,
			);
			name = TZImagePicker;
			path = SafetyBoxAlbum/TZImagePicker;
			sourceTree = "<group>";
		};
		33F1B2CD2D33902800FFEFDA = {
			isa = PBXGroup;
			children = (
				337C08332D57078A0036F5F6 /* TZImagePicker */,
				33F1B2D82D33902800FFEFDA /* SafetyBoxAlbum */,
				33F1B2F72D33902A00FFEFDA /* SafetyBoxAlbumTests */,
				33F1B3012D33902A00FFEFDA /* SafetyBoxAlbumUITests */,
				33F1B2D72D33902800FFEFDA /* Products */,
				DF6845485DAEABA8448B484C /* Pods */,
				877E2A74F5AA550F41C1549E /* Frameworks */,
			);
			sourceTree = "<group>";
		};
		33F1B2D72D33902800FFEFDA /* Products */ = {
			isa = PBXGroup;
			children = (
				33F1B2D62D33902800FFEFDA /* SafetyBoxAlbum.app */,
				33F1B2F42D33902A00FFEFDA /* SafetyBoxAlbumTests.xctest */,
				33F1B2FE2D33902A00FFEFDA /* SafetyBoxAlbumUITests.xctest */,
			);
			name = Products;
			sourceTree = "<group>";
		};
		33F1B2D82D33902800FFEFDA /* SafetyBoxAlbum */ = {
			isa = PBXGroup;
			children = (
				33F1B32B2D339CA000FFEFDA /* Views */,
				33F1B3272D339C5800FFEFDA /* Controller */,
				33F1B3202D339B7000FFEFDA /* Customer */,
				33F1B31C2D33997900FFEFDA /* Model */,
				33F1B3142D33968C00FFEFDA /* Configuration */,
				33F1B2D92D33902800FFEFDA /* AppDelegate.h */,
				33F1B2DA2D33902800FFEFDA /* AppDelegate.m */,
				33F1B2DF2D33902800FFEFDA /* ViewController.h */,
				33F1B2E02D33902800FFEFDA /* ViewController.m */,
				33F1B2E22D33902800FFEFDA /* Main.storyboard */,
				33F1B2E82D33902A00FFEFDA /* Assets.xcassets */,
				33F1B2EA2D33902A00FFEFDA /* LaunchScreen.storyboard */,
				33F1B2ED2D33902A00FFEFDA /* Info.plist */,
				332840382D39FC7A008732E7 /* Localizable.strings */,
				33F1B2EE2D33902A00FFEFDA /* main.m */,
				33F1B2E52D33902800FFEFDA /* SafetyBoxAlbum.xcdatamodeld */,
			);
			path = SafetyBoxAlbum;
			sourceTree = "<group>";
		};
		33F1B2F72D33902A00FFEFDA /* SafetyBoxAlbumTests */ = {
			isa = PBXGroup;
			children = (
				33F1B2F82D33902A00FFEFDA /* SafetyBoxAlbumTests.m */,
			);
			path = SafetyBoxAlbumTests;
			sourceTree = "<group>";
		};
		33F1B3012D33902A00FFEFDA /* SafetyBoxAlbumUITests */ = {
			isa = PBXGroup;
			children = (
				33F1B3022D33902A00FFEFDA /* SafetyBoxAlbumUITests.m */,
				33F1B3042D33902A00FFEFDA /* SafetyBoxAlbumUITestsLaunchTests.m */,
			);
			path = SafetyBoxAlbumUITests;
			sourceTree = "<group>";
		};
		33F1B3142D33968C00FFEFDA /* Configuration */ = {
			isa = PBXGroup;
			children = (
				33F1B3112D33941000FFEFDA /* FMDatabaseQueue+SaftyBo.h */,
				33F1B3122D33941000FFEFDA /* FMDatabaseQueue+SaftyBo.m */,
				33F1B3152D3396CD00FFEFDA /* Sql.h */,
				33F1B3182D33973300FFEFDA /* GlobalDefine.h */,
				33F1B3192D33993500FFEFDA /* TStorage.h */,
				33F1B31A2D33993500FFEFDA /* TStorage.m */,
				337C08392D58D47D0036F5F6 /* Utils.h */,
				337C083A2D58D47D0036F5F6 /* Utils.m */,
			);
			path = Configuration;
			sourceTree = "<group>";
		};
		33F1B31C2D33997900FFEFDA /* Model */ = {
			isa = PBXGroup;
			children = (
				33F1B31D2D3399B000FFEFDA /* TAlbumObject.h */,
				33F1B31E2D3399B000FFEFDA /* TAlbumObject.m */,
				332840232D37A959008732E7 /* TPictureAudioObject.h */,
				332840242D37A959008732E7 /* TPictureAudioObject.m */,
			);
			path = Model;
			sourceTree = "<group>";
		};
		33F1B3202D339B7000FFEFDA /* Customer */ = {
			isa = PBXGroup;
			children = (
				33F1B3212D339B8C00FFEFDA /* EEToolbarCenterButtonOverlay.h */,
				33F1B3242D339B8C00FFEFDA /* EEToolbarCenterButtonOverlay.m */,
				33F1B3232D339B8C00FFEFDA /* UIToolbar+EEToolbarCenterButton.h */,
				33F1B3222D339B8C00FFEFDA /* UIToolbar+EEToolbarCenterButton.m */,
			);
			path = Customer;
			sourceTree = "<group>";
		};
		33F1B3272D339C5800FFEFDA /* Controller */ = {
			isa = PBXGroup;
			children = (
				33F1B3392D339CED00FFEFDA /* SettingViewController.h */,
				33F1B3382D339CED00FFEFDA /* SettingViewController.m */,
				33F1B3292D339C7C00FFEFDA /* AlbumSettingViewController.h */,
				33F1B3282D339C7C00FFEFDA /* AlbumSettingViewController.m */,
				332840262D3906F7008732E7 /* TPictureDetailViewController.h */,
				332840272D3906F7008732E7 /* TPictureDetailViewController.m */,
				337C083C2D5C8E810036F5F6 /* TEmailSettingViewController.h */,
				337C083D2D5C8E810036F5F6 /* TEmailSettingViewController.m */,
				337C08892D6439230036F5F6 /* TSelectAlbumViewController.h */,
				337C088A2D6439230036F5F6 /* TSelectAlbumViewController.m */,
			);
			path = Controller;
			sourceTree = "<group>";
		};
		33F1B32B2D339CA000FFEFDA /* Views */ = {
			isa = PBXGroup;
			children = (
				33F1B33C2D339D0F00FFEFDA /* TSettingTableViewCell.h */,
				33F1B33E2D339D0F00FFEFDA /* TSettingTableViewCell.m */,
				33F1B33B2D339D0F00FFEFDA /* TSwitchTableViewCell.h */,
				33F1B33D2D339D0F00FFEFDA /* TSwitchTableViewCell.m */,
				338D6B942D363CA10092589C /* TImageCollectionViewCell.h */,
				338D6B952D363CA10092589C /* TImageCollectionViewCell.m */,
				33F1B32E2D339CC100FFEFDA /* AlbumHeaderView.h */,
				33F1B3322D339CC100FFEFDA /* AlbumHeaderView.m */,
				33F1B32D2D339CC100FFEFDA /* TAlbumCollectionViewCell.h */,
				33F1B32C2D339CC100FFEFDA /* TAlbumCollectionViewCell.m */,
				33F1B32F2D339CC100FFEFDA /* TCreateAlbumPhotoView.h */,
				33F1B3332D339CC100FFEFDA /* TCreateAlbumPhotoView.m */,
				33F1B3302D339CC100FFEFDA /* TCreatePhotoView.h */,
				33F1B3312D339CC100FFEFDA /* TCreatePhotoView.m */,
				338D6B972D364C4B0092589C /* TDeleteView.h */,
				338D6B982D364C4B0092589C /* TDeleteView.m */,
				337C08862D62D2820036F5F6 /* TMultiView.h */,
				337C08872D62D2820036F5F6 /* TMultiView.m */,
			);
			path = Views;
			sourceTree = "<group>";
		};
		877E2A74F5AA550F41C1549E /* Frameworks */ = {
			isa = PBXGroup;
			children = (
				6D3B433C4DFAE6EE2EC80997 /* Pods_SafetyBoxAlbum.framework */,
				6468FAB51D2D5623BDAD58A6 /* Pods_SafetyBoxAlbum_SafetyBoxAlbumUITests.framework */,
				11A99B7BDA417B36DB545E97 /* Pods_SafetyBoxAlbumTests.framework */,
			);
			name = Frameworks;
			sourceTree = "<group>";
		};
		DF6845485DAEABA8448B484C /* Pods */ = {
			isa = PBXGroup;
			children = (
				68133A67C9F20F42A8B062D0 /* Pods-SafetyBoxAlbum.debug.xcconfig */,
				851D5C219A3B46DBDC40ADB4 /* Pods-SafetyBoxAlbum.release.xcconfig */,
				3A59CF515029715738909C63 /* Pods-SafetyBoxAlbum-SafetyBoxAlbumUITests.debug.xcconfig */,
				BA83A953CFA5C187A9C2E3C9 /* Pods-SafetyBoxAlbum-SafetyBoxAlbumUITests.release.xcconfig */,
				503E5D4DD9327D5DB4877B86 /* Pods-SafetyBoxAlbumTests.debug.xcconfig */,
				F72EFB94E15959890585C4E3 /* Pods-SafetyBoxAlbumTests.release.xcconfig */,
			);
			path = Pods;
			sourceTree = "<group>";
		};
/* End PBXGroup section */

/* Begin PBXNativeTarget section */
		33F1B2D52D33902800FFEFDA /* SafetyBoxAlbum */ = {
			isa = PBXNativeTarget;
			buildConfigurationList = 33F1B3082D33902A00FFEFDA /* Build configuration list for PBXNativeTarget "SafetyBoxAlbum" */;
			buildPhases = (
				FE2063DD5EC2F155EED065B3 /* [CP] Check Pods Manifest.lock */,
				33F1B2D22D33902800FFEFDA /* Sources */,
				33F1B2D32D33902800FFEFDA /* Frameworks */,
				33F1B2D42D33902800FFEFDA /* Resources */,
				D5EA67C6C102CE13BD482DD6 /* [CP] Embed Pods Frameworks */,
			);
			buildRules = (
			);
			dependencies = (
			);
			name = SafetyBoxAlbum;
			productName = SafetyBoxAlbum;
			productReference = 33F1B2D62D33902800FFEFDA /* SafetyBoxAlbum.app */;
			productType = "com.apple.product-type.application";
		};
		33F1B2F32D33902A00FFEFDA /* SafetyBoxAlbumTests */ = {
			isa = PBXNativeTarget;
			buildConfigurationList = 33F1B30B2D33902A00FFEFDA /* Build configuration list for PBXNativeTarget "SafetyBoxAlbumTests" */;
			buildPhases = (
				EE253BB5435C04484E4541AA /* [CP] Check Pods Manifest.lock */,
				33F1B2F02D33902A00FFEFDA /* Sources */,
				33F1B2F12D33902A00FFEFDA /* Frameworks */,
				33F1B2F22D33902A00FFEFDA /* Resources */,
			);
			buildRules = (
			);
			dependencies = (
				33F1B2F62D33902A00FFEFDA /* PBXTargetDependency */,
			);
			name = SafetyBoxAlbumTests;
			productName = SafetyBoxAlbumTests;
			productReference = 33F1B2F42D33902A00FFEFDA /* SafetyBoxAlbumTests.xctest */;
			productType = "com.apple.product-type.bundle.unit-test";
		};
		33F1B2FD2D33902A00FFEFDA /* SafetyBoxAlbumUITests */ = {
			isa = PBXNativeTarget;
			buildConfigurationList = 33F1B30E2D33902A00FFEFDA /* Build configuration list for PBXNativeTarget "SafetyBoxAlbumUITests" */;
			buildPhases = (
				3AAAD86CEAC7DE3BB4583CDF /* [CP] Check Pods Manifest.lock */,
				33F1B2FA2D33902A00FFEFDA /* Sources */,
				33F1B2FB2D33902A00FFEFDA /* Frameworks */,
				33F1B2FC2D33902A00FFEFDA /* Resources */,
				B301F9917425F31173F4B0BD /* [CP] Embed Pods Frameworks */,
			);
			buildRules = (
			);
			dependencies = (
				33F1B3002D33902A00FFEFDA /* PBXTargetDependency */,
			);
			name = SafetyBoxAlbumUITests;
			productName = SafetyBoxAlbumUITests;
			productReference = 33F1B2FE2D33902A00FFEFDA /* SafetyBoxAlbumUITests.xctest */;
			productType = "com.apple.product-type.bundle.ui-testing";
		};
/* End PBXNativeTarget section */

/* Begin PBXProject section */
		33F1B2CE2D33902800FFEFDA /* Project object */ = {
			isa = PBXProject;
			attributes = {
				BuildIndependentTargetsInParallel = 1;
				LastUpgradeCheck = 1540;
				TargetAttributes = {
					33F1B2D52D33902800FFEFDA = {
						CreatedOnToolsVersion = 15.4;
					};
					33F1B2F32D33902A00FFEFDA = {
						CreatedOnToolsVersion = 15.4;
						TestTargetID = 33F1B2D52D33902800FFEFDA;
					};
					33F1B2FD2D33902A00FFEFDA = {
						CreatedOnToolsVersion = 15.4;
						TestTargetID = 33F1B2D52D33902800FFEFDA;
					};
				};
			};
			buildConfigurationList = 33F1B2D12D33902800FFEFDA /* Build configuration list for PBXProject "SafetyBoxAlbum" */;
			compatibilityVersion = "Xcode 15.0";
			developmentRegion = en;
			hasScannedForEncodings = 0;
			knownRegions = (
				en,
				Base,
				"zh-Hans",
			);
			mainGroup = 33F1B2CD2D33902800FFEFDA;
			productRefGroup = 33F1B2D72D33902800FFEFDA /* Products */;
			projectDirPath = "";
			projectRoot = "";
			targets = (
				33F1B2D52D33902800FFEFDA /* SafetyBoxAlbum */,
				33F1B2F32D33902A00FFEFDA /* SafetyBoxAlbumTests */,
				33F1B2FD2D33902A00FFEFDA /* SafetyBoxAlbumUITests */,
			);
		};
/* End PBXProject section */

/* Begin PBXResourcesBuildPhase section */
		33F1B2D42D33902800FFEFDA /* Resources */ = {
			isa = PBXResourcesBuildPhase;
			buildActionMask = 2147483647;
			files = (
				33F1B2E92D33902A00FFEFDA /* Assets.xcassets in Resources */,
				332840392D39FC7A008732E7 /* Localizable.strings in Resources */,
				33F1B2EC2D33902A00FFEFDA /* Base in Resources */,
				33F1B2E42D33902800FFEFDA /* Base in Resources */,
			);
			runOnlyForDeploymentPostprocessing = 0;
		};
		33F1B2F22D33902A00FFEFDA /* Resources */ = {
			isa = PBXResourcesBuildPhase;
			buildActionMask = 2147483647;
			files = (
			);
			runOnlyForDeploymentPostprocessing = 0;
		};
		33F1B2FC2D33902A00FFEFDA /* Resources */ = {
			isa = PBXResourcesBuildPhase;
			buildActionMask = 2147483647;
			files = (
			);
			runOnlyForDeploymentPostprocessing = 0;
		};
/* End PBXResourcesBuildPhase section */

/* Begin PBXShellScriptBuildPhase section */
		3AAAD86CEAC7DE3BB4583CDF /* [CP] Check Pods Manifest.lock */ = {
			isa = PBXShellScriptBuildPhase;
			buildActionMask = 2147483647;
			files = (
			);
			inputFileListPaths = (
			);
			inputPaths = (
				"${PODS_PODFILE_DIR_PATH}/Podfile.lock",
				"${PODS_ROOT}/Manifest.lock",
			);
			name = "[CP] Check Pods Manifest.lock";
			outputFileListPaths = (
			);
			outputPaths = (
				"$(DERIVED_FILE_DIR)/Pods-SafetyBoxAlbum-SafetyBoxAlbumUITests-checkManifestLockResult.txt",
			);
			runOnlyForDeploymentPostprocessing = 0;
			shellPath = /bin/sh;
			shellScript = "diff \"${PODS_PODFILE_DIR_PATH}/Podfile.lock\" \"${PODS_ROOT}/Manifest.lock\" > /dev/null\nif [ $? != 0 ] ; then\n    # print error to STDERR\n    echo \"error: The sandbox is not in sync with the Podfile.lock. Run 'pod install' or update your CocoaPods installation.\" >&2\n    exit 1\nfi\n# This output is used by Xcode 'outputs' to avoid re-running this script phase.\necho \"SUCCESS\" > \"${SCRIPT_OUTPUT_FILE_0}\"\n";
			showEnvVarsInLog = 0;
		};
		B301F9917425F31173F4B0BD /* [CP] Embed Pods Frameworks */ = {
			isa = PBXShellScriptBuildPhase;
			buildActionMask = 2147483647;
			files = (
			);
			inputFileListPaths = (
				"${PODS_ROOT}/Target Support Files/Pods-SafetyBoxAlbum-SafetyBoxAlbumUITests/Pods-SafetyBoxAlbum-SafetyBoxAlbumUITests-frameworks-${CONFIGURATION}-input-files.xcfilelist",
			);
			name = "[CP] Embed Pods Frameworks";
			outputFileListPaths = (
				"${PODS_ROOT}/Target Support Files/Pods-SafetyBoxAlbum-SafetyBoxAlbumUITests/Pods-SafetyBoxAlbum-SafetyBoxAlbumUITests-frameworks-${CONFIGURATION}-output-files.xcfilelist",
			);
			runOnlyForDeploymentPostprocessing = 0;
			shellPath = /bin/sh;
			shellScript = "\"${PODS_ROOT}/Target Support Files/Pods-SafetyBoxAlbum-SafetyBoxAlbumUITests/Pods-SafetyBoxAlbum-SafetyBoxAlbumUITests-frameworks.sh\"\n";
			showEnvVarsInLog = 0;
		};
		D5EA67C6C102CE13BD482DD6 /* [CP] Embed Pods Frameworks */ = {
			isa = PBXShellScriptBuildPhase;
			buildActionMask = 2147483647;
			files = (
			);
			inputFileListPaths = (
				"${PODS_ROOT}/Target Support Files/Pods-SafetyBoxAlbum/Pods-SafetyBoxAlbum-frameworks-${CONFIGURATION}-input-files.xcfilelist",
			);
			name = "[CP] Embed Pods Frameworks";
			outputFileListPaths = (
				"${PODS_ROOT}/Target Support Files/Pods-SafetyBoxAlbum/Pods-SafetyBoxAlbum-frameworks-${CONFIGURATION}-output-files.xcfilelist",
			);
			runOnlyForDeploymentPostprocessing = 0;
			shellPath = /bin/sh;
			shellScript = "\"${PODS_ROOT}/Target Support Files/Pods-SafetyBoxAlbum/Pods-SafetyBoxAlbum-frameworks.sh\"\n";
			showEnvVarsInLog = 0;
		};
		EE253BB5435C04484E4541AA /* [CP] Check Pods Manifest.lock */ = {
			isa = PBXShellScriptBuildPhase;
			buildActionMask = 2147483647;
			files = (
			);
			inputFileListPaths = (
			);
			inputPaths = (
				"${PODS_PODFILE_DIR_PATH}/Podfile.lock",
				"${PODS_ROOT}/Manifest.lock",
			);
			name = "[CP] Check Pods Manifest.lock";
			outputFileListPaths = (
			);
			outputPaths = (
				"$(DERIVED_FILE_DIR)/Pods-SafetyBoxAlbumTests-checkManifestLockResult.txt",
			);
			runOnlyForDeploymentPostprocessing = 0;
			shellPath = /bin/sh;
			shellScript = "diff \"${PODS_PODFILE_DIR_PATH}/Podfile.lock\" \"${PODS_ROOT}/Manifest.lock\" > /dev/null\nif [ $? != 0 ] ; then\n    # print error to STDERR\n    echo \"error: The sandbox is not in sync with the Podfile.lock. Run 'pod install' or update your CocoaPods installation.\" >&2\n    exit 1\nfi\n# This output is used by Xcode 'outputs' to avoid re-running this script phase.\necho \"SUCCESS\" > \"${SCRIPT_OUTPUT_FILE_0}\"\n";
			showEnvVarsInLog = 0;
		};
		FE2063DD5EC2F155EED065B3 /* [CP] Check Pods Manifest.lock */ = {
			isa = PBXShellScriptBuildPhase;
			buildActionMask = 2147483647;
			files = (
			);
			inputFileListPaths = (
			);
			inputPaths = (
				"${PODS_PODFILE_DIR_PATH}/Podfile.lock",
				"${PODS_ROOT}/Manifest.lock",
			);
			name = "[CP] Check Pods Manifest.lock";
			outputFileListPaths = (
			);
			outputPaths = (
				"$(DERIVED_FILE_DIR)/Pods-SafetyBoxAlbum-checkManifestLockResult.txt",
			);
			runOnlyForDeploymentPostprocessing = 0;
			shellPath = /bin/sh;
			shellScript = "diff \"${PODS_PODFILE_DIR_PATH}/Podfile.lock\" \"${PODS_ROOT}/Manifest.lock\" > /dev/null\nif [ $? != 0 ] ; then\n    # print error to STDERR\n    echo \"error: The sandbox is not in sync with the Podfile.lock. Run 'pod install' or update your CocoaPods installation.\" >&2\n    exit 1\nfi\n# This output is used by Xcode 'outputs' to avoid re-running this script phase.\necho \"SUCCESS\" > \"${SCRIPT_OUTPUT_FILE_0}\"\n";
			showEnvVarsInLog = 0;
		};
/* End PBXShellScriptBuildPhase section */

/* Begin PBXSourcesBuildPhase section */
		33F1B2D22D33902800FFEFDA /* Sources */ = {
			isa = PBXSourcesBuildPhase;
			buildActionMask = 2147483647;
			files = (
				33F1B31B2D33993500FFEFDA /* TStorage.m in Sources */,
				337C083E2D5C8E810036F5F6 /* TEmailSettingViewController.m in Sources */,
				33F1B2EF2D33902A00FFEFDA /* main.m in Sources */,
				33F1B2E12D33902800FFEFDA /* ViewController.m in Sources */,
				332840252D37A959008732E7 /* TPictureAudioObject.m in Sources */,
				33F1B3342D339CC100FFEFDA /* TAlbumCollectionViewCell.m in Sources */,
				33F1B31F2D3399B000FFEFDA /* TAlbumObject.m in Sources */,
				337C088B2D6439230036F5F6 /* TSelectAlbumViewController.m in Sources */,
				33F1B3362D339CC100FFEFDA /* AlbumHeaderView.m in Sources */,
				33F1B3262D339B8C00FFEFDA /* EEToolbarCenterButtonOverlay.m in Sources */,
				33F1B3352D339CC100FFEFDA /* TCreatePhotoView.m in Sources */,
				33F1B3132D33941000FFEFDA /* FMDatabaseQueue+SaftyBo.m in Sources */,
				33F1B2E72D33902800FFEFDA /* SafetyBoxAlbum.xcdatamodeld in Sources */,
				33F1B33F2D339D0F00FFEFDA /* TSwitchTableViewCell.m in Sources */,
				33F1B3372D339CC100FFEFDA /* TCreateAlbumPhotoView.m in Sources */,
				33F1B32A2D339C7C00FFEFDA /* AlbumSettingViewController.m in Sources */,
				33F1B3402D339D0F00FFEFDA /* TSettingTableViewCell.m in Sources */,
				33F1B3252D339B8C00FFEFDA /* UIToolbar+EEToolbarCenterButton.m in Sources */,
				33F1B2DB2D33902800FFEFDA /* AppDelegate.m in Sources */,
				337C08882D62D2820036F5F6 /* TMultiView.m in Sources */,
				338D6B992D364C4B0092589C /* TDeleteView.m in Sources */,
				337C08342D57078A0036F5F6 /* TZImageUploadOperation.m in Sources */,
				33F1B33A2D339CED00FFEFDA /* SettingViewController.m in Sources */,
				332840282D3906F7008732E7 /* TPictureDetailViewController.m in Sources */,
				337C083B2D58D47D0036F5F6 /* Utils.m in Sources */,
				338D6B962D363CA10092589C /* TImageCollectionViewCell.m in Sources */,
			);
			runOnlyForDeploymentPostprocessing = 0;
		};
		33F1B2F02D33902A00FFEFDA /* Sources */ = {
			isa = PBXSourcesBuildPhase;
			buildActionMask = 2147483647;
			files = (
				33F1B2F92D33902A00FFEFDA /* SafetyBoxAlbumTests.m in Sources */,
			);
			runOnlyForDeploymentPostprocessing = 0;
		};
		33F1B2FA2D33902A00FFEFDA /* Sources */ = {
			isa = PBXSourcesBuildPhase;
			buildActionMask = 2147483647;
			files = (
				33F1B3052D33902A00FFEFDA /* SafetyBoxAlbumUITestsLaunchTests.m in Sources */,
				33F1B3032D33902A00FFEFDA /* SafetyBoxAlbumUITests.m in Sources */,
			);
			runOnlyForDeploymentPostprocessing = 0;
		};
/* End PBXSourcesBuildPhase section */

/* Begin PBXTargetDependency section */
		33F1B2F62D33902A00FFEFDA /* PBXTargetDependency */ = {
			isa = PBXTargetDependency;
			target = 33F1B2D52D33902800FFEFDA /* SafetyBoxAlbum */;
			targetProxy = 33F1B2F52D33902A00FFEFDA /* PBXContainerItemProxy */;
		};
		33F1B3002D33902A00FFEFDA /* PBXTargetDependency */ = {
			isa = PBXTargetDependency;
			target = 33F1B2D52D33902800FFEFDA /* SafetyBoxAlbum */;
			targetProxy = 33F1B2FF2D33902A00FFEFDA /* PBXContainerItemProxy */;
		};
/* End PBXTargetDependency section */

/* Begin PBXVariantGroup section */
		332840382D39FC7A008732E7 /* Localizable.strings */ = {
			isa = PBXVariantGroup;
			children = (
				332840372D39FC7A008732E7 /* en */,
				3328403C2D39FCC7008732E7 /* zh-Hans */,
			);
			name = Localizable.strings;
			sourceTree = "<group>";
		};
		33F1B2E22D33902800FFEFDA /* Main.storyboard */ = {
			isa = PBXVariantGroup;
			children = (
				33F1B2E32D33902800FFEFDA /* Base */,
				3328403A2D39FCC6008732E7 /* zh-Hans */,
			);
			name = Main.storyboard;
			sourceTree = "<group>";
		};
		33F1B2EA2D33902A00FFEFDA /* LaunchScreen.storyboard */ = {
			isa = PBXVariantGroup;
			children = (
				33F1B2EB2D33902A00FFEFDA /* Base */,
				3328403B2D39FCC7008732E7 /* zh-Hans */,
			);
			name = LaunchScreen.storyboard;
			sourceTree = "<group>";
		};
/* End PBXVariantGroup section */

/* Begin XCBuildConfiguration section */
		33F1B3062D33902A00FFEFDA /* Debug */ = {
			isa = XCBuildConfiguration;
			buildSettings = {
				ALWAYS_SEARCH_USER_PATHS = NO;
				ASSETCATALOG_COMPILER_GENERATE_SWIFT_ASSET_SYMBOL_EXTENSIONS = YES;
				CLANG_ANALYZER_LOCALIZABILITY_NONLOCALIZED = YES;
				CLANG_ANALYZER_NONNULL = YES;
				CLANG_ANALYZER_NUMBER_OBJECT_CONVERSION = YES_AGGRESSIVE;
				CLANG_CXX_LANGUAGE_STANDARD = "gnu++20";
				CLANG_ENABLE_MODULES = YES;
				CLANG_ENABLE_OBJC_ARC = YES;
				CLANG_ENABLE_OBJC_WEAK = YES;
				CLANG_WARN_BLOCK_CAPTURE_AUTORELEASING = YES;
				CLANG_WARN_BOOL_CONVERSION = YES;
				CLANG_WARN_COMMA = YES;
				CLANG_WARN_CONSTANT_CONVERSION = YES;
				CLANG_WARN_DEPRECATED_OBJC_IMPLEMENTATIONS = YES;
				CLANG_WARN_DIRECT_OBJC_ISA_USAGE = YES_ERROR;
				CLANG_WARN_DOCUMENTATION_COMMENTS = YES;
				CLANG_WARN_EMPTY_BODY = YES;
				CLANG_WARN_ENUM_CONVERSION = YES;
				CLANG_WARN_INFINITE_RECURSION = YES;
				CLANG_WARN_INT_CONVERSION = YES;
				CLANG_WARN_NON_LITERAL_NULL_CONVERSION = YES;
				CLANG_WARN_OBJC_IMPLICIT_RETAIN_SELF = YES;
				CLANG_WARN_OBJC_LITERAL_CONVERSION = YES;
				CLANG_WARN_OBJC_ROOT_CLASS = YES_ERROR;
				CLANG_WARN_QUOTED_INCLUDE_IN_FRAMEWORK_HEADER = YES;
				CLANG_WARN_RANGE_LOOP_ANALYSIS = YES;
				CLANG_WARN_STRICT_PROTOTYPES = YES;
				CLANG_WARN_SUSPICIOUS_MOVE = YES;
				CLANG_WARN_UNGUARDED_AVAILABILITY = YES_AGGRESSIVE;
				CLANG_WARN_UNREACHABLE_CODE = YES;
				CLANG_WARN__DUPLICATE_METHOD_MATCH = YES;
				COPY_PHASE_STRIP = NO;
				DEBUG_INFORMATION_FORMAT = dwarf;
				ENABLE_STRICT_OBJC_MSGSEND = YES;
				ENABLE_TESTABILITY = YES;
				ENABLE_USER_SCRIPT_SANDBOXING = NO;
				GCC_C_LANGUAGE_STANDARD = gnu17;
				GCC_DYNAMIC_NO_PIC = NO;
				GCC_NO_COMMON_BLOCKS = YES;
				GCC_OPTIMIZATION_LEVEL = 0;
				GCC_PREPROCESSOR_DEFINITIONS = (
					"DEBUG=1",
					"$(inherited)",
				);
				GCC_WARN_64_TO_32_BIT_CONVERSION = YES;
				GCC_WARN_ABOUT_RETURN_TYPE = YES_ERROR;
				GCC_WARN_UNDECLARED_SELECTOR = YES;
				GCC_WARN_UNINITIALIZED_AUTOS = YES_AGGRESSIVE;
				GCC_WARN_UNUSED_FUNCTION = YES;
				GCC_WARN_UNUSED_VARIABLE = YES;
				IPHONEOS_DEPLOYMENT_TARGET = 17.5;
				LOCALIZATION_PREFERS_STRING_CATALOGS = YES;
				MTL_ENABLE_DEBUG_INFO = INCLUDE_SOURCE;
				MTL_FAST_MATH = YES;
				ONLY_ACTIVE_ARCH = YES;
				SDKROOT = iphoneos;
			};
			name = Debug;
		};
		33F1B3072D33902A00FFEFDA /* Release */ = {
			isa = XCBuildConfiguration;
			buildSettings = {
				ALWAYS_SEARCH_USER_PATHS = NO;
				ASSETCATALOG_COMPILER_GENERATE_SWIFT_ASSET_SYMBOL_EXTENSIONS = YES;
				CLANG_ANALYZER_LOCALIZABILITY_NONLOCALIZED = YES;
				CLANG_ANALYZER_NONNULL = YES;
				CLANG_ANALYZER_NUMBER_OBJECT_CONVERSION = YES_AGGRESSIVE;
				CLANG_CXX_LANGUAGE_STANDARD = "gnu++20";
				CLANG_ENABLE_MODULES = YES;
				CLANG_ENABLE_OBJC_ARC = YES;
				CLANG_ENABLE_OBJC_WEAK = YES;
				CLANG_WARN_BLOCK_CAPTURE_AUTORELEASING = YES;
				CLANG_WARN_BOOL_CONVERSION = YES;
				CLANG_WARN_COMMA = YES;
				CLANG_WARN_CONSTANT_CONVERSION = YES;
				CLANG_WARN_DEPRECATED_OBJC_IMPLEMENTATIONS = YES;
				CLANG_WARN_DIRECT_OBJC_ISA_USAGE = YES_ERROR;
				CLANG_WARN_DOCUMENTATION_COMMENTS = YES;
				CLANG_WARN_EMPTY_BODY = YES;
				CLANG_WARN_ENUM_CONVERSION = YES;
				CLANG_WARN_INFINITE_RECURSION = YES;
				CLANG_WARN_INT_CONVERSION = YES;
				CLANG_WARN_NON_LITERAL_NULL_CONVERSION = YES;
				CLANG_WARN_OBJC_IMPLICIT_RETAIN_SELF = YES;
				CLANG_WARN_OBJC_LITERAL_CONVERSION = YES;
				CLANG_WARN_OBJC_ROOT_CLASS = YES_ERROR;
				CLANG_WARN_QUOTED_INCLUDE_IN_FRAMEWORK_HEADER = YES;
				CLANG_WARN_RANGE_LOOP_ANALYSIS = YES;
				CLANG_WARN_STRICT_PROTOTYPES = YES;
				CLANG_WARN_SUSPICIOUS_MOVE = YES;
				CLANG_WARN_UNGUARDED_AVAILABILITY = YES_AGGRESSIVE;
				CLANG_WARN_UNREACHABLE_CODE = YES;
				CLANG_WARN__DUPLICATE_METHOD_MATCH = YES;
				COPY_PHASE_STRIP = NO;
				DEBUG_INFORMATION_FORMAT = "dwarf-with-dsym";
				ENABLE_NS_ASSERTIONS = NO;
				ENABLE_STRICT_OBJC_MSGSEND = YES;
				ENABLE_USER_SCRIPT_SANDBOXING = NO;
				GCC_C_LANGUAGE_STANDARD = gnu17;
				GCC_NO_COMMON_BLOCKS = YES;
				GCC_WARN_64_TO_32_BIT_CONVERSION = YES;
				GCC_WARN_ABOUT_RETURN_TYPE = YES_ERROR;
				GCC_WARN_UNDECLARED_SELECTOR = YES;
				GCC_WARN_UNINITIALIZED_AUTOS = YES_AGGRESSIVE;
				GCC_WARN_UNUSED_FUNCTION = YES;
				GCC_WARN_UNUSED_VARIABLE = YES;
				IPHONEOS_DEPLOYMENT_TARGET = 17.5;
				LOCALIZATION_PREFERS_STRING_CATALOGS = YES;
				MTL_ENABLE_DEBUG_INFO = NO;
				MTL_FAST_MATH = YES;
				SDKROOT = iphoneos;
				VALIDATE_PRODUCT = YES;
			};
			name = Release;
		};
		33F1B3092D33902A00FFEFDA /* Debug */ = {
			isa = XCBuildConfiguration;
			baseConfigurationReference = 68133A67C9F20F42A8B062D0 /* Pods-SafetyBoxAlbum.debug.xcconfig */;
			buildSettings = {
				ASSETCATALOG_COMPILER_APPICON_NAME = AppIcon;
				ASSETCATALOG_COMPILER_GLOBAL_ACCENT_COLOR_NAME = AccentColor;
				CODE_SIGN_STYLE = Automatic;
				CURRENT_PROJECT_VERSION = 1;
				DEVELOPMENT_TEAM = 99KXN3T389;
				GCC_PREPROCESSOR_DEFINITIONS = "$(inherited)";
				GENERATE_INFOPLIST_FILE = YES;
				INFOPLIST_FILE = SafetyBoxAlbum/Info.plist;
				INFOPLIST_KEY_NSCameraUsageDescription = "Use your camera";
				INFOPLIST_KEY_NSMicrophoneUsageDescription = "Use your microphone";
				INFOPLIST_KEY_NSPhotoLibraryAddUsageDescription = "Use access your photo library";
				INFOPLIST_KEY_NSPhotoLibraryUsageDescription = "use you camera";
				INFOPLIST_KEY_UIApplicationSupportsIndirectInputEvents = YES;
				INFOPLIST_KEY_UILaunchStoryboardName = LaunchScreen;
				INFOPLIST_KEY_UIMainStoryboardFile = Main;
				INFOPLIST_KEY_UISupportedInterfaceOrientations = "UIInterfaceOrientationPortrait UIInterfaceOrientationPortraitUpsideDown";
				INFOPLIST_KEY_UISupportedInterfaceOrientations_iPad = "UIInterfaceOrientationPortrait UIInterfaceOrientationPortraitUpsideDown UIInterfaceOrientationLandscapeLeft UIInterfaceOrientationLandscapeRight";
				INFOPLIST_KEY_UISupportedInterfaceOrientations_iPhone = "UIInterfaceOrientationPortrait UIInterfaceOrientationLandscapeLeft UIInterfaceOrientationLandscapeRight";
				IPHONEOS_DEPLOYMENT_TARGET = 13.0;
				LD_RUNPATH_SEARCH_PATHS = (
					"$(inherited)",
					"@executable_path/Frameworks",
				);
				MARKETING_VERSION = 1.0;
				PRODUCT_BUNDLE_IDENTIFIER = com.bvt.SafetyBoxAlbum;
				PRODUCT_NAME = "$(TARGET_NAME)";
				SWIFT_EMIT_LOC_STRINGS = YES;
				TARGETED_DEVICE_FAMILY = "1,2";
				USER_HEADER_SEARCH_PATHS = "$(SRCROOT)/SafetyBoxAlbum";
			};
			name = Debug;
		};
		33F1B30A2D33902A00FFEFDA /* Release */ = {
			isa = XCBuildConfiguration;
			baseConfigurationReference = 851D5C219A3B46DBDC40ADB4 /* Pods-SafetyBoxAlbum.release.xcconfig */;
			buildSettings = {
				ASSETCATALOG_COMPILER_APPICON_NAME = AppIcon;
				ASSETCATALOG_COMPILER_GLOBAL_ACCENT_COLOR_NAME = AccentColor;
				CODE_SIGN_STYLE = Automatic;
				CURRENT_PROJECT_VERSION = 1;
				DEVELOPMENT_TEAM = 99KXN3T389;
				GCC_PREPROCESSOR_DEFINITIONS = "$(inherited)";
				GENERATE_INFOPLIST_FILE = YES;
				INFOPLIST_FILE = SafetyBoxAlbum/Info.plist;
				INFOPLIST_KEY_NSCameraUsageDescription = "Use your camera";
				INFOPLIST_KEY_NSMicrophoneUsageDescription = "Use your microphone";
				INFOPLIST_KEY_NSPhotoLibraryAddUsageDescription = "Use access your photo library";
				INFOPLIST_KEY_NSPhotoLibraryUsageDescription = "use you camera";
				INFOPLIST_KEY_UIApplicationSupportsIndirectInputEvents = YES;
				INFOPLIST_KEY_UILaunchStoryboardName = LaunchScreen;
				INFOPLIST_KEY_UIMainStoryboardFile = Main;
				INFOPLIST_KEY_UISupportedInterfaceOrientations = "UIInterfaceOrientationPortrait UIInterfaceOrientationPortraitUpsideDown";
				INFOPLIST_KEY_UISupportedInterfaceOrientations_iPad = "UIInterfaceOrientationPortrait UIInterfaceOrientationPortraitUpsideDown UIInterfaceOrientationLandscapeLeft UIInterfaceOrientationLandscapeRight";
				INFOPLIST_KEY_UISupportedInterfaceOrientations_iPhone = "UIInterfaceOrientationPortrait UIInterfaceOrientationLandscapeLeft UIInterfaceOrientationLandscapeRight";
				IPHONEOS_DEPLOYMENT_TARGET = 13.0;
				LD_RUNPATH_SEARCH_PATHS = (
					"$(inherited)",
					"@executable_path/Frameworks",
				);
				MARKETING_VERSION = 1.0;
				PRODUCT_BUNDLE_IDENTIFIER = com.bvt.SafetyBoxAlbum;
				PRODUCT_NAME = "$(TARGET_NAME)";
				SWIFT_EMIT_LOC_STRINGS = YES;
				TARGETED_DEVICE_FAMILY = "1,2";
				USER_HEADER_SEARCH_PATHS = "$(SRCROOT)/SafetyBoxAlbum";
			};
			name = Release;
		};
		33F1B30C2D33902A00FFEFDA /* Debug */ = {
			isa = XCBuildConfiguration;
			baseConfigurationReference = 503E5D4DD9327D5DB4877B86 /* Pods-SafetyBoxAlbumTests.debug.xcconfig */;
			buildSettings = {
				BUNDLE_LOADER = "$(TEST_HOST)";
				CODE_SIGN_STYLE = Automatic;
				CURRENT_PROJECT_VERSION = 1;
				DEVELOPMENT_TEAM = WLHL7QP9YU;
				GENERATE_INFOPLIST_FILE = YES;
				IPHONEOS_DEPLOYMENT_TARGET = 17.5;
				MARKETING_VERSION = 1.0;
				PRODUCT_BUNDLE_IDENTIFIER = com.bvt.tom.SafetyBoxAlbumTests;
				PRODUCT_NAME = "$(TARGET_NAME)";
				SWIFT_EMIT_LOC_STRINGS = NO;
				TARGETED_DEVICE_FAMILY = "1,2";
				TEST_HOST = "$(BUILT_PRODUCTS_DIR)/SafetyBoxAlbum.app/$(BUNDLE_EXECUTABLE_FOLDER_PATH)/SafetyBoxAlbum";
			};
			name = Debug;
		};
		33F1B30D2D33902A00FFEFDA /* Release */ = {
			isa = XCBuildConfiguration;
			baseConfigurationReference = F72EFB94E15959890585C4E3 /* Pods-SafetyBoxAlbumTests.release.xcconfig */;
			buildSettings = {
				BUNDLE_LOADER = "$(TEST_HOST)";
				CODE_SIGN_STYLE = Automatic;
				CURRENT_PROJECT_VERSION = 1;
				DEVELOPMENT_TEAM = WLHL7QP9YU;
				GENERATE_INFOPLIST_FILE = YES;
				IPHONEOS_DEPLOYMENT_TARGET = 17.5;
				MARKETING_VERSION = 1.0;
				PRODUCT_BUNDLE_IDENTIFIER = com.bvt.tom.SafetyBoxAlbumTests;
				PRODUCT_NAME = "$(TARGET_NAME)";
				SWIFT_EMIT_LOC_STRINGS = NO;
				TARGETED_DEVICE_FAMILY = "1,2";
				TEST_HOST = "$(BUILT_PRODUCTS_DIR)/SafetyBoxAlbum.app/$(BUNDLE_EXECUTABLE_FOLDER_PATH)/SafetyBoxAlbum";
			};
			name = Release;
		};
		33F1B30F2D33902A00FFEFDA /* Debug */ = {
			isa = XCBuildConfiguration;
			baseConfigurationReference = 3A59CF515029715738909C63 /* Pods-SafetyBoxAlbum-SafetyBoxAlbumUITests.debug.xcconfig */;
			buildSettings = {
				CODE_SIGN_STYLE = Automatic;
				CURRENT_PROJECT_VERSION = 1;
				DEVELOPMENT_TEAM = WLHL7QP9YU;
				GENERATE_INFOPLIST_FILE = YES;
				MARKETING_VERSION = 1.0;
				PRODUCT_BUNDLE_IDENTIFIER = com.bvt.tom.SafetyBoxAlbumUITests;
				PRODUCT_NAME = "$(TARGET_NAME)";
				SWIFT_EMIT_LOC_STRINGS = NO;
				TARGETED_DEVICE_FAMILY = "1,2";
				TEST_TARGET_NAME = SafetyBoxAlbum;
			};
			name = Debug;
		};
		33F1B3102D33902A00FFEFDA /* Release */ = {
			isa = XCBuildConfiguration;
			baseConfigurationReference = BA83A953CFA5C187A9C2E3C9 /* Pods-SafetyBoxAlbum-SafetyBoxAlbumUITests.release.xcconfig */;
			buildSettings = {
				CODE_SIGN_STYLE = Automatic;
				CURRENT_PROJECT_VERSION = 1;
				DEVELOPMENT_TEAM = WLHL7QP9YU;
				GENERATE_INFOPLIST_FILE = YES;
				MARKETING_VERSION = 1.0;
				PRODUCT_BUNDLE_IDENTIFIER = com.bvt.tom.SafetyBoxAlbumUITests;
				PRODUCT_NAME = "$(TARGET_NAME)";
				SWIFT_EMIT_LOC_STRINGS = NO;
				TARGETED_DEVICE_FAMILY = "1,2";
				TEST_TARGET_NAME = SafetyBoxAlbum;
			};
			name = Release;
		};
/* End XCBuildConfiguration section */

/* Begin XCConfigurationList section */
		33F1B2D12D33902800FFEFDA /* Build configuration list for PBXProject "SafetyBoxAlbum" */ = {
			isa = XCConfigurationList;
			buildConfigurations = (
				33F1B3062D33902A00FFEFDA /* Debug */,
				33F1B3072D33902A00FFEFDA /* Release */,
			);
			defaultConfigurationIsVisible = 0;
			defaultConfigurationName = Release;
		};
		33F1B3082D33902A00FFEFDA /* Build configuration list for PBXNativeTarget "SafetyBoxAlbum" */ = {
			isa = XCConfigurationList;
			buildConfigurations = (
				33F1B3092D33902A00FFEFDA /* Debug */,
				33F1B30A2D33902A00FFEFDA /* Release */,
			);
			defaultConfigurationIsVisible = 0;
			defaultConfigurationName = Release;
		};
		33F1B30B2D33902A00FFEFDA /* Build configuration list for PBXNativeTarget "SafetyBoxAlbumTests" */ = {
			isa = XCConfigurationList;
			buildConfigurations = (
				33F1B30C2D33902A00FFEFDA /* Debug */,
				33F1B30D2D33902A00FFEFDA /* Release */,
			);
			defaultConfigurationIsVisible = 0;
			defaultConfigurationName = Release;
		};
		33F1B30E2D33902A00FFEFDA /* Build configuration list for PBXNativeTarget "SafetyBoxAlbumUITests" */ = {
			isa = XCConfigurationList;
			buildConfigurations = (
				33F1B30F2D33902A00FFEFDA /* Debug */,
				33F1B3102D33902A00FFEFDA /* Release */,
			);
			defaultConfigurationIsVisible = 0;
			defaultConfigurationName = Release;
		};
/* End XCConfigurationList section */

/* Begin XCVersionGroup section */
		33F1B2E52D33902800FFEFDA /* SafetyBoxAlbum.xcdatamodeld */ = {
			isa = XCVersionGroup;
			children = (
				33F1B2E62D33902800FFEFDA /* SafetyBoxAlbum.xcdatamodel */,
			);
			currentVersion = 33F1B2E62D33902800FFEFDA /* SafetyBoxAlbum.xcdatamodel */;
			path = SafetyBoxAlbum.xcdatamodeld;
			sourceTree = "<group>";
			versionGroupType = wrapper.xcdatamodel;
		};
/* End XCVersionGroup section */
	};
	rootObject = 33F1B2CE2D33902800FFEFDA /* Project object */;
}
